
Microsoft Visual Studio Solution File, Format Version 12.00
# Visual Studio 15
VisualStudioVersion = 15.0.26228.9
MinimumVisualStudioVersion = 10.0.40219.1
Project("{FAE04EC0-301F-11D3-BF4B-00C04F79EFBC}") = "XPlat.Device.Geolocation.Common", "XPlat.Common\XPlat.Device.Geolocation.Common.csproj", "{1C7B8F43-DE7E-4EFA-B622-E3EED28C43A1}"
EndProject
Project("{FAE04EC0-301F-11D3-BF4B-00C04F79EFBC}") = "XPlat.Core", "XPlat.Core\XPlat.Core.csproj", "{4586695B-7E5C-4977-9BCD-CD7144E21A97}"
EndProject
Project("{FAE04EC0-301F-11D3-BF4B-00C04F79EFBC}") = "XPlat.Device.Geolocation.Droid", "XPlat.Device.Geolocation.Droid\XPlat.Device.Geolocation.Droid.csproj", "{D1998FC4-4D94-4256-A7FA-45D679521FF6}"
EndProject
Project("{FAE04EC0-301F-11D3-BF4B-00C04F79EFBC}") = "XPlat.Device.Geolocation.iOS", "XPlat.Device.Geolocation.iOS\XPlat.Device.Geolocation.iOS.csproj", "{69CE740C-4485-4AC0-BF75-E863E445700E}"
EndProject
Project("{FAE04EC0-301F-11D3-BF4B-00C04F79EFBC}") = "XPlat.Device.Geolocation.UWP", "XPlat.Device.Geolocation.UWP\XPlat.Device.Geolocation.UWP.csproj", "{E26F8A5A-CCED-4DA9-9E80-05A3075E4D9B}"
EndProject
Project("{FAE04EC0-301F-11D3-BF4B-00C04F79EFBC}") = "XPlat.Device.Display.Common", "XPlat.Device.Display.Common\XPlat.Device.Display.Common.csproj", "{CBEC1318-09A6-4B4F-B8D2-B252403FC1CA}"
EndProject
Project("{FAE04EC0-301F-11D3-BF4B-00C04F79EFBC}") = "XPlat.Device.Display.UWP", "XPlat.Device.Display\XPlat.Device.Display.UWP.csproj", "{9C08722E-F132-4FCC-A14A-9AED3AB79D92}"
EndProject
Project("{FAE04EC0-301F-11D3-BF4B-00C04F79EFBC}") = "XPlat.Device.Display.iOS", "XPlat.Device.Display.iOS\XPlat.Device.Display.iOS.csproj", "{EFA62C23-7FAF-4A1A-9F37-E2E73A18A0F6}"
EndProject
Project("{FAE04EC0-301F-11D3-BF4B-00C04F79EFBC}") = "XPlat.Device.Display.Droid", "XPlat.Device.Display.Droid\XPlat.Device.Display.Droid.csproj", "{87A57ABB-AFB1-4A7F-B3BA-6E08A5EF73D5}"
EndProject
Project("{FAE04EC0-301F-11D3-BF4B-00C04F79EFBC}") = "XPlat.Device.Power.Common", "XPlat.Device.Power.Common\XPlat.Device.Power.Common.csproj", "{653E542D-79FE-4E10-87FD-48B6897198ED}"
EndProject
Project("{2150E333-8FDC-42A3-9474-1A3956D46DE8}") = "API", "API", "{FB2F6D0F-AB0C-4C93-AE5C-EECD665CF393}"
EndProject
Project("{2150E333-8FDC-42A3-9474-1A3956D46DE8}") = "Device", "Device", "{6A016112-26DC-4D4B-AAF0-C37A80E93ADD}"
EndProject
Project("{2150E333-8FDC-42A3-9474-1A3956D46DE8}") = "Geolocation", "Geolocation", "{D9E06C5D-7B87-405D-B94D-E7292BCF7D92}"
EndProject
Project("{2150E333-8FDC-42A3-9474-1A3956D46DE8}") = "Display", "Display", "{3B041924-9FCF-4772-86C9-7B644F41CA95}"
EndProject
Project("{2150E333-8FDC-42A3-9474-1A3956D46DE8}") = "Power", "Power", "{4478B386-14CA-4E39-8B48-AE067EE0858C}"
EndProject
Project("{FAE04EC0-301F-11D3-BF4B-00C04F79EFBC}") = "XPlat.Device.Power.Droid", "XPlat.Device.Power.Droid\XPlat.Device.Power.Droid.csproj", "{EA8186B2-FD27-4E54-B615-BF11DFDA3298}"
EndProject
Project("{FAE04EC0-301F-11D3-BF4B-00C04F79EFBC}") = "XPlat.Device.Power.iOS", "XPlat.Device.Power.iOS\XPlat.Device.Power.iOS.csproj", "{723D86A9-A323-478A-862D-9673CB7A4612}"
EndProject
Project("{2150E333-8FDC-42A3-9474-1A3956D46DE8}") = "UI", "UI", "{B4A71B48-FB5B-4D8B-AC94-6E1CED3B8F61}"
EndProject
Project("{FAE04EC0-301F-11D3-BF4B-00C04F79EFBC}") = "XPlat.UI.Core.UWP", "XPlat.UI.Core.UWP\XPlat.UI.Core.UWP.csproj", "{ED5DAB4E-6839-47BE-9D78-3F4FFEF23623}"
EndProject
Project("{2150E333-8FDC-42A3-9474-1A3956D46DE8}") = "Core", "Core", "{31B9D319-CE63-4FB4-BC5E-F1A45CDF0CDA}"
EndProject
Project("{FAE04EC0-301F-11D3-BF4B-00C04F79EFBC}") = "XPlat.UI.Core.Droid", "XPlat.UI.Core.Droid\XPlat.UI.Core.Droid.csproj", "{A81D3FD2-31B7-466A-A79E-6BB2C20EC325}"
EndProject
Project("{FAE04EC0-301F-11D3-BF4B-00C04F79EFBC}") = "XPlat.UI.Core.iOS", "XPlat.UI.Core.iOS\XPlat.UI.Core.iOS.csproj", "{A06C4DDF-C716-4723-B384-5B508B386307}"
EndProject
Project("{FAE04EC0-301F-11D3-BF4B-00C04F79EFBC}") = "XPlat.UI.Core.Common", "XPlat.UI.Core.Common\XPlat.UI.Core.Common.csproj", "{44725AE3-47DD-43A5-980E-B98EB8128125}"
EndProject
Global
	GlobalSection(SolutionConfigurationPlatforms) = preSolution
		Debug|Any CPU = Debug|Any CPU
		Debug|ARM = Debug|ARM
		Debug|x64 = Debug|x64
		Debug|x86 = Debug|x86
		Release|Any CPU = Release|Any CPU
		Release|ARM = Release|ARM
		Release|x64 = Release|x64
		Release|x86 = Release|x86
	EndGlobalSection
	GlobalSection(ProjectConfigurationPlatforms) = postSolution
		{1C7B8F43-DE7E-4EFA-B622-E3EED28C43A1}.Debug|Any CPU.ActiveCfg = Debug|Any CPU
		{1C7B8F43-DE7E-4EFA-B622-E3EED28C43A1}.Debug|Any CPU.Build.0 = Debug|Any CPU
		{1C7B8F43-DE7E-4EFA-B622-E3EED28C43A1}.Debug|ARM.ActiveCfg = Debug|Any CPU
		{1C7B8F43-DE7E-4EFA-B622-E3EED28C43A1}.Debug|ARM.Build.0 = Debug|Any CPU
		{1C7B8F43-DE7E-4EFA-B622-E3EED28C43A1}.Debug|x64.ActiveCfg = Debug|Any CPU
		{1C7B8F43-DE7E-4EFA-B622-E3EED28C43A1}.Debug|x64.Build.0 = Debug|Any CPU
		{1C7B8F43-DE7E-4EFA-B622-E3EED28C43A1}.Debug|x86.ActiveCfg = Debug|Any CPU
		{1C7B8F43-DE7E-4EFA-B622-E3EED28C43A1}.Debug|x86.Build.0 = Debug|Any CPU
		{1C7B8F43-DE7E-4EFA-B622-E3EED28C43A1}.Release|Any CPU.ActiveCfg = Release|Any CPU
		{1C7B8F43-DE7E-4EFA-B622-E3EED28C43A1}.Release|Any CPU.Build.0 = Release|Any CPU
		{1C7B8F43-DE7E-4EFA-B622-E3EED28C43A1}.Release|ARM.ActiveCfg = Release|Any CPU
		{1C7B8F43-DE7E-4EFA-B622-E3EED28C43A1}.Release|ARM.Build.0 = Release|Any CPU
		{1C7B8F43-DE7E-4EFA-B622-E3EED28C43A1}.Release|x64.ActiveCfg = Release|Any CPU
		{1C7B8F43-DE7E-4EFA-B622-E3EED28C43A1}.Release|x64.Build.0 = Release|Any CPU
		{1C7B8F43-DE7E-4EFA-B622-E3EED28C43A1}.Release|x86.ActiveCfg = Release|Any CPU
		{1C7B8F43-DE7E-4EFA-B622-E3EED28C43A1}.Release|x86.Build.0 = Release|Any CPU
		{4586695B-7E5C-4977-9BCD-CD7144E21A97}.Debug|Any CPU.ActiveCfg = Debug|Any CPU
		{4586695B-7E5C-4977-9BCD-CD7144E21A97}.Debug|Any CPU.Build.0 = Debug|Any CPU
		{4586695B-7E5C-4977-9BCD-CD7144E21A97}.Debug|ARM.ActiveCfg = Debug|Any CPU
		{4586695B-7E5C-4977-9BCD-CD7144E21A97}.Debug|ARM.Build.0 = Debug|Any CPU
		{4586695B-7E5C-4977-9BCD-CD7144E21A97}.Debug|x64.ActiveCfg = Debug|Any CPU
		{4586695B-7E5C-4977-9BCD-CD7144E21A97}.Debug|x64.Build.0 = Debug|Any CPU
		{4586695B-7E5C-4977-9BCD-CD7144E21A97}.Debug|x86.ActiveCfg = Debug|Any CPU
		{4586695B-7E5C-4977-9BCD-CD7144E21A97}.Debug|x86.Build.0 = Debug|Any CPU
		{4586695B-7E5C-4977-9BCD-CD7144E21A97}.Release|Any CPU.ActiveCfg = Release|Any CPU
		{4586695B-7E5C-4977-9BCD-CD7144E21A97}.Release|Any CPU.Build.0 = Release|Any CPU
		{4586695B-7E5C-4977-9BCD-CD7144E21A97}.Release|ARM.ActiveCfg = Release|Any CPU
		{4586695B-7E5C-4977-9BCD-CD7144E21A97}.Release|ARM.Build.0 = Release|Any CPU
		{4586695B-7E5C-4977-9BCD-CD7144E21A97}.Release|x64.ActiveCfg = Release|Any CPU
		{4586695B-7E5C-4977-9BCD-CD7144E21A97}.Release|x64.Build.0 = Release|Any CPU
		{4586695B-7E5C-4977-9BCD-CD7144E21A97}.Release|x86.ActiveCfg = Release|Any CPU
		{4586695B-7E5C-4977-9BCD-CD7144E21A97}.Release|x86.Build.0 = Release|Any CPU
		{D1998FC4-4D94-4256-A7FA-45D679521FF6}.Debug|Any CPU.ActiveCfg = Debug|Any CPU
		{D1998FC4-4D94-4256-A7FA-45D679521FF6}.Debug|Any CPU.Build.0 = Debug|Any CPU
		{D1998FC4-4D94-4256-A7FA-45D679521FF6}.Debug|ARM.ActiveCfg = Debug|Any CPU
		{D1998FC4-4D94-4256-A7FA-45D679521FF6}.Debug|ARM.Build.0 = Debug|Any CPU
		{D1998FC4-4D94-4256-A7FA-45D679521FF6}.Debug|x64.ActiveCfg = Debug|Any CPU
		{D1998FC4-4D94-4256-A7FA-45D679521FF6}.Debug|x64.Build.0 = Debug|Any CPU
		{D1998FC4-4D94-4256-A7FA-45D679521FF6}.Debug|x86.ActiveCfg = Debug|Any CPU
		{D1998FC4-4D94-4256-A7FA-45D679521FF6}.Debug|x86.Build.0 = Debug|Any CPU
		{D1998FC4-4D94-4256-A7FA-45D679521FF6}.Release|Any CPU.ActiveCfg = Release|Any CPU
		{D1998FC4-4D94-4256-A7FA-45D679521FF6}.Release|Any CPU.Build.0 = Release|Any CPU
		{D1998FC4-4D94-4256-A7FA-45D679521FF6}.Release|ARM.ActiveCfg = Release|Any CPU
		{D1998FC4-4D94-4256-A7FA-45D679521FF6}.Release|ARM.Build.0 = Release|Any CPU
		{D1998FC4-4D94-4256-A7FA-45D679521FF6}.Release|x64.ActiveCfg = Release|Any CPU
		{D1998FC4-4D94-4256-A7FA-45D679521FF6}.Release|x64.Build.0 = Release|Any CPU
		{D1998FC4-4D94-4256-A7FA-45D679521FF6}.Release|x86.ActiveCfg = Release|Any CPU
		{D1998FC4-4D94-4256-A7FA-45D679521FF6}.Release|x86.Build.0 = Release|Any CPU
		{69CE740C-4485-4AC0-BF75-E863E445700E}.Debug|Any CPU.ActiveCfg = Debug|Any CPU
		{69CE740C-4485-4AC0-BF75-E863E445700E}.Debug|Any CPU.Build.0 = Debug|Any CPU
		{69CE740C-4485-4AC0-BF75-E863E445700E}.Debug|ARM.ActiveCfg = Debug|Any CPU
		{69CE740C-4485-4AC0-BF75-E863E445700E}.Debug|ARM.Build.0 = Debug|Any CPU
		{69CE740C-4485-4AC0-BF75-E863E445700E}.Debug|x64.ActiveCfg = Debug|Any CPU
		{69CE740C-4485-4AC0-BF75-E863E445700E}.Debug|x64.Build.0 = Debug|Any CPU
		{69CE740C-4485-4AC0-BF75-E863E445700E}.Debug|x86.ActiveCfg = Debug|Any CPU
		{69CE740C-4485-4AC0-BF75-E863E445700E}.Debug|x86.Build.0 = Debug|Any CPU
		{69CE740C-4485-4AC0-BF75-E863E445700E}.Release|Any CPU.ActiveCfg = Release|Any CPU
		{69CE740C-4485-4AC0-BF75-E863E445700E}.Release|Any CPU.Build.0 = Release|Any CPU
		{69CE740C-4485-4AC0-BF75-E863E445700E}.Release|ARM.ActiveCfg = Release|Any CPU
		{69CE740C-4485-4AC0-BF75-E863E445700E}.Release|ARM.Build.0 = Release|Any CPU
		{69CE740C-4485-4AC0-BF75-E863E445700E}.Release|x64.ActiveCfg = Release|Any CPU
		{69CE740C-4485-4AC0-BF75-E863E445700E}.Release|x64.Build.0 = Release|Any CPU
		{69CE740C-4485-4AC0-BF75-E863E445700E}.Release|x86.ActiveCfg = Release|Any CPU
		{69CE740C-4485-4AC0-BF75-E863E445700E}.Release|x86.Build.0 = Release|Any CPU
		{E26F8A5A-CCED-4DA9-9E80-05A3075E4D9B}.Debug|Any CPU.ActiveCfg = Debug|Any CPU
		{E26F8A5A-CCED-4DA9-9E80-05A3075E4D9B}.Debug|Any CPU.Build.0 = Debug|Any CPU
		{E26F8A5A-CCED-4DA9-9E80-05A3075E4D9B}.Debug|ARM.ActiveCfg = Debug|ARM
		{E26F8A5A-CCED-4DA9-9E80-05A3075E4D9B}.Debug|ARM.Build.0 = Debug|ARM
		{E26F8A5A-CCED-4DA9-9E80-05A3075E4D9B}.Debug|x64.ActiveCfg = Debug|x64
		{E26F8A5A-CCED-4DA9-9E80-05A3075E4D9B}.Debug|x64.Build.0 = Debug|x64
		{E26F8A5A-CCED-4DA9-9E80-05A3075E4D9B}.Debug|x86.ActiveCfg = Debug|x86
		{E26F8A5A-CCED-4DA9-9E80-05A3075E4D9B}.Debug|x86.Build.0 = Debug|x86
		{E26F8A5A-CCED-4DA9-9E80-05A3075E4D9B}.Release|Any CPU.ActiveCfg = Release|Any CPU
		{E26F8A5A-CCED-4DA9-9E80-05A3075E4D9B}.Release|Any CPU.Build.0 = Release|Any CPU
		{E26F8A5A-CCED-4DA9-9E80-05A3075E4D9B}.Release|ARM.ActiveCfg = Release|ARM
		{E26F8A5A-CCED-4DA9-9E80-05A3075E4D9B}.Release|ARM.Build.0 = Release|ARM
		{E26F8A5A-CCED-4DA9-9E80-05A3075E4D9B}.Release|x64.ActiveCfg = Release|x64
		{E26F8A5A-CCED-4DA9-9E80-05A3075E4D9B}.Release|x64.Build.0 = Release|x64
		{E26F8A5A-CCED-4DA9-9E80-05A3075E4D9B}.Release|x86.ActiveCfg = Release|x86
		{E26F8A5A-CCED-4DA9-9E80-05A3075E4D9B}.Release|x86.Build.0 = Release|x86
		{CBEC1318-09A6-4B4F-B8D2-B252403FC1CA}.Debug|Any CPU.ActiveCfg = Debug|Any CPU
		{CBEC1318-09A6-4B4F-B8D2-B252403FC1CA}.Debug|Any CPU.Build.0 = Debug|Any CPU
		{CBEC1318-09A6-4B4F-B8D2-B252403FC1CA}.Debug|ARM.ActiveCfg = Debug|Any CPU
		{CBEC1318-09A6-4B4F-B8D2-B252403FC1CA}.Debug|ARM.Build.0 = Debug|Any CPU
		{CBEC1318-09A6-4B4F-B8D2-B252403FC1CA}.Debug|x64.ActiveCfg = Debug|Any CPU
		{CBEC1318-09A6-4B4F-B8D2-B252403FC1CA}.Debug|x64.Build.0 = Debug|Any CPU
		{CBEC1318-09A6-4B4F-B8D2-B252403FC1CA}.Debug|x86.ActiveCfg = Debug|Any CPU
		{CBEC1318-09A6-4B4F-B8D2-B252403FC1CA}.Debug|x86.Build.0 = Debug|Any CPU
		{CBEC1318-09A6-4B4F-B8D2-B252403FC1CA}.Release|Any CPU.ActiveCfg = Release|Any CPU
		{CBEC1318-09A6-4B4F-B8D2-B252403FC1CA}.Release|Any CPU.Build.0 = Release|Any CPU
		{CBEC1318-09A6-4B4F-B8D2-B252403FC1CA}.Release|ARM.ActiveCfg = Release|Any CPU
		{CBEC1318-09A6-4B4F-B8D2-B252403FC1CA}.Release|ARM.Build.0 = Release|Any CPU
		{CBEC1318-09A6-4B4F-B8D2-B252403FC1CA}.Release|x64.ActiveCfg = Release|Any CPU
		{CBEC1318-09A6-4B4F-B8D2-B252403FC1CA}.Release|x64.Build.0 = Release|Any CPU
		{CBEC1318-09A6-4B4F-B8D2-B252403FC1CA}.Release|x86.ActiveCfg = Release|Any CPU
		{CBEC1318-09A6-4B4F-B8D2-B252403FC1CA}.Release|x86.Build.0 = Release|Any CPU
		{9C08722E-F132-4FCC-A14A-9AED3AB79D92}.Debug|Any CPU.ActiveCfg = Debug|Any CPU
		{9C08722E-F132-4FCC-A14A-9AED3AB79D92}.Debug|Any CPU.Build.0 = Debug|Any CPU
		{9C08722E-F132-4FCC-A14A-9AED3AB79D92}.Debug|ARM.ActiveCfg = Debug|ARM
		{9C08722E-F132-4FCC-A14A-9AED3AB79D92}.Debug|ARM.Build.0 = Debug|ARM
		{9C08722E-F132-4FCC-A14A-9AED3AB79D92}.Debug|x64.ActiveCfg = Debug|x64
		{9C08722E-F132-4FCC-A14A-9AED3AB79D92}.Debug|x64.Build.0 = Debug|x64
		{9C08722E-F132-4FCC-A14A-9AED3AB79D92}.Debug|x86.ActiveCfg = Debug|x86
		{9C08722E-F132-4FCC-A14A-9AED3AB79D92}.Debug|x86.Build.0 = Debug|x86
		{9C08722E-F132-4FCC-A14A-9AED3AB79D92}.Release|Any CPU.ActiveCfg = Release|Any CPU
		{9C08722E-F132-4FCC-A14A-9AED3AB79D92}.Release|Any CPU.Build.0 = Release|Any CPU
		{9C08722E-F132-4FCC-A14A-9AED3AB79D92}.Release|ARM.ActiveCfg = Release|ARM
		{9C08722E-F132-4FCC-A14A-9AED3AB79D92}.Release|ARM.Build.0 = Release|ARM
		{9C08722E-F132-4FCC-A14A-9AED3AB79D92}.Release|x64.ActiveCfg = Release|x64
		{9C08722E-F132-4FCC-A14A-9AED3AB79D92}.Release|x64.Build.0 = Release|x64
		{9C08722E-F132-4FCC-A14A-9AED3AB79D92}.Release|x86.ActiveCfg = Release|x86
		{9C08722E-F132-4FCC-A14A-9AED3AB79D92}.Release|x86.Build.0 = Release|x86
		{EFA62C23-7FAF-4A1A-9F37-E2E73A18A0F6}.Debug|Any CPU.ActiveCfg = Debug|Any CPU
		{EFA62C23-7FAF-4A1A-9F37-E2E73A18A0F6}.Debug|Any CPU.Build.0 = Debug|Any CPU
		{EFA62C23-7FAF-4A1A-9F37-E2E73A18A0F6}.Debug|ARM.ActiveCfg = Debug|Any CPU
		{EFA62C23-7FAF-4A1A-9F37-E2E73A18A0F6}.Debug|ARM.Build.0 = Debug|Any CPU
		{EFA62C23-7FAF-4A1A-9F37-E2E73A18A0F6}.Debug|x64.ActiveCfg = Debug|Any CPU
		{EFA62C23-7FAF-4A1A-9F37-E2E73A18A0F6}.Debug|x64.Build.0 = Debug|Any CPU
		{EFA62C23-7FAF-4A1A-9F37-E2E73A18A0F6}.Debug|x86.ActiveCfg = Debug|Any CPU
		{EFA62C23-7FAF-4A1A-9F37-E2E73A18A0F6}.Debug|x86.Build.0 = Debug|Any CPU
		{EFA62C23-7FAF-4A1A-9F37-E2E73A18A0F6}.Release|Any CPU.ActiveCfg = Release|Any CPU
		{EFA62C23-7FAF-4A1A-9F37-E2E73A18A0F6}.Release|Any CPU.Build.0 = Release|Any CPU
		{EFA62C23-7FAF-4A1A-9F37-E2E73A18A0F6}.Release|ARM.ActiveCfg = Release|Any CPU
		{EFA62C23-7FAF-4A1A-9F37-E2E73A18A0F6}.Release|ARM.Build.0 = Release|Any CPU
		{EFA62C23-7FAF-4A1A-9F37-E2E73A18A0F6}.Release|x64.ActiveCfg = Release|Any CPU
		{EFA62C23-7FAF-4A1A-9F37-E2E73A18A0F6}.Release|x64.Build.0 = Release|Any CPU
		{EFA62C23-7FAF-4A1A-9F37-E2E73A18A0F6}.Release|x86.ActiveCfg = Release|Any CPU
		{EFA62C23-7FAF-4A1A-9F37-E2E73A18A0F6}.Release|x86.Build.0 = Release|Any CPU
		{87A57ABB-AFB1-4A7F-B3BA-6E08A5EF73D5}.Debug|Any CPU.ActiveCfg = Debug|Any CPU
		{87A57ABB-AFB1-4A7F-B3BA-6E08A5EF73D5}.Debug|Any CPU.Build.0 = Debug|Any CPU
		{87A57ABB-AFB1-4A7F-B3BA-6E08A5EF73D5}.Debug|ARM.ActiveCfg = Debug|Any CPU
		{87A57ABB-AFB1-4A7F-B3BA-6E08A5EF73D5}.Debug|ARM.Build.0 = Debug|Any CPU
		{87A57ABB-AFB1-4A7F-B3BA-6E08A5EF73D5}.Debug|x64.ActiveCfg = Debug|Any CPU
		{87A57ABB-AFB1-4A7F-B3BA-6E08A5EF73D5}.Debug|x64.Build.0 = Debug|Any CPU
		{87A57ABB-AFB1-4A7F-B3BA-6E08A5EF73D5}.Debug|x86.ActiveCfg = Debug|Any CPU
		{87A57ABB-AFB1-4A7F-B3BA-6E08A5EF73D5}.Debug|x86.Build.0 = Debug|Any CPU
		{87A57ABB-AFB1-4A7F-B3BA-6E08A5EF73D5}.Release|Any CPU.ActiveCfg = Release|Any CPU
		{87A57ABB-AFB1-4A7F-B3BA-6E08A5EF73D5}.Release|Any CPU.Build.0 = Release|Any CPU
		{87A57ABB-AFB1-4A7F-B3BA-6E08A5EF73D5}.Release|ARM.ActiveCfg = Release|Any CPU
		{87A57ABB-AFB1-4A7F-B3BA-6E08A5EF73D5}.Release|ARM.Build.0 = Release|Any CPU
		{87A57ABB-AFB1-4A7F-B3BA-6E08A5EF73D5}.Release|x64.ActiveCfg = Release|Any CPU
		{87A57ABB-AFB1-4A7F-B3BA-6E08A5EF73D5}.Release|x64.Build.0 = Release|Any CPU
		{87A57ABB-AFB1-4A7F-B3BA-6E08A5EF73D5}.Release|x86.ActiveCfg = Release|Any CPU
		{87A57ABB-AFB1-4A7F-B3BA-6E08A5EF73D5}.Release|x86.Build.0 = Release|Any CPU
		{653E542D-79FE-4E10-87FD-48B6897198ED}.Debug|Any CPU.ActiveCfg = Debug|Any CPU
		{653E542D-79FE-4E10-87FD-48B6897198ED}.Debug|Any CPU.Build.0 = Debug|Any CPU
		{653E542D-79FE-4E10-87FD-48B6897198ED}.Debug|ARM.ActiveCfg = Debug|Any CPU
		{653E542D-79FE-4E10-87FD-48B6897198ED}.Debug|ARM.Build.0 = Debug|Any CPU
		{653E542D-79FE-4E10-87FD-48B6897198ED}.Debug|x64.ActiveCfg = Debug|Any CPU
		{653E542D-79FE-4E10-87FD-48B6897198ED}.Debug|x64.Build.0 = Debug|Any CPU
		{653E542D-79FE-4E10-87FD-48B6897198ED}.Debug|x86.ActiveCfg = Debug|Any CPU
		{653E542D-79FE-4E10-87FD-48B6897198ED}.Debug|x86.Build.0 = Debug|Any CPU
		{653E542D-79FE-4E10-87FD-48B6897198ED}.Release|Any CPU.ActiveCfg = Release|Any CPU
		{653E542D-79FE-4E10-87FD-48B6897198ED}.Release|Any CPU.Build.0 = Release|Any CPU
		{653E542D-79FE-4E10-87FD-48B6897198ED}.Release|ARM.ActiveCfg = Release|Any CPU
		{653E542D-79FE-4E10-87FD-48B6897198ED}.Release|ARM.Build.0 = Release|Any CPU
		{653E542D-79FE-4E10-87FD-48B6897198ED}.Release|x64.ActiveCfg = Release|Any CPU
		{653E542D-79FE-4E10-87FD-48B6897198ED}.Release|x64.Build.0 = Release|Any CPU
		{653E542D-79FE-4E10-87FD-48B6897198ED}.Release|x86.ActiveCfg = Release|Any CPU
		{653E542D-79FE-4E10-87FD-48B6897198ED}.Release|x86.Build.0 = Release|Any CPU
		{EA8186B2-FD27-4E54-B615-BF11DFDA3298}.Debug|Any CPU.ActiveCfg = Debug|Any CPU
		{EA8186B2-FD27-4E54-B615-BF11DFDA3298}.Debug|Any CPU.Build.0 = Debug|Any CPU
		{EA8186B2-FD27-4E54-B615-BF11DFDA3298}.Debug|ARM.ActiveCfg = Debug|Any CPU
		{EA8186B2-FD27-4E54-B615-BF11DFDA3298}.Debug|ARM.Build.0 = Debug|Any CPU
		{EA8186B2-FD27-4E54-B615-BF11DFDA3298}.Debug|x64.ActiveCfg = Debug|Any CPU
		{EA8186B2-FD27-4E54-B615-BF11DFDA3298}.Debug|x64.Build.0 = Debug|Any CPU
		{EA8186B2-FD27-4E54-B615-BF11DFDA3298}.Debug|x86.ActiveCfg = Debug|Any CPU
		{EA8186B2-FD27-4E54-B615-BF11DFDA3298}.Debug|x86.Build.0 = Debug|Any CPU
		{EA8186B2-FD27-4E54-B615-BF11DFDA3298}.Release|Any CPU.ActiveCfg = Release|Any CPU
		{EA8186B2-FD27-4E54-B615-BF11DFDA3298}.Release|Any CPU.Build.0 = Release|Any CPU
		{EA8186B2-FD27-4E54-B615-BF11DFDA3298}.Release|ARM.ActiveCfg = Release|Any CPU
		{EA8186B2-FD27-4E54-B615-BF11DFDA3298}.Release|ARM.Build.0 = Release|Any CPU
		{EA8186B2-FD27-4E54-B615-BF11DFDA3298}.Release|x64.ActiveCfg = Release|Any CPU
		{EA8186B2-FD27-4E54-B615-BF11DFDA3298}.Release|x64.Build.0 = Release|Any CPU
		{EA8186B2-FD27-4E54-B615-BF11DFDA3298}.Release|x86.ActiveCfg = Release|Any CPU
		{EA8186B2-FD27-4E54-B615-BF11DFDA3298}.Release|x86.Build.0 = Release|Any CPU
		{723D86A9-A323-478A-862D-9673CB7A4612}.Debug|Any CPU.ActiveCfg = Debug|Any CPU
		{723D86A9-A323-478A-862D-9673CB7A4612}.Debug|Any CPU.Build.0 = Debug|Any CPU
		{723D86A9-A323-478A-862D-9673CB7A4612}.Debug|ARM.ActiveCfg = Debug|Any CPU
		{723D86A9-A323-478A-862D-9673CB7A4612}.Debug|ARM.Build.0 = Debug|Any CPU
		{723D86A9-A323-478A-862D-9673CB7A4612}.Debug|x64.ActiveCfg = Debug|Any CPU
		{723D86A9-A323-478A-862D-9673CB7A4612}.Debug|x64.Build.0 = Debug|Any CPU
		{723D86A9-A323-478A-862D-9673CB7A4612}.Debug|x86.ActiveCfg = Debug|Any CPU
		{723D86A9-A323-478A-862D-9673CB7A4612}.Debug|x86.Build.0 = Debug|Any CPU
		{723D86A9-A323-478A-862D-9673CB7A4612}.Release|Any CPU.ActiveCfg = Release|Any CPU
		{723D86A9-A323-478A-862D-9673CB7A4612}.Release|Any CPU.Build.0 = Release|Any CPU
		{723D86A9-A323-478A-862D-9673CB7A4612}.Release|ARM.ActiveCfg = Release|Any CPU
		{723D86A9-A323-478A-862D-9673CB7A4612}.Release|ARM.Build.0 = Release|Any CPU
		{723D86A9-A323-478A-862D-9673CB7A4612}.Release|x64.ActiveCfg = Release|Any CPU
		{723D86A9-A323-478A-862D-9673CB7A4612}.Release|x64.Build.0 = Release|Any CPU
		{723D86A9-A323-478A-862D-9673CB7A4612}.Release|x86.ActiveCfg = Release|Any CPU
		{723D86A9-A323-478A-862D-9673CB7A4612}.Release|x86.Build.0 = Release|Any CPU
		{ED5DAB4E-6839-47BE-9D78-3F4FFEF23623}.Debug|Any CPU.ActiveCfg = Debug|Any CPU
		{ED5DAB4E-6839-47BE-9D78-3F4FFEF23623}.Debug|Any CPU.Build.0 = Debug|Any CPU
		{ED5DAB4E-6839-47BE-9D78-3F4FFEF23623}.Debug|ARM.ActiveCfg = Debug|ARM
		{ED5DAB4E-6839-47BE-9D78-3F4FFEF23623}.Debug|ARM.Build.0 = Debug|ARM
		{ED5DAB4E-6839-47BE-9D78-3F4FFEF23623}.Debug|x64.ActiveCfg = Debug|x64
		{ED5DAB4E-6839-47BE-9D78-3F4FFEF23623}.Debug|x64.Build.0 = Debug|x64
		{ED5DAB4E-6839-47BE-9D78-3F4FFEF23623}.Debug|x86.ActiveCfg = Debug|x86
		{ED5DAB4E-6839-47BE-9D78-3F4FFEF23623}.Debug|x86.Build.0 = Debug|x86
		{ED5DAB4E-6839-47BE-9D78-3F4FFEF23623}.Release|Any CPU.ActiveCfg = Release|Any CPU
		{ED5DAB4E-6839-47BE-9D78-3F4FFEF23623}.Release|Any CPU.Build.0 = Release|Any CPU
		{ED5DAB4E-6839-47BE-9D78-3F4FFEF23623}.Release|ARM.ActiveCfg = Release|ARM
		{ED5DAB4E-6839-47BE-9D78-3F4FFEF23623}.Release|ARM.Build.0 = Release|ARM
		{ED5DAB4E-6839-47BE-9D78-3F4FFEF23623}.Release|x64.ActiveCfg = Release|x64
		{ED5DAB4E-6839-47BE-9D78-3F4FFEF23623}.Release|x64.Build.0 = Release|x64
		{ED5DAB4E-6839-47BE-9D78-3F4FFEF23623}.Release|x86.ActiveCfg = Release|x86
		{ED5DAB4E-6839-47BE-9D78-3F4FFEF23623}.Release|x86.Build.0 = Release|x86
		{A81D3FD2-31B7-466A-A79E-6BB2C20EC325}.Debug|Any CPU.ActiveCfg = Debug|Any CPU
		{A81D3FD2-31B7-466A-A79E-6BB2C20EC325}.Debug|Any CPU.Build.0 = Debug|Any CPU
		{A81D3FD2-31B7-466A-A79E-6BB2C20EC325}.Debug|ARM.ActiveCfg = Debug|Any CPU
		{A81D3FD2-31B7-466A-A79E-6BB2C20EC325}.Debug|ARM.Build.0 = Debug|Any CPU
		{A81D3FD2-31B7-466A-A79E-6BB2C20EC325}.Debug|x64.ActiveCfg = Debug|Any CPU
		{A81D3FD2-31B7-466A-A79E-6BB2C20EC325}.Debug|x64.Build.0 = Debug|Any CPU
		{A81D3FD2-31B7-466A-A79E-6BB2C20EC325}.Debug|x86.ActiveCfg = Debug|Any CPU
		{A81D3FD2-31B7-466A-A79E-6BB2C20EC325}.Debug|x86.Build.0 = Debug|Any CPU
		{A81D3FD2-31B7-466A-A79E-6BB2C20EC325}.Release|Any CPU.ActiveCfg = Release|Any CPU
		{A81D3FD2-31B7-466A-A79E-6BB2C20EC325}.Release|Any CPU.Build.0 = Release|Any CPU
		{A81D3FD2-31B7-466A-A79E-6BB2C20EC325}.Release|ARM.ActiveCfg = Release|Any CPU
		{A81D3FD2-31B7-466A-A79E-6BB2C20EC325}.Release|ARM.Build.0 = Release|Any CPU
		{A81D3FD2-31B7-466A-A79E-6BB2C20EC325}.Release|x64.ActiveCfg = Release|Any CPU
		{A81D3FD2-31B7-466A-A79E-6BB2C20EC325}.Release|x64.Build.0 = Release|Any CPU
		{A81D3FD2-31B7-466A-A79E-6BB2C20EC325}.Release|x86.ActiveCfg = Release|Any CPU
		{A81D3FD2-31B7-466A-A79E-6BB2C20EC325}.Release|x86.Build.0 = Release|Any CPU
		{A06C4DDF-C716-4723-B384-5B508B386307}.Debug|Any CPU.ActiveCfg = Debug|Any CPU
		{A06C4DDF-C716-4723-B384-5B508B386307}.Debug|Any CPU.Build.0 = Debug|Any CPU
		{A06C4DDF-C716-4723-B384-5B508B386307}.Debug|ARM.ActiveCfg = Debug|Any CPU
		{A06C4DDF-C716-4723-B384-5B508B386307}.Debug|ARM.Build.0 = Debug|Any CPU
		{A06C4DDF-C716-4723-B384-5B508B386307}.Debug|x64.ActiveCfg = Debug|Any CPU
		{A06C4DDF-C716-4723-B384-5B508B386307}.Debug|x64.Build.0 = Debug|Any CPU
		{A06C4DDF-C716-4723-B384-5B508B386307}.Debug|x86.ActiveCfg = Debug|Any CPU
		{A06C4DDF-C716-4723-B384-5B508B386307}.Debug|x86.Build.0 = Debug|Any CPU
		{A06C4DDF-C716-4723-B384-5B508B386307}.Release|Any CPU.ActiveCfg = Release|Any CPU
		{A06C4DDF-C716-4723-B384-5B508B386307}.Release|Any CPU.Build.0 = Release|Any CPU
		{A06C4DDF-C716-4723-B384-5B508B386307}.Release|ARM.ActiveCfg = Release|Any CPU
		{A06C4DDF-C716-4723-B384-5B508B386307}.Release|ARM.Build.0 = Release|Any CPU
		{A06C4DDF-C716-4723-B384-5B508B386307}.Release|x64.ActiveCfg = Release|Any CPU
		{A06C4DDF-C716-4723-B384-5B508B386307}.Release|x64.Build.0 = Release|Any CPU
		{A06C4DDF-C716-4723-B384-5B508B386307}.Release|x86.ActiveCfg = Release|Any CPU
		{A06C4DDF-C716-4723-B384-5B508B386307}.Release|x86.Build.0 = Release|Any CPU
		{44725AE3-47DD-43A5-980E-B98EB8128125}.Debug|Any CPU.ActiveCfg = Debug|Any CPU
		{44725AE3-47DD-43A5-980E-B98EB8128125}.Debug|Any CPU.Build.0 = Debug|Any CPU
		{44725AE3-47DD-43A5-980E-B98EB8128125}.Debug|ARM.ActiveCfg = Debug|Any CPU
		{44725AE3-47DD-43A5-980E-B98EB8128125}.Debug|ARM.Build.0 = Debug|Any CPU
		{44725AE3-47DD-43A5-980E-B98EB8128125}.Debug|x64.ActiveCfg = Debug|Any CPU
		{44725AE3-47DD-43A5-980E-B98EB8128125}.Debug|x64.Build.0 = Debug|Any CPU
		{44725AE3-47DD-43A5-980E-B98EB8128125}.Debug|x86.ActiveCfg = Debug|Any CPU
		{44725AE3-47DD-43A5-980E-B98EB8128125}.Debug|x86.Build.0 = Debug|Any CPU
		{44725AE3-47DD-43A5-980E-B98EB8128125}.Release|Any CPU.ActiveCfg = Release|Any CPU
		{44725AE3-47DD-43A5-980E-B98EB8128125}.Release|Any CPU.Build.0 = Release|Any CPU
		{44725AE3-47DD-43A5-980E-B98EB8128125}.Release|ARM.ActiveCfg = Release|Any CPU
		{44725AE3-47DD-43A5-980E-B98EB8128125}.Release|ARM.Build.0 = Release|Any CPU
		{44725AE3-47DD-43A5-980E-B98EB8128125}.Release|x64.ActiveCfg = Release|Any CPU
		{44725AE3-47DD-43A5-980E-B98EB8128125}.Release|x64.Build.0 = Release|Any CPU
		{44725AE3-47DD-43A5-980E-B98EB8128125}.Release|x86.ActiveCfg = Release|Any CPU
		{44725AE3-47DD-43A5-980E-B98EB8128125}.Release|x86.Build.0 = Release|Any CPU
	EndGlobalSection
	GlobalSection(SolutionProperties) = preSolution
		HideSolutionNode = FALSE
	EndGlobalSection
	GlobalSection(NestedProjects) = preSolution
		{1C7B8F43-DE7E-4EFA-B622-E3EED28C43A1} = {D9E06C5D-7B87-405D-B94D-E7292BCF7D92}
		{D1998FC4-4D94-4256-A7FA-45D679521FF6} = {D9E06C5D-7B87-405D-B94D-E7292BCF7D92}
		{69CE740C-4485-4AC0-BF75-E863E445700E} = {D9E06C5D-7B87-405D-B94D-E7292BCF7D92}
		{E26F8A5A-CCED-4DA9-9E80-05A3075E4D9B} = {D9E06C5D-7B87-405D-B94D-E7292BCF7D92}
		{CBEC1318-09A6-4B4F-B8D2-B252403FC1CA} = {3B041924-9FCF-4772-86C9-7B644F41CA95}
		{9C08722E-F132-4FCC-A14A-9AED3AB79D92} = {3B041924-9FCF-4772-86C9-7B644F41CA95}
		{EFA62C23-7FAF-4A1A-9F37-E2E73A18A0F6} = {3B041924-9FCF-4772-86C9-7B644F41CA95}
		{87A57ABB-AFB1-4A7F-B3BA-6E08A5EF73D5} = {3B041924-9FCF-4772-86C9-7B644F41CA95}
		{653E542D-79FE-4E10-87FD-48B6897198ED} = {4478B386-14CA-4E39-8B48-AE067EE0858C}
		{6A016112-26DC-4D4B-AAF0-C37A80E93ADD} = {FB2F6D0F-AB0C-4C93-AE5C-EECD665CF393}
		{D9E06C5D-7B87-405D-B94D-E7292BCF7D92} = {6A016112-26DC-4D4B-AAF0-C37A80E93ADD}
		{3B041924-9FCF-4772-86C9-7B644F41CA95} = {6A016112-26DC-4D4B-AAF0-C37A80E93ADD}
		{4478B386-14CA-4E39-8B48-AE067EE0858C} = {6A016112-26DC-4D4B-AAF0-C37A80E93ADD}
		{EA8186B2-FD27-4E54-B615-BF11DFDA3298} = {4478B386-14CA-4E39-8B48-AE067EE0858C}
		{723D86A9-A323-478A-862D-9673CB7A4612} = {4478B386-14CA-4E39-8B48-AE067EE0858C}
		{B4A71B48-FB5B-4D8B-AC94-6E1CED3B8F61} = {FB2F6D0F-AB0C-4C93-AE5C-EECD665CF393}
		{ED5DAB4E-6839-47BE-9D78-3F4FFEF23623} = {31B9D319-CE63-4FB4-BC5E-F1A45CDF0CDA}
		{31B9D319-CE63-4FB4-BC5E-F1A45CDF0CDA} = {B4A71B48-FB5B-4D8B-AC94-6E1CED3B8F61}
		{A81D3FD2-31B7-466A-A79E-6BB2C20EC325} = {31B9D319-CE63-4FB4-BC5E-F1A45CDF0CDA}
		{A06C4DDF-C716-4723-B384-5B508B386307} = {31B9D319-CE63-4FB4-BC5E-F1A45CDF0CDA}
		{44725AE3-47DD-43A5-980E-B98EB8128125} = {31B9D319-CE63-4FB4-BC5E-F1A45CDF0CDA}
	EndGlobalSection
EndGlobal
