
Microsoft Visual Studio Solution File, Format Version 12.00
# Visual Studio 15
VisualStudioVersion = 15.0.26228.4
MinimumVisualStudioVersion = 10.0.40219.1
Project("{FAE04EC0-301F-11D3-BF4B-00C04F79EFBC}") = "XPlat.API", "XPlat.API\XPlat.API.csproj", "{C273353E-3E3A-4D04-99B0-90AD253C8623}"
EndProject
Project("{FAE04EC0-301F-11D3-BF4B-00C04F79EFBC}") = "XPlat.API.Android", "XPlat.API.Android\XPlat.API.Android.csproj", "{2A3E7AE0-421E-474B-9C72-268DD6FA1072}"
EndProject
Project("{FAE04EC0-301F-11D3-BF4B-00C04F79EFBC}") = "XPlat.API.Common", "XPlat.API.Common\XPlat.API.Common.csproj", "{184B7424-B553-4477-A5A4-03B23AC41C74}"
EndProject
Project("{FAE04EC0-301F-11D3-BF4B-00C04F79EFBC}") = "XPlat.API.iOS", "XPlat.API.iOS\XPlat.API.iOS.csproj", "{0D76C2A5-8755-4185-9AA3-4BE4D9D66EFC}"
EndProject
Project("{FAE04EC0-301F-11D3-BF4B-00C04F79EFBC}") = "XPlat.API.UWP", "XPlat.API.UWP\XPlat.API.UWP.csproj", "{147E6A1B-BE33-429D-9DF7-DEDD3073C7E2}"
EndProject
Project("{2150E333-8FDC-42A3-9474-1A3956D46DE8}") = "Testing", "Testing", "{85B17027-153E-4146-A8D3-58E8F710F0A2}"
EndProject
Project("{FAE04EC0-301F-11D3-BF4B-00C04F79EFBC}") = "XPlat.API.UWP.Testing", "XPlat.API.UWP.Testing\XPlat.API.UWP.Testing.csproj", "{5A9F162D-D161-47F6-A372-BF5F40E82042}"
EndProject
Project("{FAE04EC0-301F-11D3-BF4B-00C04F79EFBC}") = "XPlat.API.Android.Testing", "XPlat.API.Android.Testing\XPlat.API.Android.Testing.csproj", "{C6C3B369-EF49-4816-990D-2DAB89D6E277}"
EndProject
Project("{FAE04EC0-301F-11D3-BF4B-00C04F79EFBC}") = "XPlat.API.iOS.Testing", "XPlat.API.iOS.Testing\XPlat.API.iOS.Testing.csproj", "{97013BDF-59EF-4CFF-87B0-78CA28BF3462}"
EndProject
Global
	GlobalSection(SolutionConfigurationPlatforms) = preSolution
		Ad-Hoc|Any CPU = Ad-Hoc|Any CPU
		Ad-Hoc|ARM = Ad-Hoc|ARM
		Ad-Hoc|iPhone = Ad-Hoc|iPhone
		Ad-Hoc|iPhoneSimulator = Ad-Hoc|iPhoneSimulator
		Ad-Hoc|x64 = Ad-Hoc|x64
		Ad-Hoc|x86 = Ad-Hoc|x86
		AppStore|Any CPU = AppStore|Any CPU
		AppStore|ARM = AppStore|ARM
		AppStore|iPhone = AppStore|iPhone
		AppStore|iPhoneSimulator = AppStore|iPhoneSimulator
		AppStore|x64 = AppStore|x64
		AppStore|x86 = AppStore|x86
		Debug|Any CPU = Debug|Any CPU
		Debug|ARM = Debug|ARM
		Debug|iPhone = Debug|iPhone
		Debug|iPhoneSimulator = Debug|iPhoneSimulator
		Debug|x64 = Debug|x64
		Debug|x86 = Debug|x86
		Release|Any CPU = Release|Any CPU
		Release|ARM = Release|ARM
		Release|iPhone = Release|iPhone
		Release|iPhoneSimulator = Release|iPhoneSimulator
		Release|x64 = Release|x64
		Release|x86 = Release|x86
		Testing|Any CPU = Testing|Any CPU
		Testing|ARM = Testing|ARM
		Testing|iPhone = Testing|iPhone
		Testing|iPhoneSimulator = Testing|iPhoneSimulator
		Testing|x64 = Testing|x64
		Testing|x86 = Testing|x86
	EndGlobalSection
	GlobalSection(ProjectConfigurationPlatforms) = postSolution
		{C273353E-3E3A-4D04-99B0-90AD253C8623}.Ad-Hoc|Any CPU.ActiveCfg = Release|Any CPU
		{C273353E-3E3A-4D04-99B0-90AD253C8623}.Ad-Hoc|Any CPU.Build.0 = Release|Any CPU
		{C273353E-3E3A-4D04-99B0-90AD253C8623}.Ad-Hoc|ARM.ActiveCfg = Release|Any CPU
		{C273353E-3E3A-4D04-99B0-90AD253C8623}.Ad-Hoc|ARM.Build.0 = Release|Any CPU
		{C273353E-3E3A-4D04-99B0-90AD253C8623}.Ad-Hoc|iPhone.ActiveCfg = Release|Any CPU
		{C273353E-3E3A-4D04-99B0-90AD253C8623}.Ad-Hoc|iPhone.Build.0 = Release|Any CPU
		{C273353E-3E3A-4D04-99B0-90AD253C8623}.Ad-Hoc|iPhoneSimulator.ActiveCfg = Release|Any CPU
		{C273353E-3E3A-4D04-99B0-90AD253C8623}.Ad-Hoc|iPhoneSimulator.Build.0 = Release|Any CPU
		{C273353E-3E3A-4D04-99B0-90AD253C8623}.Ad-Hoc|x64.ActiveCfg = Release|Any CPU
		{C273353E-3E3A-4D04-99B0-90AD253C8623}.Ad-Hoc|x64.Build.0 = Release|Any CPU
		{C273353E-3E3A-4D04-99B0-90AD253C8623}.Ad-Hoc|x86.ActiveCfg = Release|Any CPU
		{C273353E-3E3A-4D04-99B0-90AD253C8623}.Ad-Hoc|x86.Build.0 = Release|Any CPU
		{C273353E-3E3A-4D04-99B0-90AD253C8623}.AppStore|Any CPU.ActiveCfg = Release|Any CPU
		{C273353E-3E3A-4D04-99B0-90AD253C8623}.AppStore|Any CPU.Build.0 = Release|Any CPU
		{C273353E-3E3A-4D04-99B0-90AD253C8623}.AppStore|ARM.ActiveCfg = Release|Any CPU
		{C273353E-3E3A-4D04-99B0-90AD253C8623}.AppStore|ARM.Build.0 = Release|Any CPU
		{C273353E-3E3A-4D04-99B0-90AD253C8623}.AppStore|iPhone.ActiveCfg = Release|Any CPU
		{C273353E-3E3A-4D04-99B0-90AD253C8623}.AppStore|iPhone.Build.0 = Release|Any CPU
		{C273353E-3E3A-4D04-99B0-90AD253C8623}.AppStore|iPhoneSimulator.ActiveCfg = Release|Any CPU
		{C273353E-3E3A-4D04-99B0-90AD253C8623}.AppStore|iPhoneSimulator.Build.0 = Release|Any CPU
		{C273353E-3E3A-4D04-99B0-90AD253C8623}.AppStore|x64.ActiveCfg = Release|Any CPU
		{C273353E-3E3A-4D04-99B0-90AD253C8623}.AppStore|x64.Build.0 = Release|Any CPU
		{C273353E-3E3A-4D04-99B0-90AD253C8623}.AppStore|x86.ActiveCfg = Release|Any CPU
		{C273353E-3E3A-4D04-99B0-90AD253C8623}.AppStore|x86.Build.0 = Release|Any CPU
		{C273353E-3E3A-4D04-99B0-90AD253C8623}.Debug|Any CPU.ActiveCfg = Debug|Any CPU
		{C273353E-3E3A-4D04-99B0-90AD253C8623}.Debug|Any CPU.Build.0 = Debug|Any CPU
		{C273353E-3E3A-4D04-99B0-90AD253C8623}.Debug|ARM.ActiveCfg = Debug|Any CPU
		{C273353E-3E3A-4D04-99B0-90AD253C8623}.Debug|ARM.Build.0 = Debug|Any CPU
		{C273353E-3E3A-4D04-99B0-90AD253C8623}.Debug|iPhone.ActiveCfg = Debug|Any CPU
		{C273353E-3E3A-4D04-99B0-90AD253C8623}.Debug|iPhone.Build.0 = Debug|Any CPU
		{C273353E-3E3A-4D04-99B0-90AD253C8623}.Debug|iPhoneSimulator.ActiveCfg = Debug|Any CPU
		{C273353E-3E3A-4D04-99B0-90AD253C8623}.Debug|iPhoneSimulator.Build.0 = Debug|Any CPU
		{C273353E-3E3A-4D04-99B0-90AD253C8623}.Debug|x64.ActiveCfg = Debug|Any CPU
		{C273353E-3E3A-4D04-99B0-90AD253C8623}.Debug|x64.Build.0 = Debug|Any CPU
		{C273353E-3E3A-4D04-99B0-90AD253C8623}.Debug|x86.ActiveCfg = Debug|Any CPU
		{C273353E-3E3A-4D04-99B0-90AD253C8623}.Debug|x86.Build.0 = Debug|Any CPU
		{C273353E-3E3A-4D04-99B0-90AD253C8623}.Release|Any CPU.ActiveCfg = Release|Any CPU
		{C273353E-3E3A-4D04-99B0-90AD253C8623}.Release|Any CPU.Build.0 = Release|Any CPU
		{C273353E-3E3A-4D04-99B0-90AD253C8623}.Release|ARM.ActiveCfg = Release|Any CPU
		{C273353E-3E3A-4D04-99B0-90AD253C8623}.Release|ARM.Build.0 = Release|Any CPU
		{C273353E-3E3A-4D04-99B0-90AD253C8623}.Release|iPhone.ActiveCfg = Release|Any CPU
		{C273353E-3E3A-4D04-99B0-90AD253C8623}.Release|iPhone.Build.0 = Release|Any CPU
		{C273353E-3E3A-4D04-99B0-90AD253C8623}.Release|iPhoneSimulator.ActiveCfg = Release|Any CPU
		{C273353E-3E3A-4D04-99B0-90AD253C8623}.Release|iPhoneSimulator.Build.0 = Release|Any CPU
		{C273353E-3E3A-4D04-99B0-90AD253C8623}.Release|x64.ActiveCfg = Release|Any CPU
		{C273353E-3E3A-4D04-99B0-90AD253C8623}.Release|x64.Build.0 = Release|Any CPU
		{C273353E-3E3A-4D04-99B0-90AD253C8623}.Release|x86.ActiveCfg = Release|Any CPU
		{C273353E-3E3A-4D04-99B0-90AD253C8623}.Release|x86.Build.0 = Release|Any CPU
		{C273353E-3E3A-4D04-99B0-90AD253C8623}.Testing|Any CPU.ActiveCfg = Testing|Any CPU
		{C273353E-3E3A-4D04-99B0-90AD253C8623}.Testing|Any CPU.Build.0 = Testing|Any CPU
		{C273353E-3E3A-4D04-99B0-90AD253C8623}.Testing|ARM.ActiveCfg = Testing|Any CPU
		{C273353E-3E3A-4D04-99B0-90AD253C8623}.Testing|ARM.Build.0 = Testing|Any CPU
		{C273353E-3E3A-4D04-99B0-90AD253C8623}.Testing|iPhone.ActiveCfg = Testing|Any CPU
		{C273353E-3E3A-4D04-99B0-90AD253C8623}.Testing|iPhone.Build.0 = Testing|Any CPU
		{C273353E-3E3A-4D04-99B0-90AD253C8623}.Testing|iPhoneSimulator.ActiveCfg = Testing|Any CPU
		{C273353E-3E3A-4D04-99B0-90AD253C8623}.Testing|iPhoneSimulator.Build.0 = Testing|Any CPU
		{C273353E-3E3A-4D04-99B0-90AD253C8623}.Testing|x64.ActiveCfg = Testing|Any CPU
		{C273353E-3E3A-4D04-99B0-90AD253C8623}.Testing|x64.Build.0 = Testing|Any CPU
		{C273353E-3E3A-4D04-99B0-90AD253C8623}.Testing|x86.ActiveCfg = Testing|Any CPU
		{C273353E-3E3A-4D04-99B0-90AD253C8623}.Testing|x86.Build.0 = Testing|Any CPU
		{2A3E7AE0-421E-474B-9C72-268DD6FA1072}.Ad-Hoc|Any CPU.ActiveCfg = Release|Any CPU
		{2A3E7AE0-421E-474B-9C72-268DD6FA1072}.Ad-Hoc|Any CPU.Build.0 = Release|Any CPU
		{2A3E7AE0-421E-474B-9C72-268DD6FA1072}.Ad-Hoc|ARM.ActiveCfg = Release|Any CPU
		{2A3E7AE0-421E-474B-9C72-268DD6FA1072}.Ad-Hoc|ARM.Build.0 = Release|Any CPU
		{2A3E7AE0-421E-474B-9C72-268DD6FA1072}.Ad-Hoc|iPhone.ActiveCfg = Release|Any CPU
		{2A3E7AE0-421E-474B-9C72-268DD6FA1072}.Ad-Hoc|iPhone.Build.0 = Release|Any CPU
		{2A3E7AE0-421E-474B-9C72-268DD6FA1072}.Ad-Hoc|iPhoneSimulator.ActiveCfg = Release|Any CPU
		{2A3E7AE0-421E-474B-9C72-268DD6FA1072}.Ad-Hoc|iPhoneSimulator.Build.0 = Release|Any CPU
		{2A3E7AE0-421E-474B-9C72-268DD6FA1072}.Ad-Hoc|x64.ActiveCfg = Release|Any CPU
		{2A3E7AE0-421E-474B-9C72-268DD6FA1072}.Ad-Hoc|x64.Build.0 = Release|Any CPU
		{2A3E7AE0-421E-474B-9C72-268DD6FA1072}.Ad-Hoc|x86.ActiveCfg = Release|Any CPU
		{2A3E7AE0-421E-474B-9C72-268DD6FA1072}.Ad-Hoc|x86.Build.0 = Release|Any CPU
		{2A3E7AE0-421E-474B-9C72-268DD6FA1072}.AppStore|Any CPU.ActiveCfg = Release|Any CPU
		{2A3E7AE0-421E-474B-9C72-268DD6FA1072}.AppStore|Any CPU.Build.0 = Release|Any CPU
		{2A3E7AE0-421E-474B-9C72-268DD6FA1072}.AppStore|ARM.ActiveCfg = Release|Any CPU
		{2A3E7AE0-421E-474B-9C72-268DD6FA1072}.AppStore|ARM.Build.0 = Release|Any CPU
		{2A3E7AE0-421E-474B-9C72-268DD6FA1072}.AppStore|iPhone.ActiveCfg = Release|Any CPU
		{2A3E7AE0-421E-474B-9C72-268DD6FA1072}.AppStore|iPhone.Build.0 = Release|Any CPU
		{2A3E7AE0-421E-474B-9C72-268DD6FA1072}.AppStore|iPhoneSimulator.ActiveCfg = Release|Any CPU
		{2A3E7AE0-421E-474B-9C72-268DD6FA1072}.AppStore|iPhoneSimulator.Build.0 = Release|Any CPU
		{2A3E7AE0-421E-474B-9C72-268DD6FA1072}.AppStore|x64.ActiveCfg = Release|Any CPU
		{2A3E7AE0-421E-474B-9C72-268DD6FA1072}.AppStore|x64.Build.0 = Release|Any CPU
		{2A3E7AE0-421E-474B-9C72-268DD6FA1072}.AppStore|x86.ActiveCfg = Release|Any CPU
		{2A3E7AE0-421E-474B-9C72-268DD6FA1072}.AppStore|x86.Build.0 = Release|Any CPU
		{2A3E7AE0-421E-474B-9C72-268DD6FA1072}.Debug|Any CPU.ActiveCfg = Debug|Any CPU
		{2A3E7AE0-421E-474B-9C72-268DD6FA1072}.Debug|Any CPU.Build.0 = Debug|Any CPU
		{2A3E7AE0-421E-474B-9C72-268DD6FA1072}.Debug|ARM.ActiveCfg = Debug|Any CPU
		{2A3E7AE0-421E-474B-9C72-268DD6FA1072}.Debug|ARM.Build.0 = Debug|Any CPU
		{2A3E7AE0-421E-474B-9C72-268DD6FA1072}.Debug|iPhone.ActiveCfg = Debug|Any CPU
		{2A3E7AE0-421E-474B-9C72-268DD6FA1072}.Debug|iPhone.Build.0 = Debug|Any CPU
		{2A3E7AE0-421E-474B-9C72-268DD6FA1072}.Debug|iPhoneSimulator.ActiveCfg = Debug|Any CPU
		{2A3E7AE0-421E-474B-9C72-268DD6FA1072}.Debug|iPhoneSimulator.Build.0 = Debug|Any CPU
		{2A3E7AE0-421E-474B-9C72-268DD6FA1072}.Debug|x64.ActiveCfg = Debug|Any CPU
		{2A3E7AE0-421E-474B-9C72-268DD6FA1072}.Debug|x64.Build.0 = Debug|Any CPU
		{2A3E7AE0-421E-474B-9C72-268DD6FA1072}.Debug|x86.ActiveCfg = Debug|Any CPU
		{2A3E7AE0-421E-474B-9C72-268DD6FA1072}.Debug|x86.Build.0 = Debug|Any CPU
		{2A3E7AE0-421E-474B-9C72-268DD6FA1072}.Release|Any CPU.ActiveCfg = Release|Any CPU
		{2A3E7AE0-421E-474B-9C72-268DD6FA1072}.Release|Any CPU.Build.0 = Release|Any CPU
		{2A3E7AE0-421E-474B-9C72-268DD6FA1072}.Release|ARM.ActiveCfg = Release|Any CPU
		{2A3E7AE0-421E-474B-9C72-268DD6FA1072}.Release|ARM.Build.0 = Release|Any CPU
		{2A3E7AE0-421E-474B-9C72-268DD6FA1072}.Release|iPhone.ActiveCfg = Release|Any CPU
		{2A3E7AE0-421E-474B-9C72-268DD6FA1072}.Release|iPhone.Build.0 = Release|Any CPU
		{2A3E7AE0-421E-474B-9C72-268DD6FA1072}.Release|iPhoneSimulator.ActiveCfg = Release|Any CPU
		{2A3E7AE0-421E-474B-9C72-268DD6FA1072}.Release|iPhoneSimulator.Build.0 = Release|Any CPU
		{2A3E7AE0-421E-474B-9C72-268DD6FA1072}.Release|x64.ActiveCfg = Release|Any CPU
		{2A3E7AE0-421E-474B-9C72-268DD6FA1072}.Release|x64.Build.0 = Release|Any CPU
		{2A3E7AE0-421E-474B-9C72-268DD6FA1072}.Release|x86.ActiveCfg = Release|Any CPU
		{2A3E7AE0-421E-474B-9C72-268DD6FA1072}.Release|x86.Build.0 = Release|Any CPU
		{2A3E7AE0-421E-474B-9C72-268DD6FA1072}.Testing|Any CPU.ActiveCfg = Testing|Any CPU
		{2A3E7AE0-421E-474B-9C72-268DD6FA1072}.Testing|Any CPU.Build.0 = Testing|Any CPU
		{2A3E7AE0-421E-474B-9C72-268DD6FA1072}.Testing|ARM.ActiveCfg = Testing|Any CPU
		{2A3E7AE0-421E-474B-9C72-268DD6FA1072}.Testing|ARM.Build.0 = Testing|Any CPU
		{2A3E7AE0-421E-474B-9C72-268DD6FA1072}.Testing|iPhone.ActiveCfg = Testing|Any CPU
		{2A3E7AE0-421E-474B-9C72-268DD6FA1072}.Testing|iPhone.Build.0 = Testing|Any CPU
		{2A3E7AE0-421E-474B-9C72-268DD6FA1072}.Testing|iPhoneSimulator.ActiveCfg = Testing|Any CPU
		{2A3E7AE0-421E-474B-9C72-268DD6FA1072}.Testing|iPhoneSimulator.Build.0 = Testing|Any CPU
		{2A3E7AE0-421E-474B-9C72-268DD6FA1072}.Testing|x64.ActiveCfg = Testing|Any CPU
		{2A3E7AE0-421E-474B-9C72-268DD6FA1072}.Testing|x64.Build.0 = Testing|Any CPU
		{2A3E7AE0-421E-474B-9C72-268DD6FA1072}.Testing|x86.ActiveCfg = Testing|Any CPU
		{2A3E7AE0-421E-474B-9C72-268DD6FA1072}.Testing|x86.Build.0 = Testing|Any CPU
		{184B7424-B553-4477-A5A4-03B23AC41C74}.Ad-Hoc|Any CPU.ActiveCfg = Release|Any CPU
		{184B7424-B553-4477-A5A4-03B23AC41C74}.Ad-Hoc|Any CPU.Build.0 = Release|Any CPU
		{184B7424-B553-4477-A5A4-03B23AC41C74}.Ad-Hoc|ARM.ActiveCfg = Release|Any CPU
		{184B7424-B553-4477-A5A4-03B23AC41C74}.Ad-Hoc|ARM.Build.0 = Release|Any CPU
		{184B7424-B553-4477-A5A4-03B23AC41C74}.Ad-Hoc|iPhone.ActiveCfg = Release|Any CPU
		{184B7424-B553-4477-A5A4-03B23AC41C74}.Ad-Hoc|iPhone.Build.0 = Release|Any CPU
		{184B7424-B553-4477-A5A4-03B23AC41C74}.Ad-Hoc|iPhoneSimulator.ActiveCfg = Release|Any CPU
		{184B7424-B553-4477-A5A4-03B23AC41C74}.Ad-Hoc|iPhoneSimulator.Build.0 = Release|Any CPU
		{184B7424-B553-4477-A5A4-03B23AC41C74}.Ad-Hoc|x64.ActiveCfg = Release|Any CPU
		{184B7424-B553-4477-A5A4-03B23AC41C74}.Ad-Hoc|x64.Build.0 = Release|Any CPU
		{184B7424-B553-4477-A5A4-03B23AC41C74}.Ad-Hoc|x86.ActiveCfg = Release|Any CPU
		{184B7424-B553-4477-A5A4-03B23AC41C74}.Ad-Hoc|x86.Build.0 = Release|Any CPU
		{184B7424-B553-4477-A5A4-03B23AC41C74}.AppStore|Any CPU.ActiveCfg = Release|Any CPU
		{184B7424-B553-4477-A5A4-03B23AC41C74}.AppStore|Any CPU.Build.0 = Release|Any CPU
		{184B7424-B553-4477-A5A4-03B23AC41C74}.AppStore|ARM.ActiveCfg = Release|Any CPU
		{184B7424-B553-4477-A5A4-03B23AC41C74}.AppStore|ARM.Build.0 = Release|Any CPU
		{184B7424-B553-4477-A5A4-03B23AC41C74}.AppStore|iPhone.ActiveCfg = Release|Any CPU
		{184B7424-B553-4477-A5A4-03B23AC41C74}.AppStore|iPhone.Build.0 = Release|Any CPU
		{184B7424-B553-4477-A5A4-03B23AC41C74}.AppStore|iPhoneSimulator.ActiveCfg = Release|Any CPU
		{184B7424-B553-4477-A5A4-03B23AC41C74}.AppStore|iPhoneSimulator.Build.0 = Release|Any CPU
		{184B7424-B553-4477-A5A4-03B23AC41C74}.AppStore|x64.ActiveCfg = Release|Any CPU
		{184B7424-B553-4477-A5A4-03B23AC41C74}.AppStore|x64.Build.0 = Release|Any CPU
		{184B7424-B553-4477-A5A4-03B23AC41C74}.AppStore|x86.ActiveCfg = Release|Any CPU
		{184B7424-B553-4477-A5A4-03B23AC41C74}.AppStore|x86.Build.0 = Release|Any CPU
		{184B7424-B553-4477-A5A4-03B23AC41C74}.Debug|Any CPU.ActiveCfg = Debug|Any CPU
		{184B7424-B553-4477-A5A4-03B23AC41C74}.Debug|Any CPU.Build.0 = Debug|Any CPU
		{184B7424-B553-4477-A5A4-03B23AC41C74}.Debug|ARM.ActiveCfg = Debug|Any CPU
		{184B7424-B553-4477-A5A4-03B23AC41C74}.Debug|ARM.Build.0 = Debug|Any CPU
		{184B7424-B553-4477-A5A4-03B23AC41C74}.Debug|iPhone.ActiveCfg = Debug|Any CPU
		{184B7424-B553-4477-A5A4-03B23AC41C74}.Debug|iPhone.Build.0 = Debug|Any CPU
		{184B7424-B553-4477-A5A4-03B23AC41C74}.Debug|iPhoneSimulator.ActiveCfg = Debug|Any CPU
		{184B7424-B553-4477-A5A4-03B23AC41C74}.Debug|iPhoneSimulator.Build.0 = Debug|Any CPU
		{184B7424-B553-4477-A5A4-03B23AC41C74}.Debug|x64.ActiveCfg = Debug|Any CPU
		{184B7424-B553-4477-A5A4-03B23AC41C74}.Debug|x64.Build.0 = Debug|Any CPU
		{184B7424-B553-4477-A5A4-03B23AC41C74}.Debug|x86.ActiveCfg = Debug|Any CPU
		{184B7424-B553-4477-A5A4-03B23AC41C74}.Debug|x86.Build.0 = Debug|Any CPU
		{184B7424-B553-4477-A5A4-03B23AC41C74}.Release|Any CPU.ActiveCfg = Release|Any CPU
		{184B7424-B553-4477-A5A4-03B23AC41C74}.Release|Any CPU.Build.0 = Release|Any CPU
		{184B7424-B553-4477-A5A4-03B23AC41C74}.Release|ARM.ActiveCfg = Release|Any CPU
		{184B7424-B553-4477-A5A4-03B23AC41C74}.Release|ARM.Build.0 = Release|Any CPU
		{184B7424-B553-4477-A5A4-03B23AC41C74}.Release|iPhone.ActiveCfg = Release|Any CPU
		{184B7424-B553-4477-A5A4-03B23AC41C74}.Release|iPhone.Build.0 = Release|Any CPU
		{184B7424-B553-4477-A5A4-03B23AC41C74}.Release|iPhoneSimulator.ActiveCfg = Release|Any CPU
		{184B7424-B553-4477-A5A4-03B23AC41C74}.Release|iPhoneSimulator.Build.0 = Release|Any CPU
		{184B7424-B553-4477-A5A4-03B23AC41C74}.Release|x64.ActiveCfg = Release|Any CPU
		{184B7424-B553-4477-A5A4-03B23AC41C74}.Release|x64.Build.0 = Release|Any CPU
		{184B7424-B553-4477-A5A4-03B23AC41C74}.Release|x86.ActiveCfg = Release|Any CPU
		{184B7424-B553-4477-A5A4-03B23AC41C74}.Release|x86.Build.0 = Release|Any CPU
		{184B7424-B553-4477-A5A4-03B23AC41C74}.Testing|Any CPU.ActiveCfg = Testing|Any CPU
		{184B7424-B553-4477-A5A4-03B23AC41C74}.Testing|Any CPU.Build.0 = Testing|Any CPU
		{184B7424-B553-4477-A5A4-03B23AC41C74}.Testing|ARM.ActiveCfg = Testing|Any CPU
		{184B7424-B553-4477-A5A4-03B23AC41C74}.Testing|ARM.Build.0 = Testing|Any CPU
		{184B7424-B553-4477-A5A4-03B23AC41C74}.Testing|iPhone.ActiveCfg = Testing|Any CPU
		{184B7424-B553-4477-A5A4-03B23AC41C74}.Testing|iPhone.Build.0 = Testing|Any CPU
		{184B7424-B553-4477-A5A4-03B23AC41C74}.Testing|iPhoneSimulator.ActiveCfg = Testing|Any CPU
		{184B7424-B553-4477-A5A4-03B23AC41C74}.Testing|iPhoneSimulator.Build.0 = Testing|Any CPU
		{184B7424-B553-4477-A5A4-03B23AC41C74}.Testing|x64.ActiveCfg = Testing|Any CPU
		{184B7424-B553-4477-A5A4-03B23AC41C74}.Testing|x64.Build.0 = Testing|Any CPU
		{184B7424-B553-4477-A5A4-03B23AC41C74}.Testing|x86.ActiveCfg = Testing|Any CPU
		{184B7424-B553-4477-A5A4-03B23AC41C74}.Testing|x86.Build.0 = Testing|Any CPU
		{0D76C2A5-8755-4185-9AA3-4BE4D9D66EFC}.Ad-Hoc|Any CPU.ActiveCfg = Release|Any CPU
		{0D76C2A5-8755-4185-9AA3-4BE4D9D66EFC}.Ad-Hoc|Any CPU.Build.0 = Release|Any CPU
		{0D76C2A5-8755-4185-9AA3-4BE4D9D66EFC}.Ad-Hoc|ARM.ActiveCfg = Release|Any CPU
		{0D76C2A5-8755-4185-9AA3-4BE4D9D66EFC}.Ad-Hoc|ARM.Build.0 = Release|Any CPU
		{0D76C2A5-8755-4185-9AA3-4BE4D9D66EFC}.Ad-Hoc|iPhone.ActiveCfg = Release|Any CPU
		{0D76C2A5-8755-4185-9AA3-4BE4D9D66EFC}.Ad-Hoc|iPhone.Build.0 = Release|Any CPU
		{0D76C2A5-8755-4185-9AA3-4BE4D9D66EFC}.Ad-Hoc|iPhoneSimulator.ActiveCfg = Release|Any CPU
		{0D76C2A5-8755-4185-9AA3-4BE4D9D66EFC}.Ad-Hoc|iPhoneSimulator.Build.0 = Release|Any CPU
		{0D76C2A5-8755-4185-9AA3-4BE4D9D66EFC}.Ad-Hoc|x64.ActiveCfg = Release|Any CPU
		{0D76C2A5-8755-4185-9AA3-4BE4D9D66EFC}.Ad-Hoc|x64.Build.0 = Release|Any CPU
		{0D76C2A5-8755-4185-9AA3-4BE4D9D66EFC}.Ad-Hoc|x86.ActiveCfg = Release|Any CPU
		{0D76C2A5-8755-4185-9AA3-4BE4D9D66EFC}.Ad-Hoc|x86.Build.0 = Release|Any CPU
		{0D76C2A5-8755-4185-9AA3-4BE4D9D66EFC}.AppStore|Any CPU.ActiveCfg = Release|Any CPU
		{0D76C2A5-8755-4185-9AA3-4BE4D9D66EFC}.AppStore|Any CPU.Build.0 = Release|Any CPU
		{0D76C2A5-8755-4185-9AA3-4BE4D9D66EFC}.AppStore|ARM.ActiveCfg = Release|Any CPU
		{0D76C2A5-8755-4185-9AA3-4BE4D9D66EFC}.AppStore|ARM.Build.0 = Release|Any CPU
		{0D76C2A5-8755-4185-9AA3-4BE4D9D66EFC}.AppStore|iPhone.ActiveCfg = Release|Any CPU
		{0D76C2A5-8755-4185-9AA3-4BE4D9D66EFC}.AppStore|iPhone.Build.0 = Release|Any CPU
		{0D76C2A5-8755-4185-9AA3-4BE4D9D66EFC}.AppStore|iPhoneSimulator.ActiveCfg = Release|Any CPU
		{0D76C2A5-8755-4185-9AA3-4BE4D9D66EFC}.AppStore|iPhoneSimulator.Build.0 = Release|Any CPU
		{0D76C2A5-8755-4185-9AA3-4BE4D9D66EFC}.AppStore|x64.ActiveCfg = Release|Any CPU
		{0D76C2A5-8755-4185-9AA3-4BE4D9D66EFC}.AppStore|x64.Build.0 = Release|Any CPU
		{0D76C2A5-8755-4185-9AA3-4BE4D9D66EFC}.AppStore|x86.ActiveCfg = Release|Any CPU
		{0D76C2A5-8755-4185-9AA3-4BE4D9D66EFC}.AppStore|x86.Build.0 = Release|Any CPU
		{0D76C2A5-8755-4185-9AA3-4BE4D9D66EFC}.Debug|Any CPU.ActiveCfg = Debug|Any CPU
		{0D76C2A5-8755-4185-9AA3-4BE4D9D66EFC}.Debug|Any CPU.Build.0 = Debug|Any CPU
		{0D76C2A5-8755-4185-9AA3-4BE4D9D66EFC}.Debug|ARM.ActiveCfg = Debug|Any CPU
		{0D76C2A5-8755-4185-9AA3-4BE4D9D66EFC}.Debug|ARM.Build.0 = Debug|Any CPU
		{0D76C2A5-8755-4185-9AA3-4BE4D9D66EFC}.Debug|iPhone.ActiveCfg = Debug|Any CPU
		{0D76C2A5-8755-4185-9AA3-4BE4D9D66EFC}.Debug|iPhone.Build.0 = Debug|Any CPU
		{0D76C2A5-8755-4185-9AA3-4BE4D9D66EFC}.Debug|iPhoneSimulator.ActiveCfg = Debug|Any CPU
		{0D76C2A5-8755-4185-9AA3-4BE4D9D66EFC}.Debug|iPhoneSimulator.Build.0 = Debug|Any CPU
		{0D76C2A5-8755-4185-9AA3-4BE4D9D66EFC}.Debug|x64.ActiveCfg = Debug|Any CPU
		{0D76C2A5-8755-4185-9AA3-4BE4D9D66EFC}.Debug|x64.Build.0 = Debug|Any CPU
		{0D76C2A5-8755-4185-9AA3-4BE4D9D66EFC}.Debug|x86.ActiveCfg = Debug|Any CPU
		{0D76C2A5-8755-4185-9AA3-4BE4D9D66EFC}.Debug|x86.Build.0 = Debug|Any CPU
		{0D76C2A5-8755-4185-9AA3-4BE4D9D66EFC}.Release|Any CPU.ActiveCfg = Release|Any CPU
		{0D76C2A5-8755-4185-9AA3-4BE4D9D66EFC}.Release|Any CPU.Build.0 = Release|Any CPU
		{0D76C2A5-8755-4185-9AA3-4BE4D9D66EFC}.Release|ARM.ActiveCfg = Release|Any CPU
		{0D76C2A5-8755-4185-9AA3-4BE4D9D66EFC}.Release|ARM.Build.0 = Release|Any CPU
		{0D76C2A5-8755-4185-9AA3-4BE4D9D66EFC}.Release|iPhone.ActiveCfg = Release|Any CPU
		{0D76C2A5-8755-4185-9AA3-4BE4D9D66EFC}.Release|iPhone.Build.0 = Release|Any CPU
		{0D76C2A5-8755-4185-9AA3-4BE4D9D66EFC}.Release|iPhoneSimulator.ActiveCfg = Release|Any CPU
		{0D76C2A5-8755-4185-9AA3-4BE4D9D66EFC}.Release|iPhoneSimulator.Build.0 = Release|Any CPU
		{0D76C2A5-8755-4185-9AA3-4BE4D9D66EFC}.Release|x64.ActiveCfg = Release|Any CPU
		{0D76C2A5-8755-4185-9AA3-4BE4D9D66EFC}.Release|x64.Build.0 = Release|Any CPU
		{0D76C2A5-8755-4185-9AA3-4BE4D9D66EFC}.Release|x86.ActiveCfg = Release|Any CPU
		{0D76C2A5-8755-4185-9AA3-4BE4D9D66EFC}.Release|x86.Build.0 = Release|Any CPU
		{0D76C2A5-8755-4185-9AA3-4BE4D9D66EFC}.Testing|Any CPU.ActiveCfg = Testing|Any CPU
		{0D76C2A5-8755-4185-9AA3-4BE4D9D66EFC}.Testing|Any CPU.Build.0 = Testing|Any CPU
		{0D76C2A5-8755-4185-9AA3-4BE4D9D66EFC}.Testing|ARM.ActiveCfg = Testing|Any CPU
		{0D76C2A5-8755-4185-9AA3-4BE4D9D66EFC}.Testing|ARM.Build.0 = Testing|Any CPU
		{0D76C2A5-8755-4185-9AA3-4BE4D9D66EFC}.Testing|iPhone.ActiveCfg = Testing|Any CPU
		{0D76C2A5-8755-4185-9AA3-4BE4D9D66EFC}.Testing|iPhone.Build.0 = Testing|Any CPU
		{0D76C2A5-8755-4185-9AA3-4BE4D9D66EFC}.Testing|iPhoneSimulator.ActiveCfg = Testing|Any CPU
		{0D76C2A5-8755-4185-9AA3-4BE4D9D66EFC}.Testing|iPhoneSimulator.Build.0 = Testing|Any CPU
		{0D76C2A5-8755-4185-9AA3-4BE4D9D66EFC}.Testing|x64.ActiveCfg = Testing|Any CPU
		{0D76C2A5-8755-4185-9AA3-4BE4D9D66EFC}.Testing|x64.Build.0 = Testing|Any CPU
		{0D76C2A5-8755-4185-9AA3-4BE4D9D66EFC}.Testing|x86.ActiveCfg = Testing|Any CPU
		{0D76C2A5-8755-4185-9AA3-4BE4D9D66EFC}.Testing|x86.Build.0 = Testing|Any CPU
		{147E6A1B-BE33-429D-9DF7-DEDD3073C7E2}.Ad-Hoc|Any CPU.ActiveCfg = Release|Any CPU
		{147E6A1B-BE33-429D-9DF7-DEDD3073C7E2}.Ad-Hoc|Any CPU.Build.0 = Release|Any CPU
		{147E6A1B-BE33-429D-9DF7-DEDD3073C7E2}.Ad-Hoc|ARM.ActiveCfg = Release|ARM
		{147E6A1B-BE33-429D-9DF7-DEDD3073C7E2}.Ad-Hoc|ARM.Build.0 = Release|ARM
		{147E6A1B-BE33-429D-9DF7-DEDD3073C7E2}.Ad-Hoc|iPhone.ActiveCfg = Release|Any CPU
		{147E6A1B-BE33-429D-9DF7-DEDD3073C7E2}.Ad-Hoc|iPhone.Build.0 = Release|Any CPU
		{147E6A1B-BE33-429D-9DF7-DEDD3073C7E2}.Ad-Hoc|iPhoneSimulator.ActiveCfg = Release|Any CPU
		{147E6A1B-BE33-429D-9DF7-DEDD3073C7E2}.Ad-Hoc|iPhoneSimulator.Build.0 = Release|Any CPU
		{147E6A1B-BE33-429D-9DF7-DEDD3073C7E2}.Ad-Hoc|x64.ActiveCfg = Release|x64
		{147E6A1B-BE33-429D-9DF7-DEDD3073C7E2}.Ad-Hoc|x64.Build.0 = Release|x64
		{147E6A1B-BE33-429D-9DF7-DEDD3073C7E2}.Ad-Hoc|x86.ActiveCfg = Release|x86
		{147E6A1B-BE33-429D-9DF7-DEDD3073C7E2}.Ad-Hoc|x86.Build.0 = Release|x86
		{147E6A1B-BE33-429D-9DF7-DEDD3073C7E2}.AppStore|Any CPU.ActiveCfg = Release|Any CPU
		{147E6A1B-BE33-429D-9DF7-DEDD3073C7E2}.AppStore|Any CPU.Build.0 = Release|Any CPU
		{147E6A1B-BE33-429D-9DF7-DEDD3073C7E2}.AppStore|ARM.ActiveCfg = Release|ARM
		{147E6A1B-BE33-429D-9DF7-DEDD3073C7E2}.AppStore|ARM.Build.0 = Release|ARM
		{147E6A1B-BE33-429D-9DF7-DEDD3073C7E2}.AppStore|iPhone.ActiveCfg = Release|Any CPU
		{147E6A1B-BE33-429D-9DF7-DEDD3073C7E2}.AppStore|iPhone.Build.0 = Release|Any CPU
		{147E6A1B-BE33-429D-9DF7-DEDD3073C7E2}.AppStore|iPhoneSimulator.ActiveCfg = Release|Any CPU
		{147E6A1B-BE33-429D-9DF7-DEDD3073C7E2}.AppStore|iPhoneSimulator.Build.0 = Release|Any CPU
		{147E6A1B-BE33-429D-9DF7-DEDD3073C7E2}.AppStore|x64.ActiveCfg = Release|x64
		{147E6A1B-BE33-429D-9DF7-DEDD3073C7E2}.AppStore|x64.Build.0 = Release|x64
		{147E6A1B-BE33-429D-9DF7-DEDD3073C7E2}.AppStore|x86.ActiveCfg = Release|x86
		{147E6A1B-BE33-429D-9DF7-DEDD3073C7E2}.AppStore|x86.Build.0 = Release|x86
		{147E6A1B-BE33-429D-9DF7-DEDD3073C7E2}.Debug|Any CPU.ActiveCfg = Debug|Any CPU
		{147E6A1B-BE33-429D-9DF7-DEDD3073C7E2}.Debug|Any CPU.Build.0 = Debug|Any CPU
		{147E6A1B-BE33-429D-9DF7-DEDD3073C7E2}.Debug|ARM.ActiveCfg = Debug|ARM
		{147E6A1B-BE33-429D-9DF7-DEDD3073C7E2}.Debug|ARM.Build.0 = Debug|ARM
		{147E6A1B-BE33-429D-9DF7-DEDD3073C7E2}.Debug|iPhone.ActiveCfg = Debug|Any CPU
		{147E6A1B-BE33-429D-9DF7-DEDD3073C7E2}.Debug|iPhone.Build.0 = Debug|Any CPU
		{147E6A1B-BE33-429D-9DF7-DEDD3073C7E2}.Debug|iPhoneSimulator.ActiveCfg = Debug|Any CPU
		{147E6A1B-BE33-429D-9DF7-DEDD3073C7E2}.Debug|iPhoneSimulator.Build.0 = Debug|Any CPU
		{147E6A1B-BE33-429D-9DF7-DEDD3073C7E2}.Debug|x64.ActiveCfg = Debug|x64
		{147E6A1B-BE33-429D-9DF7-DEDD3073C7E2}.Debug|x64.Build.0 = Debug|x64
		{147E6A1B-BE33-429D-9DF7-DEDD3073C7E2}.Debug|x86.ActiveCfg = Debug|x86
		{147E6A1B-BE33-429D-9DF7-DEDD3073C7E2}.Debug|x86.Build.0 = Debug|x86
		{147E6A1B-BE33-429D-9DF7-DEDD3073C7E2}.Release|Any CPU.ActiveCfg = Release|Any CPU
		{147E6A1B-BE33-429D-9DF7-DEDD3073C7E2}.Release|Any CPU.Build.0 = Release|Any CPU
		{147E6A1B-BE33-429D-9DF7-DEDD3073C7E2}.Release|ARM.ActiveCfg = Release|ARM
		{147E6A1B-BE33-429D-9DF7-DEDD3073C7E2}.Release|ARM.Build.0 = Release|ARM
		{147E6A1B-BE33-429D-9DF7-DEDD3073C7E2}.Release|iPhone.ActiveCfg = Release|Any CPU
		{147E6A1B-BE33-429D-9DF7-DEDD3073C7E2}.Release|iPhone.Build.0 = Release|Any CPU
		{147E6A1B-BE33-429D-9DF7-DEDD3073C7E2}.Release|iPhoneSimulator.ActiveCfg = Release|Any CPU
		{147E6A1B-BE33-429D-9DF7-DEDD3073C7E2}.Release|iPhoneSimulator.Build.0 = Release|Any CPU
		{147E6A1B-BE33-429D-9DF7-DEDD3073C7E2}.Release|x64.ActiveCfg = Release|x64
		{147E6A1B-BE33-429D-9DF7-DEDD3073C7E2}.Release|x64.Build.0 = Release|x64
		{147E6A1B-BE33-429D-9DF7-DEDD3073C7E2}.Release|x86.ActiveCfg = Release|x86
		{147E6A1B-BE33-429D-9DF7-DEDD3073C7E2}.Release|x86.Build.0 = Release|x86
		{147E6A1B-BE33-429D-9DF7-DEDD3073C7E2}.Testing|Any CPU.ActiveCfg = Testing|Any CPU
		{147E6A1B-BE33-429D-9DF7-DEDD3073C7E2}.Testing|Any CPU.Build.0 = Testing|Any CPU
		{147E6A1B-BE33-429D-9DF7-DEDD3073C7E2}.Testing|ARM.ActiveCfg = Testing|ARM
		{147E6A1B-BE33-429D-9DF7-DEDD3073C7E2}.Testing|ARM.Build.0 = Testing|ARM
		{147E6A1B-BE33-429D-9DF7-DEDD3073C7E2}.Testing|iPhone.ActiveCfg = Testing|Any CPU
		{147E6A1B-BE33-429D-9DF7-DEDD3073C7E2}.Testing|iPhone.Build.0 = Testing|Any CPU
		{147E6A1B-BE33-429D-9DF7-DEDD3073C7E2}.Testing|iPhoneSimulator.ActiveCfg = Testing|Any CPU
		{147E6A1B-BE33-429D-9DF7-DEDD3073C7E2}.Testing|iPhoneSimulator.Build.0 = Testing|Any CPU
		{147E6A1B-BE33-429D-9DF7-DEDD3073C7E2}.Testing|x64.ActiveCfg = Testing|x64
		{147E6A1B-BE33-429D-9DF7-DEDD3073C7E2}.Testing|x64.Build.0 = Testing|x64
		{147E6A1B-BE33-429D-9DF7-DEDD3073C7E2}.Testing|x86.ActiveCfg = Testing|x86
		{147E6A1B-BE33-429D-9DF7-DEDD3073C7E2}.Testing|x86.Build.0 = Testing|x86
		{5A9F162D-D161-47F6-A372-BF5F40E82042}.Ad-Hoc|Any CPU.ActiveCfg = Release|x64
		{5A9F162D-D161-47F6-A372-BF5F40E82042}.Ad-Hoc|Any CPU.Build.0 = Release|x64
		{5A9F162D-D161-47F6-A372-BF5F40E82042}.Ad-Hoc|Any CPU.Deploy.0 = Release|x64
		{5A9F162D-D161-47F6-A372-BF5F40E82042}.Ad-Hoc|ARM.ActiveCfg = Release|ARM
		{5A9F162D-D161-47F6-A372-BF5F40E82042}.Ad-Hoc|ARM.Build.0 = Release|ARM
		{5A9F162D-D161-47F6-A372-BF5F40E82042}.Ad-Hoc|ARM.Deploy.0 = Release|ARM
		{5A9F162D-D161-47F6-A372-BF5F40E82042}.Ad-Hoc|iPhone.ActiveCfg = Release|x64
		{5A9F162D-D161-47F6-A372-BF5F40E82042}.Ad-Hoc|iPhone.Build.0 = Release|x64
		{5A9F162D-D161-47F6-A372-BF5F40E82042}.Ad-Hoc|iPhone.Deploy.0 = Release|x64
		{5A9F162D-D161-47F6-A372-BF5F40E82042}.Ad-Hoc|iPhoneSimulator.ActiveCfg = Release|x64
		{5A9F162D-D161-47F6-A372-BF5F40E82042}.Ad-Hoc|iPhoneSimulator.Build.0 = Release|x64
		{5A9F162D-D161-47F6-A372-BF5F40E82042}.Ad-Hoc|iPhoneSimulator.Deploy.0 = Release|x64
		{5A9F162D-D161-47F6-A372-BF5F40E82042}.Ad-Hoc|x64.ActiveCfg = Release|x64
		{5A9F162D-D161-47F6-A372-BF5F40E82042}.Ad-Hoc|x64.Build.0 = Release|x64
		{5A9F162D-D161-47F6-A372-BF5F40E82042}.Ad-Hoc|x64.Deploy.0 = Release|x64
		{5A9F162D-D161-47F6-A372-BF5F40E82042}.Ad-Hoc|x86.ActiveCfg = Release|x86
		{5A9F162D-D161-47F6-A372-BF5F40E82042}.Ad-Hoc|x86.Build.0 = Release|x86
		{5A9F162D-D161-47F6-A372-BF5F40E82042}.Ad-Hoc|x86.Deploy.0 = Release|x86
		{5A9F162D-D161-47F6-A372-BF5F40E82042}.AppStore|Any CPU.ActiveCfg = Release|x64
		{5A9F162D-D161-47F6-A372-BF5F40E82042}.AppStore|Any CPU.Build.0 = Release|x64
		{5A9F162D-D161-47F6-A372-BF5F40E82042}.AppStore|Any CPU.Deploy.0 = Release|x64
		{5A9F162D-D161-47F6-A372-BF5F40E82042}.AppStore|ARM.ActiveCfg = Release|ARM
		{5A9F162D-D161-47F6-A372-BF5F40E82042}.AppStore|ARM.Build.0 = Release|ARM
		{5A9F162D-D161-47F6-A372-BF5F40E82042}.AppStore|ARM.Deploy.0 = Release|ARM
		{5A9F162D-D161-47F6-A372-BF5F40E82042}.AppStore|iPhone.ActiveCfg = Release|x64
		{5A9F162D-D161-47F6-A372-BF5F40E82042}.AppStore|iPhone.Build.0 = Release|x64
		{5A9F162D-D161-47F6-A372-BF5F40E82042}.AppStore|iPhone.Deploy.0 = Release|x64
		{5A9F162D-D161-47F6-A372-BF5F40E82042}.AppStore|iPhoneSimulator.ActiveCfg = Release|x64
		{5A9F162D-D161-47F6-A372-BF5F40E82042}.AppStore|iPhoneSimulator.Build.0 = Release|x64
		{5A9F162D-D161-47F6-A372-BF5F40E82042}.AppStore|iPhoneSimulator.Deploy.0 = Release|x64
		{5A9F162D-D161-47F6-A372-BF5F40E82042}.AppStore|x64.ActiveCfg = Release|x64
		{5A9F162D-D161-47F6-A372-BF5F40E82042}.AppStore|x64.Build.0 = Release|x64
		{5A9F162D-D161-47F6-A372-BF5F40E82042}.AppStore|x64.Deploy.0 = Release|x64
		{5A9F162D-D161-47F6-A372-BF5F40E82042}.AppStore|x86.ActiveCfg = Release|x86
		{5A9F162D-D161-47F6-A372-BF5F40E82042}.AppStore|x86.Build.0 = Release|x86
		{5A9F162D-D161-47F6-A372-BF5F40E82042}.AppStore|x86.Deploy.0 = Release|x86
		{5A9F162D-D161-47F6-A372-BF5F40E82042}.Debug|Any CPU.ActiveCfg = Debug|x86
		{5A9F162D-D161-47F6-A372-BF5F40E82042}.Debug|ARM.ActiveCfg = Debug|ARM
		{5A9F162D-D161-47F6-A372-BF5F40E82042}.Debug|iPhone.ActiveCfg = Debug|x86
		{5A9F162D-D161-47F6-A372-BF5F40E82042}.Debug|iPhoneSimulator.ActiveCfg = Debug|x86
		{5A9F162D-D161-47F6-A372-BF5F40E82042}.Debug|x64.ActiveCfg = Debug|x64
		{5A9F162D-D161-47F6-A372-BF5F40E82042}.Debug|x86.ActiveCfg = Debug|x86
		{5A9F162D-D161-47F6-A372-BF5F40E82042}.Release|Any CPU.ActiveCfg = Release|x86
		{5A9F162D-D161-47F6-A372-BF5F40E82042}.Release|ARM.ActiveCfg = Release|ARM
		{5A9F162D-D161-47F6-A372-BF5F40E82042}.Release|iPhone.ActiveCfg = Release|x86
		{5A9F162D-D161-47F6-A372-BF5F40E82042}.Release|iPhoneSimulator.ActiveCfg = Release|x86
		{5A9F162D-D161-47F6-A372-BF5F40E82042}.Release|x64.ActiveCfg = Release|x64
		{5A9F162D-D161-47F6-A372-BF5F40E82042}.Release|x86.ActiveCfg = Release|x86
		{5A9F162D-D161-47F6-A372-BF5F40E82042}.Testing|Any CPU.ActiveCfg = Testing|x86
		{5A9F162D-D161-47F6-A372-BF5F40E82042}.Testing|Any CPU.Build.0 = Testing|x86
		{5A9F162D-D161-47F6-A372-BF5F40E82042}.Testing|ARM.ActiveCfg = Testing|ARM
		{5A9F162D-D161-47F6-A372-BF5F40E82042}.Testing|ARM.Deploy.0 = Testing|ARM
		{5A9F162D-D161-47F6-A372-BF5F40E82042}.Testing|iPhone.ActiveCfg = Testing|x86
		{5A9F162D-D161-47F6-A372-BF5F40E82042}.Testing|iPhoneSimulator.ActiveCfg = Testing|x86
		{5A9F162D-D161-47F6-A372-BF5F40E82042}.Testing|iPhoneSimulator.Build.0 = Testing|x86
		{5A9F162D-D161-47F6-A372-BF5F40E82042}.Testing|iPhoneSimulator.Deploy.0 = Testing|x86
		{5A9F162D-D161-47F6-A372-BF5F40E82042}.Testing|x64.ActiveCfg = Testing|x64
		{5A9F162D-D161-47F6-A372-BF5F40E82042}.Testing|x64.Deploy.0 = Testing|x64
		{5A9F162D-D161-47F6-A372-BF5F40E82042}.Testing|x86.ActiveCfg = Testing|x86
		{5A9F162D-D161-47F6-A372-BF5F40E82042}.Testing|x86.Deploy.0 = Testing|x86
		{C6C3B369-EF49-4816-990D-2DAB89D6E277}.Ad-Hoc|Any CPU.ActiveCfg = Release|Any CPU
		{C6C3B369-EF49-4816-990D-2DAB89D6E277}.Ad-Hoc|Any CPU.Build.0 = Release|Any CPU
		{C6C3B369-EF49-4816-990D-2DAB89D6E277}.Ad-Hoc|Any CPU.Deploy.0 = Release|Any CPU
		{C6C3B369-EF49-4816-990D-2DAB89D6E277}.Ad-Hoc|ARM.ActiveCfg = Release|Any CPU
		{C6C3B369-EF49-4816-990D-2DAB89D6E277}.Ad-Hoc|ARM.Build.0 = Release|Any CPU
		{C6C3B369-EF49-4816-990D-2DAB89D6E277}.Ad-Hoc|ARM.Deploy.0 = Release|Any CPU
		{C6C3B369-EF49-4816-990D-2DAB89D6E277}.Ad-Hoc|iPhone.ActiveCfg = Release|Any CPU
		{C6C3B369-EF49-4816-990D-2DAB89D6E277}.Ad-Hoc|iPhone.Build.0 = Release|Any CPU
		{C6C3B369-EF49-4816-990D-2DAB89D6E277}.Ad-Hoc|iPhone.Deploy.0 = Release|Any CPU
		{C6C3B369-EF49-4816-990D-2DAB89D6E277}.Ad-Hoc|iPhoneSimulator.ActiveCfg = Release|Any CPU
		{C6C3B369-EF49-4816-990D-2DAB89D6E277}.Ad-Hoc|iPhoneSimulator.Build.0 = Release|Any CPU
		{C6C3B369-EF49-4816-990D-2DAB89D6E277}.Ad-Hoc|iPhoneSimulator.Deploy.0 = Release|Any CPU
		{C6C3B369-EF49-4816-990D-2DAB89D6E277}.Ad-Hoc|x64.ActiveCfg = Release|Any CPU
		{C6C3B369-EF49-4816-990D-2DAB89D6E277}.Ad-Hoc|x64.Build.0 = Release|Any CPU
		{C6C3B369-EF49-4816-990D-2DAB89D6E277}.Ad-Hoc|x64.Deploy.0 = Release|Any CPU
		{C6C3B369-EF49-4816-990D-2DAB89D6E277}.Ad-Hoc|x86.ActiveCfg = Release|Any CPU
		{C6C3B369-EF49-4816-990D-2DAB89D6E277}.Ad-Hoc|x86.Build.0 = Release|Any CPU
		{C6C3B369-EF49-4816-990D-2DAB89D6E277}.Ad-Hoc|x86.Deploy.0 = Release|Any CPU
		{C6C3B369-EF49-4816-990D-2DAB89D6E277}.AppStore|Any CPU.ActiveCfg = Release|Any CPU
		{C6C3B369-EF49-4816-990D-2DAB89D6E277}.AppStore|Any CPU.Build.0 = Release|Any CPU
		{C6C3B369-EF49-4816-990D-2DAB89D6E277}.AppStore|Any CPU.Deploy.0 = Release|Any CPU
		{C6C3B369-EF49-4816-990D-2DAB89D6E277}.AppStore|ARM.ActiveCfg = Release|Any CPU
		{C6C3B369-EF49-4816-990D-2DAB89D6E277}.AppStore|ARM.Build.0 = Release|Any CPU
		{C6C3B369-EF49-4816-990D-2DAB89D6E277}.AppStore|ARM.Deploy.0 = Release|Any CPU
		{C6C3B369-EF49-4816-990D-2DAB89D6E277}.AppStore|iPhone.ActiveCfg = Release|Any CPU
		{C6C3B369-EF49-4816-990D-2DAB89D6E277}.AppStore|iPhone.Build.0 = Release|Any CPU
		{C6C3B369-EF49-4816-990D-2DAB89D6E277}.AppStore|iPhone.Deploy.0 = Release|Any CPU
		{C6C3B369-EF49-4816-990D-2DAB89D6E277}.AppStore|iPhoneSimulator.ActiveCfg = Release|Any CPU
		{C6C3B369-EF49-4816-990D-2DAB89D6E277}.AppStore|iPhoneSimulator.Build.0 = Release|Any CPU
		{C6C3B369-EF49-4816-990D-2DAB89D6E277}.AppStore|iPhoneSimulator.Deploy.0 = Release|Any CPU
		{C6C3B369-EF49-4816-990D-2DAB89D6E277}.AppStore|x64.ActiveCfg = Release|Any CPU
		{C6C3B369-EF49-4816-990D-2DAB89D6E277}.AppStore|x64.Build.0 = Release|Any CPU
		{C6C3B369-EF49-4816-990D-2DAB89D6E277}.AppStore|x64.Deploy.0 = Release|Any CPU
		{C6C3B369-EF49-4816-990D-2DAB89D6E277}.AppStore|x86.ActiveCfg = Release|Any CPU
		{C6C3B369-EF49-4816-990D-2DAB89D6E277}.AppStore|x86.Build.0 = Release|Any CPU
		{C6C3B369-EF49-4816-990D-2DAB89D6E277}.AppStore|x86.Deploy.0 = Release|Any CPU
		{C6C3B369-EF49-4816-990D-2DAB89D6E277}.Debug|Any CPU.ActiveCfg = Debug|Any CPU
		{C6C3B369-EF49-4816-990D-2DAB89D6E277}.Debug|ARM.ActiveCfg = Debug|Any CPU
		{C6C3B369-EF49-4816-990D-2DAB89D6E277}.Debug|iPhone.ActiveCfg = Debug|Any CPU
		{C6C3B369-EF49-4816-990D-2DAB89D6E277}.Debug|iPhoneSimulator.ActiveCfg = Debug|Any CPU
		{C6C3B369-EF49-4816-990D-2DAB89D6E277}.Debug|x64.ActiveCfg = Debug|Any CPU
		{C6C3B369-EF49-4816-990D-2DAB89D6E277}.Debug|x86.ActiveCfg = Debug|Any CPU
		{C6C3B369-EF49-4816-990D-2DAB89D6E277}.Release|Any CPU.ActiveCfg = Release|Any CPU
		{C6C3B369-EF49-4816-990D-2DAB89D6E277}.Release|ARM.ActiveCfg = Release|Any CPU
		{C6C3B369-EF49-4816-990D-2DAB89D6E277}.Release|iPhone.ActiveCfg = Release|Any CPU
		{C6C3B369-EF49-4816-990D-2DAB89D6E277}.Release|iPhoneSimulator.ActiveCfg = Release|Any CPU
		{C6C3B369-EF49-4816-990D-2DAB89D6E277}.Release|x64.ActiveCfg = Release|Any CPU
		{C6C3B369-EF49-4816-990D-2DAB89D6E277}.Release|x86.ActiveCfg = Release|Any CPU
		{C6C3B369-EF49-4816-990D-2DAB89D6E277}.Testing|Any CPU.ActiveCfg = Testing|Any CPU
		{C6C3B369-EF49-4816-990D-2DAB89D6E277}.Testing|Any CPU.Build.0 = Testing|Any CPU
		{C6C3B369-EF49-4816-990D-2DAB89D6E277}.Testing|Any CPU.Deploy.0 = Testing|Any CPU
		{C6C3B369-EF49-4816-990D-2DAB89D6E277}.Testing|ARM.ActiveCfg = Testing|Any CPU
		{C6C3B369-EF49-4816-990D-2DAB89D6E277}.Testing|ARM.Build.0 = Testing|Any CPU
		{C6C3B369-EF49-4816-990D-2DAB89D6E277}.Testing|ARM.Deploy.0 = Testing|Any CPU
		{C6C3B369-EF49-4816-990D-2DAB89D6E277}.Testing|iPhone.ActiveCfg = Testing|Any CPU
		{C6C3B369-EF49-4816-990D-2DAB89D6E277}.Testing|iPhone.Build.0 = Testing|Any CPU
		{C6C3B369-EF49-4816-990D-2DAB89D6E277}.Testing|iPhone.Deploy.0 = Testing|Any CPU
		{C6C3B369-EF49-4816-990D-2DAB89D6E277}.Testing|iPhoneSimulator.ActiveCfg = Testing|Any CPU
		{C6C3B369-EF49-4816-990D-2DAB89D6E277}.Testing|iPhoneSimulator.Build.0 = Testing|Any CPU
		{C6C3B369-EF49-4816-990D-2DAB89D6E277}.Testing|iPhoneSimulator.Deploy.0 = Testing|Any CPU
		{C6C3B369-EF49-4816-990D-2DAB89D6E277}.Testing|x64.ActiveCfg = Testing|Any CPU
		{C6C3B369-EF49-4816-990D-2DAB89D6E277}.Testing|x64.Build.0 = Testing|Any CPU
		{C6C3B369-EF49-4816-990D-2DAB89D6E277}.Testing|x64.Deploy.0 = Testing|Any CPU
		{C6C3B369-EF49-4816-990D-2DAB89D6E277}.Testing|x86.ActiveCfg = Testing|Any CPU
		{C6C3B369-EF49-4816-990D-2DAB89D6E277}.Testing|x86.Build.0 = Testing|Any CPU
		{C6C3B369-EF49-4816-990D-2DAB89D6E277}.Testing|x86.Deploy.0 = Testing|Any CPU
		{97013BDF-59EF-4CFF-87B0-78CA28BF3462}.Ad-Hoc|Any CPU.ActiveCfg = Ad-Hoc|iPhone
		{97013BDF-59EF-4CFF-87B0-78CA28BF3462}.Ad-Hoc|ARM.ActiveCfg = Ad-Hoc|iPhone
		{97013BDF-59EF-4CFF-87B0-78CA28BF3462}.Ad-Hoc|iPhone.ActiveCfg = Ad-Hoc|iPhone
		{97013BDF-59EF-4CFF-87B0-78CA28BF3462}.Ad-Hoc|iPhone.Build.0 = Ad-Hoc|iPhone
		{97013BDF-59EF-4CFF-87B0-78CA28BF3462}.Ad-Hoc|iPhoneSimulator.ActiveCfg = Ad-Hoc|iPhoneSimulator
		{97013BDF-59EF-4CFF-87B0-78CA28BF3462}.Ad-Hoc|iPhoneSimulator.Build.0 = Ad-Hoc|iPhoneSimulator
		{97013BDF-59EF-4CFF-87B0-78CA28BF3462}.Ad-Hoc|x64.ActiveCfg = Ad-Hoc|iPhone
		{97013BDF-59EF-4CFF-87B0-78CA28BF3462}.Ad-Hoc|x86.ActiveCfg = Ad-Hoc|iPhone
		{97013BDF-59EF-4CFF-87B0-78CA28BF3462}.AppStore|Any CPU.ActiveCfg = AppStore|iPhone
		{97013BDF-59EF-4CFF-87B0-78CA28BF3462}.AppStore|ARM.ActiveCfg = AppStore|iPhone
		{97013BDF-59EF-4CFF-87B0-78CA28BF3462}.AppStore|iPhone.ActiveCfg = AppStore|iPhone
		{97013BDF-59EF-4CFF-87B0-78CA28BF3462}.AppStore|iPhone.Build.0 = AppStore|iPhone
		{97013BDF-59EF-4CFF-87B0-78CA28BF3462}.AppStore|iPhoneSimulator.ActiveCfg = AppStore|iPhoneSimulator
		{97013BDF-59EF-4CFF-87B0-78CA28BF3462}.AppStore|iPhoneSimulator.Build.0 = AppStore|iPhoneSimulator
		{97013BDF-59EF-4CFF-87B0-78CA28BF3462}.AppStore|x64.ActiveCfg = AppStore|iPhone
		{97013BDF-59EF-4CFF-87B0-78CA28BF3462}.AppStore|x86.ActiveCfg = AppStore|iPhone
		{97013BDF-59EF-4CFF-87B0-78CA28BF3462}.Debug|Any CPU.ActiveCfg = Debug|iPhone
		{97013BDF-59EF-4CFF-87B0-78CA28BF3462}.Debug|ARM.ActiveCfg = Debug|iPhone
		{97013BDF-59EF-4CFF-87B0-78CA28BF3462}.Debug|iPhone.ActiveCfg = Debug|iPhone
		{97013BDF-59EF-4CFF-87B0-78CA28BF3462}.Debug|iPhoneSimulator.ActiveCfg = Debug|iPhoneSimulator
		{97013BDF-59EF-4CFF-87B0-78CA28BF3462}.Debug|x64.ActiveCfg = Debug|iPhone
		{97013BDF-59EF-4CFF-87B0-78CA28BF3462}.Debug|x86.ActiveCfg = Debug|iPhone
		{97013BDF-59EF-4CFF-87B0-78CA28BF3462}.Release|Any CPU.ActiveCfg = Release|iPhone
		{97013BDF-59EF-4CFF-87B0-78CA28BF3462}.Release|ARM.ActiveCfg = Release|iPhone
		{97013BDF-59EF-4CFF-87B0-78CA28BF3462}.Release|iPhone.ActiveCfg = Release|iPhone
		{97013BDF-59EF-4CFF-87B0-78CA28BF3462}.Release|iPhoneSimulator.ActiveCfg = Release|iPhoneSimulator
		{97013BDF-59EF-4CFF-87B0-78CA28BF3462}.Release|x64.ActiveCfg = Release|iPhone
		{97013BDF-59EF-4CFF-87B0-78CA28BF3462}.Release|x86.ActiveCfg = Release|iPhone
		{97013BDF-59EF-4CFF-87B0-78CA28BF3462}.Testing|Any CPU.ActiveCfg = Testing|iPhone
		{97013BDF-59EF-4CFF-87B0-78CA28BF3462}.Testing|Any CPU.Build.0 = Testing|iPhone
		{97013BDF-59EF-4CFF-87B0-78CA28BF3462}.Testing|ARM.ActiveCfg = Testing|iPhone
		{97013BDF-59EF-4CFF-87B0-78CA28BF3462}.Testing|iPhone.ActiveCfg = Testing|iPhone
		{97013BDF-59EF-4CFF-87B0-78CA28BF3462}.Testing|iPhoneSimulator.ActiveCfg = Testing|iPhoneSimulator
		{97013BDF-59EF-4CFF-87B0-78CA28BF3462}.Testing|iPhoneSimulator.Build.0 = Testing|iPhoneSimulator
		{97013BDF-59EF-4CFF-87B0-78CA28BF3462}.Testing|x64.ActiveCfg = Testing|iPhone
		{97013BDF-59EF-4CFF-87B0-78CA28BF3462}.Testing|x86.ActiveCfg = Testing|iPhone
	EndGlobalSection
	GlobalSection(SolutionProperties) = preSolution
		HideSolutionNode = FALSE
	EndGlobalSection
	GlobalSection(NestedProjects) = preSolution
		{5A9F162D-D161-47F6-A372-BF5F40E82042} = {85B17027-153E-4146-A8D3-58E8F710F0A2}
		{C6C3B369-EF49-4816-990D-2DAB89D6E277} = {85B17027-153E-4146-A8D3-58E8F710F0A2}
		{97013BDF-59EF-4CFF-87B0-78CA28BF3462} = {85B17027-153E-4146-A8D3-58E8F710F0A2}
	EndGlobalSection
EndGlobal
