
Microsoft Visual Studio Solution File, Format Version 12.00
# Visual Studio 15
VisualStudioVersion = 15.0.26228.9
MinimumVisualStudioVersion = 10.0.40219.1
Project("{FAE04EC0-301F-11D3-BF4B-00C04F79EFBC}") = "XPlat.Device.Geolocation.Common", "XPlat.Common\XPlat.Device.Geolocation.Common.csproj", "{1C7B8F43-DE7E-4EFA-B622-E3EED28C43A1}"
EndProject
Project("{FAE04EC0-301F-11D3-BF4B-00C04F79EFBC}") = "XPlat.Core", "XPlat.Core\XPlat.Core.csproj", "{4586695B-7E5C-4977-9BCD-CD7144E21A97}"
EndProject
Project("{2150E333-8FDC-42A3-9474-1A3956D46DE8}") = "iOS", "iOS", "{CEC0EAF3-C028-43F8-A05A-6D2D00E6526C}"
EndProject
Project("{2150E333-8FDC-42A3-9474-1A3956D46DE8}") = "Android", "Android", "{28C598F6-74F5-4C2E-9BB1-B1142C3E327D}"
EndProject
Project("{2150E333-8FDC-42A3-9474-1A3956D46DE8}") = "Windows", "Windows", "{B9C1A977-4057-499B-95BF-AE347F506F15}"
EndProject
Project("{FAE04EC0-301F-11D3-BF4B-00C04F79EFBC}") = "XPlat.Device.Geolocation.Droid", "XPlat.Device.Geolocation.Droid\XPlat.Device.Geolocation.Droid.csproj", "{D1998FC4-4D94-4256-A7FA-45D679521FF6}"
EndProject
Project("{FAE04EC0-301F-11D3-BF4B-00C04F79EFBC}") = "XPlat.Device.Geolocation.iOS", "XPlat.Device.Geolocation.iOS\XPlat.Device.Geolocation.iOS.csproj", "{69CE740C-4485-4AC0-BF75-E863E445700E}"
EndProject
Project("{FAE04EC0-301F-11D3-BF4B-00C04F79EFBC}") = "XPlat.Device.Geolocation.UWP", "XPlat.Device.Geolocation.UWP\XPlat.Device.Geolocation.UWP.csproj", "{E26F8A5A-CCED-4DA9-9E80-05A3075E4D9B}"
EndProject
Project("{FAE04EC0-301F-11D3-BF4B-00C04F79EFBC}") = "XPlat.Device.Display.Common", "XPlat.Device.Display.Common\XPlat.Device.Display.Common.csproj", "{CBEC1318-09A6-4B4F-B8D2-B252403FC1CA}"
EndProject
Project("{FAE04EC0-301F-11D3-BF4B-00C04F79EFBC}") = "XPlat.Device.Display.UWP", "XPlat.Device.Display\XPlat.Device.Display.UWP.csproj", "{9C08722E-F132-4FCC-A14A-9AED3AB79D92}"
EndProject
Project("{FAE04EC0-301F-11D3-BF4B-00C04F79EFBC}") = "XPlat.Device.Display.iOS", "XPlat.Device.Display.iOS\XPlat.Device.Display.iOS.csproj", "{EFA62C23-7FAF-4A1A-9F37-E2E73A18A0F6}"
EndProject
Project("{FAE04EC0-301F-11D3-BF4B-00C04F79EFBC}") = "XPlat.Device.Display.Droid", "XPlat.Device.Display.Droid\XPlat.Device.Display.Droid.csproj", "{87A57ABB-AFB1-4A7F-B3BA-6E08A5EF73D5}"
EndProject
Global
	GlobalSection(SolutionConfigurationPlatforms) = preSolution
		Debug|Any CPU = Debug|Any CPU
		Debug|ARM = Debug|ARM
		Debug|x64 = Debug|x64
		Debug|x86 = Debug|x86
		Release|Any CPU = Release|Any CPU
		Release|ARM = Release|ARM
		Release|x64 = Release|x64
		Release|x86 = Release|x86
	EndGlobalSection
	GlobalSection(ProjectConfigurationPlatforms) = postSolution
		{1C7B8F43-DE7E-4EFA-B622-E3EED28C43A1}.Debug|Any CPU.ActiveCfg = Debug|Any CPU
		{1C7B8F43-DE7E-4EFA-B622-E3EED28C43A1}.Debug|Any CPU.Build.0 = Debug|Any CPU
		{1C7B8F43-DE7E-4EFA-B622-E3EED28C43A1}.Debug|ARM.ActiveCfg = Debug|Any CPU
		{1C7B8F43-DE7E-4EFA-B622-E3EED28C43A1}.Debug|ARM.Build.0 = Debug|Any CPU
		{1C7B8F43-DE7E-4EFA-B622-E3EED28C43A1}.Debug|x64.ActiveCfg = Debug|Any CPU
		{1C7B8F43-DE7E-4EFA-B622-E3EED28C43A1}.Debug|x64.Build.0 = Debug|Any CPU
		{1C7B8F43-DE7E-4EFA-B622-E3EED28C43A1}.Debug|x86.ActiveCfg = Debug|Any CPU
		{1C7B8F43-DE7E-4EFA-B622-E3EED28C43A1}.Debug|x86.Build.0 = Debug|Any CPU
		{1C7B8F43-DE7E-4EFA-B622-E3EED28C43A1}.Release|Any CPU.ActiveCfg = Release|Any CPU
		{1C7B8F43-DE7E-4EFA-B622-E3EED28C43A1}.Release|Any CPU.Build.0 = Release|Any CPU
		{1C7B8F43-DE7E-4EFA-B622-E3EED28C43A1}.Release|ARM.ActiveCfg = Release|Any CPU
		{1C7B8F43-DE7E-4EFA-B622-E3EED28C43A1}.Release|ARM.Build.0 = Release|Any CPU
		{1C7B8F43-DE7E-4EFA-B622-E3EED28C43A1}.Release|x64.ActiveCfg = Release|Any CPU
		{1C7B8F43-DE7E-4EFA-B622-E3EED28C43A1}.Release|x64.Build.0 = Release|Any CPU
		{1C7B8F43-DE7E-4EFA-B622-E3EED28C43A1}.Release|x86.ActiveCfg = Release|Any CPU
		{1C7B8F43-DE7E-4EFA-B622-E3EED28C43A1}.Release|x86.Build.0 = Release|Any CPU
		{4586695B-7E5C-4977-9BCD-CD7144E21A97}.Debug|Any CPU.ActiveCfg = Debug|Any CPU
		{4586695B-7E5C-4977-9BCD-CD7144E21A97}.Debug|Any CPU.Build.0 = Debug|Any CPU
		{4586695B-7E5C-4977-9BCD-CD7144E21A97}.Debug|ARM.ActiveCfg = Debug|Any CPU
		{4586695B-7E5C-4977-9BCD-CD7144E21A97}.Debug|ARM.Build.0 = Debug|Any CPU
		{4586695B-7E5C-4977-9BCD-CD7144E21A97}.Debug|x64.ActiveCfg = Debug|Any CPU
		{4586695B-7E5C-4977-9BCD-CD7144E21A97}.Debug|x64.Build.0 = Debug|Any CPU
		{4586695B-7E5C-4977-9BCD-CD7144E21A97}.Debug|x86.ActiveCfg = Debug|Any CPU
		{4586695B-7E5C-4977-9BCD-CD7144E21A97}.Debug|x86.Build.0 = Debug|Any CPU
		{4586695B-7E5C-4977-9BCD-CD7144E21A97}.Release|Any CPU.ActiveCfg = Release|Any CPU
		{4586695B-7E5C-4977-9BCD-CD7144E21A97}.Release|Any CPU.Build.0 = Release|Any CPU
		{4586695B-7E5C-4977-9BCD-CD7144E21A97}.Release|ARM.ActiveCfg = Release|Any CPU
		{4586695B-7E5C-4977-9BCD-CD7144E21A97}.Release|ARM.Build.0 = Release|Any CPU
		{4586695B-7E5C-4977-9BCD-CD7144E21A97}.Release|x64.ActiveCfg = Release|Any CPU
		{4586695B-7E5C-4977-9BCD-CD7144E21A97}.Release|x64.Build.0 = Release|Any CPU
		{4586695B-7E5C-4977-9BCD-CD7144E21A97}.Release|x86.ActiveCfg = Release|Any CPU
		{4586695B-7E5C-4977-9BCD-CD7144E21A97}.Release|x86.Build.0 = Release|Any CPU
		{D1998FC4-4D94-4256-A7FA-45D679521FF6}.Debug|Any CPU.ActiveCfg = Debug|Any CPU
		{D1998FC4-4D94-4256-A7FA-45D679521FF6}.Debug|Any CPU.Build.0 = Debug|Any CPU
		{D1998FC4-4D94-4256-A7FA-45D679521FF6}.Debug|ARM.ActiveCfg = Debug|Any CPU
		{D1998FC4-4D94-4256-A7FA-45D679521FF6}.Debug|ARM.Build.0 = Debug|Any CPU
		{D1998FC4-4D94-4256-A7FA-45D679521FF6}.Debug|x64.ActiveCfg = Debug|Any CPU
		{D1998FC4-4D94-4256-A7FA-45D679521FF6}.Debug|x64.Build.0 = Debug|Any CPU
		{D1998FC4-4D94-4256-A7FA-45D679521FF6}.Debug|x86.ActiveCfg = Debug|Any CPU
		{D1998FC4-4D94-4256-A7FA-45D679521FF6}.Debug|x86.Build.0 = Debug|Any CPU
		{D1998FC4-4D94-4256-A7FA-45D679521FF6}.Release|Any CPU.ActiveCfg = Release|Any CPU
		{D1998FC4-4D94-4256-A7FA-45D679521FF6}.Release|Any CPU.Build.0 = Release|Any CPU
		{D1998FC4-4D94-4256-A7FA-45D679521FF6}.Release|ARM.ActiveCfg = Release|Any CPU
		{D1998FC4-4D94-4256-A7FA-45D679521FF6}.Release|ARM.Build.0 = Release|Any CPU
		{D1998FC4-4D94-4256-A7FA-45D679521FF6}.Release|x64.ActiveCfg = Release|Any CPU
		{D1998FC4-4D94-4256-A7FA-45D679521FF6}.Release|x64.Build.0 = Release|Any CPU
		{D1998FC4-4D94-4256-A7FA-45D679521FF6}.Release|x86.ActiveCfg = Release|Any CPU
		{D1998FC4-4D94-4256-A7FA-45D679521FF6}.Release|x86.Build.0 = Release|Any CPU
		{69CE740C-4485-4AC0-BF75-E863E445700E}.Debug|Any CPU.ActiveCfg = Debug|Any CPU
		{69CE740C-4485-4AC0-BF75-E863E445700E}.Debug|Any CPU.Build.0 = Debug|Any CPU
		{69CE740C-4485-4AC0-BF75-E863E445700E}.Debug|ARM.ActiveCfg = Debug|Any CPU
		{69CE740C-4485-4AC0-BF75-E863E445700E}.Debug|ARM.Build.0 = Debug|Any CPU
		{69CE740C-4485-4AC0-BF75-E863E445700E}.Debug|x64.ActiveCfg = Debug|Any CPU
		{69CE740C-4485-4AC0-BF75-E863E445700E}.Debug|x64.Build.0 = Debug|Any CPU
		{69CE740C-4485-4AC0-BF75-E863E445700E}.Debug|x86.ActiveCfg = Debug|Any CPU
		{69CE740C-4485-4AC0-BF75-E863E445700E}.Debug|x86.Build.0 = Debug|Any CPU
		{69CE740C-4485-4AC0-BF75-E863E445700E}.Release|Any CPU.ActiveCfg = Release|Any CPU
		{69CE740C-4485-4AC0-BF75-E863E445700E}.Release|Any CPU.Build.0 = Release|Any CPU
		{69CE740C-4485-4AC0-BF75-E863E445700E}.Release|ARM.ActiveCfg = Release|Any CPU
		{69CE740C-4485-4AC0-BF75-E863E445700E}.Release|ARM.Build.0 = Release|Any CPU
		{69CE740C-4485-4AC0-BF75-E863E445700E}.Release|x64.ActiveCfg = Release|Any CPU
		{69CE740C-4485-4AC0-BF75-E863E445700E}.Release|x64.Build.0 = Release|Any CPU
		{69CE740C-4485-4AC0-BF75-E863E445700E}.Release|x86.ActiveCfg = Release|Any CPU
		{69CE740C-4485-4AC0-BF75-E863E445700E}.Release|x86.Build.0 = Release|Any CPU
		{E26F8A5A-CCED-4DA9-9E80-05A3075E4D9B}.Debug|Any CPU.ActiveCfg = Debug|Any CPU
		{E26F8A5A-CCED-4DA9-9E80-05A3075E4D9B}.Debug|Any CPU.Build.0 = Debug|Any CPU
		{E26F8A5A-CCED-4DA9-9E80-05A3075E4D9B}.Debug|ARM.ActiveCfg = Debug|ARM
		{E26F8A5A-CCED-4DA9-9E80-05A3075E4D9B}.Debug|ARM.Build.0 = Debug|ARM
		{E26F8A5A-CCED-4DA9-9E80-05A3075E4D9B}.Debug|x64.ActiveCfg = Debug|x64
		{E26F8A5A-CCED-4DA9-9E80-05A3075E4D9B}.Debug|x64.Build.0 = Debug|x64
		{E26F8A5A-CCED-4DA9-9E80-05A3075E4D9B}.Debug|x86.ActiveCfg = Debug|x86
		{E26F8A5A-CCED-4DA9-9E80-05A3075E4D9B}.Debug|x86.Build.0 = Debug|x86
		{E26F8A5A-CCED-4DA9-9E80-05A3075E4D9B}.Release|Any CPU.ActiveCfg = Release|Any CPU
		{E26F8A5A-CCED-4DA9-9E80-05A3075E4D9B}.Release|Any CPU.Build.0 = Release|Any CPU
		{E26F8A5A-CCED-4DA9-9E80-05A3075E4D9B}.Release|ARM.ActiveCfg = Release|ARM
		{E26F8A5A-CCED-4DA9-9E80-05A3075E4D9B}.Release|ARM.Build.0 = Release|ARM
		{E26F8A5A-CCED-4DA9-9E80-05A3075E4D9B}.Release|x64.ActiveCfg = Release|x64
		{E26F8A5A-CCED-4DA9-9E80-05A3075E4D9B}.Release|x64.Build.0 = Release|x64
		{E26F8A5A-CCED-4DA9-9E80-05A3075E4D9B}.Release|x86.ActiveCfg = Release|x86
		{E26F8A5A-CCED-4DA9-9E80-05A3075E4D9B}.Release|x86.Build.0 = Release|x86
		{CBEC1318-09A6-4B4F-B8D2-B252403FC1CA}.Debug|Any CPU.ActiveCfg = Debug|Any CPU
		{CBEC1318-09A6-4B4F-B8D2-B252403FC1CA}.Debug|Any CPU.Build.0 = Debug|Any CPU
		{CBEC1318-09A6-4B4F-B8D2-B252403FC1CA}.Debug|ARM.ActiveCfg = Debug|Any CPU
		{CBEC1318-09A6-4B4F-B8D2-B252403FC1CA}.Debug|ARM.Build.0 = Debug|Any CPU
		{CBEC1318-09A6-4B4F-B8D2-B252403FC1CA}.Debug|x64.ActiveCfg = Debug|Any CPU
		{CBEC1318-09A6-4B4F-B8D2-B252403FC1CA}.Debug|x64.Build.0 = Debug|Any CPU
		{CBEC1318-09A6-4B4F-B8D2-B252403FC1CA}.Debug|x86.ActiveCfg = Debug|Any CPU
		{CBEC1318-09A6-4B4F-B8D2-B252403FC1CA}.Debug|x86.Build.0 = Debug|Any CPU
		{CBEC1318-09A6-4B4F-B8D2-B252403FC1CA}.Release|Any CPU.ActiveCfg = Release|Any CPU
		{CBEC1318-09A6-4B4F-B8D2-B252403FC1CA}.Release|Any CPU.Build.0 = Release|Any CPU
		{CBEC1318-09A6-4B4F-B8D2-B252403FC1CA}.Release|ARM.ActiveCfg = Release|Any CPU
		{CBEC1318-09A6-4B4F-B8D2-B252403FC1CA}.Release|ARM.Build.0 = Release|Any CPU
		{CBEC1318-09A6-4B4F-B8D2-B252403FC1CA}.Release|x64.ActiveCfg = Release|Any CPU
		{CBEC1318-09A6-4B4F-B8D2-B252403FC1CA}.Release|x64.Build.0 = Release|Any CPU
		{CBEC1318-09A6-4B4F-B8D2-B252403FC1CA}.Release|x86.ActiveCfg = Release|Any CPU
		{CBEC1318-09A6-4B4F-B8D2-B252403FC1CA}.Release|x86.Build.0 = Release|Any CPU
		{9C08722E-F132-4FCC-A14A-9AED3AB79D92}.Debug|Any CPU.ActiveCfg = Debug|Any CPU
		{9C08722E-F132-4FCC-A14A-9AED3AB79D92}.Debug|Any CPU.Build.0 = Debug|Any CPU
		{9C08722E-F132-4FCC-A14A-9AED3AB79D92}.Debug|ARM.ActiveCfg = Debug|ARM
		{9C08722E-F132-4FCC-A14A-9AED3AB79D92}.Debug|ARM.Build.0 = Debug|ARM
		{9C08722E-F132-4FCC-A14A-9AED3AB79D92}.Debug|x64.ActiveCfg = Debug|x64
		{9C08722E-F132-4FCC-A14A-9AED3AB79D92}.Debug|x64.Build.0 = Debug|x64
		{9C08722E-F132-4FCC-A14A-9AED3AB79D92}.Debug|x86.ActiveCfg = Debug|x86
		{9C08722E-F132-4FCC-A14A-9AED3AB79D92}.Debug|x86.Build.0 = Debug|x86
		{9C08722E-F132-4FCC-A14A-9AED3AB79D92}.Release|Any CPU.ActiveCfg = Release|Any CPU
		{9C08722E-F132-4FCC-A14A-9AED3AB79D92}.Release|Any CPU.Build.0 = Release|Any CPU
		{9C08722E-F132-4FCC-A14A-9AED3AB79D92}.Release|ARM.ActiveCfg = Release|ARM
		{9C08722E-F132-4FCC-A14A-9AED3AB79D92}.Release|ARM.Build.0 = Release|ARM
		{9C08722E-F132-4FCC-A14A-9AED3AB79D92}.Release|x64.ActiveCfg = Release|x64
		{9C08722E-F132-4FCC-A14A-9AED3AB79D92}.Release|x64.Build.0 = Release|x64
		{9C08722E-F132-4FCC-A14A-9AED3AB79D92}.Release|x86.ActiveCfg = Release|x86
		{9C08722E-F132-4FCC-A14A-9AED3AB79D92}.Release|x86.Build.0 = Release|x86
		{EFA62C23-7FAF-4A1A-9F37-E2E73A18A0F6}.Debug|Any CPU.ActiveCfg = Debug|Any CPU
		{EFA62C23-7FAF-4A1A-9F37-E2E73A18A0F6}.Debug|Any CPU.Build.0 = Debug|Any CPU
		{EFA62C23-7FAF-4A1A-9F37-E2E73A18A0F6}.Debug|ARM.ActiveCfg = Debug|Any CPU
		{EFA62C23-7FAF-4A1A-9F37-E2E73A18A0F6}.Debug|ARM.Build.0 = Debug|Any CPU
		{EFA62C23-7FAF-4A1A-9F37-E2E73A18A0F6}.Debug|x64.ActiveCfg = Debug|Any CPU
		{EFA62C23-7FAF-4A1A-9F37-E2E73A18A0F6}.Debug|x64.Build.0 = Debug|Any CPU
		{EFA62C23-7FAF-4A1A-9F37-E2E73A18A0F6}.Debug|x86.ActiveCfg = Debug|Any CPU
		{EFA62C23-7FAF-4A1A-9F37-E2E73A18A0F6}.Debug|x86.Build.0 = Debug|Any CPU
		{EFA62C23-7FAF-4A1A-9F37-E2E73A18A0F6}.Release|Any CPU.ActiveCfg = Release|Any CPU
		{EFA62C23-7FAF-4A1A-9F37-E2E73A18A0F6}.Release|Any CPU.Build.0 = Release|Any CPU
		{EFA62C23-7FAF-4A1A-9F37-E2E73A18A0F6}.Release|ARM.ActiveCfg = Release|Any CPU
		{EFA62C23-7FAF-4A1A-9F37-E2E73A18A0F6}.Release|ARM.Build.0 = Release|Any CPU
		{EFA62C23-7FAF-4A1A-9F37-E2E73A18A0F6}.Release|x64.ActiveCfg = Release|Any CPU
		{EFA62C23-7FAF-4A1A-9F37-E2E73A18A0F6}.Release|x64.Build.0 = Release|Any CPU
		{EFA62C23-7FAF-4A1A-9F37-E2E73A18A0F6}.Release|x86.ActiveCfg = Release|Any CPU
		{EFA62C23-7FAF-4A1A-9F37-E2E73A18A0F6}.Release|x86.Build.0 = Release|Any CPU
		{87A57ABB-AFB1-4A7F-B3BA-6E08A5EF73D5}.Debug|Any CPU.ActiveCfg = Debug|Any CPU
		{87A57ABB-AFB1-4A7F-B3BA-6E08A5EF73D5}.Debug|Any CPU.Build.0 = Debug|Any CPU
		{87A57ABB-AFB1-4A7F-B3BA-6E08A5EF73D5}.Debug|ARM.ActiveCfg = Debug|Any CPU
		{87A57ABB-AFB1-4A7F-B3BA-6E08A5EF73D5}.Debug|ARM.Build.0 = Debug|Any CPU
		{87A57ABB-AFB1-4A7F-B3BA-6E08A5EF73D5}.Debug|x64.ActiveCfg = Debug|Any CPU
		{87A57ABB-AFB1-4A7F-B3BA-6E08A5EF73D5}.Debug|x64.Build.0 = Debug|Any CPU
		{87A57ABB-AFB1-4A7F-B3BA-6E08A5EF73D5}.Debug|x86.ActiveCfg = Debug|Any CPU
		{87A57ABB-AFB1-4A7F-B3BA-6E08A5EF73D5}.Debug|x86.Build.0 = Debug|Any CPU
		{87A57ABB-AFB1-4A7F-B3BA-6E08A5EF73D5}.Release|Any CPU.ActiveCfg = Release|Any CPU
		{87A57ABB-AFB1-4A7F-B3BA-6E08A5EF73D5}.Release|Any CPU.Build.0 = Release|Any CPU
		{87A57ABB-AFB1-4A7F-B3BA-6E08A5EF73D5}.Release|ARM.ActiveCfg = Release|Any CPU
		{87A57ABB-AFB1-4A7F-B3BA-6E08A5EF73D5}.Release|ARM.Build.0 = Release|Any CPU
		{87A57ABB-AFB1-4A7F-B3BA-6E08A5EF73D5}.Release|x64.ActiveCfg = Release|Any CPU
		{87A57ABB-AFB1-4A7F-B3BA-6E08A5EF73D5}.Release|x64.Build.0 = Release|Any CPU
		{87A57ABB-AFB1-4A7F-B3BA-6E08A5EF73D5}.Release|x86.ActiveCfg = Release|Any CPU
		{87A57ABB-AFB1-4A7F-B3BA-6E08A5EF73D5}.Release|x86.Build.0 = Release|Any CPU
	EndGlobalSection
	GlobalSection(SolutionProperties) = preSolution
		HideSolutionNode = FALSE
	EndGlobalSection
	GlobalSection(NestedProjects) = preSolution
		{D1998FC4-4D94-4256-A7FA-45D679521FF6} = {28C598F6-74F5-4C2E-9BB1-B1142C3E327D}
		{69CE740C-4485-4AC0-BF75-E863E445700E} = {CEC0EAF3-C028-43F8-A05A-6D2D00E6526C}
		{E26F8A5A-CCED-4DA9-9E80-05A3075E4D9B} = {B9C1A977-4057-499B-95BF-AE347F506F15}
		{9C08722E-F132-4FCC-A14A-9AED3AB79D92} = {B9C1A977-4057-499B-95BF-AE347F506F15}
		{EFA62C23-7FAF-4A1A-9F37-E2E73A18A0F6} = {CEC0EAF3-C028-43F8-A05A-6D2D00E6526C}
		{87A57ABB-AFB1-4A7F-B3BA-6E08A5EF73D5} = {28C598F6-74F5-4C2E-9BB1-B1142C3E327D}
	EndGlobalSection
EndGlobal
