
Microsoft Visual Studio Solution File, Format Version 12.00
# Visual Studio 15
VisualStudioVersion = 15.0.26430.15
MinimumVisualStudioVersion = 10.0.40219.1
Project("{2150E333-8FDC-42A3-9474-1A3956D46DE8}") = "API", "API", "{D1AEF003-632F-4A32-8281-32F22FD47EA6}"
EndProject
Project("{2150E333-8FDC-42A3-9474-1A3956D46DE8}") = "Tests", "Tests", "{D999DCBF-510C-47AC-8B80-3995DDEB9855}"
EndProject
Project("{9A19103F-16F7-4668-BE54-9A1E7A4F7556}") = "XPlat.Devices.Geolocation", "XPlat.Devices.Geolocation\XPlat.Devices.Geolocation.csproj", "{43D61348-7B9C-4E96-B4E6-9AB34537EF3C}"
EndProject
Project("{9A19103F-16F7-4668-BE54-9A1E7A4F7556}") = "XPlat.Devices.Display", "XPlat.Devices.Display\XPlat.Devices.Display.csproj", "{CA8BD9A9-288F-4AF7-8CFC-3B65D2776B0C}"
EndProject
Project("{9A19103F-16F7-4668-BE54-9A1E7A4F7556}") = "XPlat.Foundation", "XPlat.Foundation\XPlat.Foundation.csproj", "{32E91160-AD0A-4AE1-944B-0F39305BC65C}"
EndProject
Project("{9A19103F-16F7-4668-BE54-9A1E7A4F7556}") = "XPlat.Core", "XPlat.Core\XPlat.Core.csproj", "{77A76F2F-5226-4454-B030-D4DFDEC6573B}"
EndProject
Project("{9A19103F-16F7-4668-BE54-9A1E7A4F7556}") = "XPlat.Devices.Launcher", "XPlat.Devices.Launcher\XPlat.Devices.Launcher.csproj", "{75FBCF99-A80E-4A3E-9BD2-94FAF0FC9022}"
EndProject
Project("{9A19103F-16F7-4668-BE54-9A1E7A4F7556}") = "XPlat.Storage", "XPlat.Storage\XPlat.Storage.csproj", "{212B0428-3E12-4490-A3CA-7609D26FED19}"
EndProject
Project("{9A19103F-16F7-4668-BE54-9A1E7A4F7556}") = "XPlat.UnitTests", "XPlat.UnitTests\XPlat.UnitTests.csproj", "{873A2FF4-B5EB-49BB-AA06-557E0E2BDBD0}"
EndProject
Project("{9A19103F-16F7-4668-BE54-9A1E7A4F7556}") = "XPlat.Devices.Power", "XPlat.Devices.Power\XPlat.Devices.Power.csproj", "{B094382D-916B-49BC-93F5-3E06E464A008}"
EndProject
Project("{9A19103F-16F7-4668-BE54-9A1E7A4F7556}") = "XPlat.Media.Capture", "XPlat.Media.Capture\XPlat.Media.Capture.csproj", "{C4504BBD-E3D3-4D2E-BE83-865EAF558AA9}"
EndProject
Project("{9A19103F-16F7-4668-BE54-9A1E7A4F7556}") = "XPlat.Storage.Pickers", "XPlat.Storage.Pickers\XPlat.Storage.Pickers.csproj", "{23E4798B-8F59-408A-A714-FFB8CBD0B3FE}"
EndProject
Project("{9A19103F-16F7-4668-BE54-9A1E7A4F7556}") = "XPlat.UI.Core", "XPlat.UI.Core\XPlat.UI.Core.csproj", "{FC1117F0-1777-4F8A-B0FC-A5A7873B3A57}"
EndProject
Global
	GlobalSection(SolutionConfigurationPlatforms) = preSolution
		Debug|Any CPU = Debug|Any CPU
		Release|Any CPU = Release|Any CPU
	EndGlobalSection
	GlobalSection(ProjectConfigurationPlatforms) = postSolution
		{43D61348-7B9C-4E96-B4E6-9AB34537EF3C}.Debug|Any CPU.ActiveCfg = Debug|Any CPU
		{43D61348-7B9C-4E96-B4E6-9AB34537EF3C}.Debug|Any CPU.Build.0 = Debug|Any CPU
		{43D61348-7B9C-4E96-B4E6-9AB34537EF3C}.Release|Any CPU.ActiveCfg = Release|Any CPU
		{43D61348-7B9C-4E96-B4E6-9AB34537EF3C}.Release|Any CPU.Build.0 = Release|Any CPU
		{CA8BD9A9-288F-4AF7-8CFC-3B65D2776B0C}.Debug|Any CPU.ActiveCfg = Debug|Any CPU
		{CA8BD9A9-288F-4AF7-8CFC-3B65D2776B0C}.Debug|Any CPU.Build.0 = Debug|Any CPU
		{CA8BD9A9-288F-4AF7-8CFC-3B65D2776B0C}.Release|Any CPU.ActiveCfg = Release|Any CPU
		{CA8BD9A9-288F-4AF7-8CFC-3B65D2776B0C}.Release|Any CPU.Build.0 = Release|Any CPU
		{32E91160-AD0A-4AE1-944B-0F39305BC65C}.Debug|Any CPU.ActiveCfg = Debug|Any CPU
		{32E91160-AD0A-4AE1-944B-0F39305BC65C}.Debug|Any CPU.Build.0 = Debug|Any CPU
		{32E91160-AD0A-4AE1-944B-0F39305BC65C}.Release|Any CPU.ActiveCfg = Release|Any CPU
		{32E91160-AD0A-4AE1-944B-0F39305BC65C}.Release|Any CPU.Build.0 = Release|Any CPU
		{77A76F2F-5226-4454-B030-D4DFDEC6573B}.Debug|Any CPU.ActiveCfg = Debug|Any CPU
		{77A76F2F-5226-4454-B030-D4DFDEC6573B}.Debug|Any CPU.Build.0 = Debug|Any CPU
		{77A76F2F-5226-4454-B030-D4DFDEC6573B}.Release|Any CPU.ActiveCfg = Release|Any CPU
		{77A76F2F-5226-4454-B030-D4DFDEC6573B}.Release|Any CPU.Build.0 = Release|Any CPU
		{75FBCF99-A80E-4A3E-9BD2-94FAF0FC9022}.Debug|Any CPU.ActiveCfg = Debug|Any CPU
		{75FBCF99-A80E-4A3E-9BD2-94FAF0FC9022}.Debug|Any CPU.Build.0 = Debug|Any CPU
		{75FBCF99-A80E-4A3E-9BD2-94FAF0FC9022}.Release|Any CPU.ActiveCfg = Release|Any CPU
		{75FBCF99-A80E-4A3E-9BD2-94FAF0FC9022}.Release|Any CPU.Build.0 = Release|Any CPU
		{212B0428-3E12-4490-A3CA-7609D26FED19}.Debug|Any CPU.ActiveCfg = Debug|Any CPU
		{212B0428-3E12-4490-A3CA-7609D26FED19}.Debug|Any CPU.Build.0 = Debug|Any CPU
		{212B0428-3E12-4490-A3CA-7609D26FED19}.Release|Any CPU.ActiveCfg = Release|Any CPU
		{212B0428-3E12-4490-A3CA-7609D26FED19}.Release|Any CPU.Build.0 = Release|Any CPU
		{873A2FF4-B5EB-49BB-AA06-557E0E2BDBD0}.Debug|Any CPU.ActiveCfg = Debug|Any CPU
		{873A2FF4-B5EB-49BB-AA06-557E0E2BDBD0}.Debug|Any CPU.Build.0 = Debug|Any CPU
		{873A2FF4-B5EB-49BB-AA06-557E0E2BDBD0}.Release|Any CPU.ActiveCfg = Release|Any CPU
		{873A2FF4-B5EB-49BB-AA06-557E0E2BDBD0}.Release|Any CPU.Build.0 = Release|Any CPU
		{B094382D-916B-49BC-93F5-3E06E464A008}.Debug|Any CPU.ActiveCfg = Debug|Any CPU
		{B094382D-916B-49BC-93F5-3E06E464A008}.Debug|Any CPU.Build.0 = Debug|Any CPU
		{B094382D-916B-49BC-93F5-3E06E464A008}.Release|Any CPU.ActiveCfg = Release|Any CPU
		{B094382D-916B-49BC-93F5-3E06E464A008}.Release|Any CPU.Build.0 = Release|Any CPU
		{C4504BBD-E3D3-4D2E-BE83-865EAF558AA9}.Debug|Any CPU.ActiveCfg = Debug|Any CPU
		{C4504BBD-E3D3-4D2E-BE83-865EAF558AA9}.Debug|Any CPU.Build.0 = Debug|Any CPU
		{C4504BBD-E3D3-4D2E-BE83-865EAF558AA9}.Release|Any CPU.ActiveCfg = Release|Any CPU
		{C4504BBD-E3D3-4D2E-BE83-865EAF558AA9}.Release|Any CPU.Build.0 = Release|Any CPU
		{23E4798B-8F59-408A-A714-FFB8CBD0B3FE}.Debug|Any CPU.ActiveCfg = Debug|Any CPU
		{23E4798B-8F59-408A-A714-FFB8CBD0B3FE}.Debug|Any CPU.Build.0 = Debug|Any CPU
		{23E4798B-8F59-408A-A714-FFB8CBD0B3FE}.Release|Any CPU.ActiveCfg = Release|Any CPU
		{23E4798B-8F59-408A-A714-FFB8CBD0B3FE}.Release|Any CPU.Build.0 = Release|Any CPU
		{FC1117F0-1777-4F8A-B0FC-A5A7873B3A57}.Debug|Any CPU.ActiveCfg = Debug|Any CPU
		{FC1117F0-1777-4F8A-B0FC-A5A7873B3A57}.Debug|Any CPU.Build.0 = Debug|Any CPU
		{FC1117F0-1777-4F8A-B0FC-A5A7873B3A57}.Release|Any CPU.ActiveCfg = Release|Any CPU
		{FC1117F0-1777-4F8A-B0FC-A5A7873B3A57}.Release|Any CPU.Build.0 = Release|Any CPU
	EndGlobalSection
	GlobalSection(SolutionProperties) = preSolution
		HideSolutionNode = FALSE
	EndGlobalSection
	GlobalSection(NestedProjects) = preSolution
		{43D61348-7B9C-4E96-B4E6-9AB34537EF3C} = {D1AEF003-632F-4A32-8281-32F22FD47EA6}
		{CA8BD9A9-288F-4AF7-8CFC-3B65D2776B0C} = {D1AEF003-632F-4A32-8281-32F22FD47EA6}
		{32E91160-AD0A-4AE1-944B-0F39305BC65C} = {D1AEF003-632F-4A32-8281-32F22FD47EA6}
		{77A76F2F-5226-4454-B030-D4DFDEC6573B} = {D1AEF003-632F-4A32-8281-32F22FD47EA6}
		{75FBCF99-A80E-4A3E-9BD2-94FAF0FC9022} = {D1AEF003-632F-4A32-8281-32F22FD47EA6}
		{212B0428-3E12-4490-A3CA-7609D26FED19} = {D1AEF003-632F-4A32-8281-32F22FD47EA6}
		{873A2FF4-B5EB-49BB-AA06-557E0E2BDBD0} = {D999DCBF-510C-47AC-8B80-3995DDEB9855}
		{B094382D-916B-49BC-93F5-3E06E464A008} = {D1AEF003-632F-4A32-8281-32F22FD47EA6}
		{C4504BBD-E3D3-4D2E-BE83-865EAF558AA9} = {D1AEF003-632F-4A32-8281-32F22FD47EA6}
		{23E4798B-8F59-408A-A714-FFB8CBD0B3FE} = {D1AEF003-632F-4A32-8281-32F22FD47EA6}
		{FC1117F0-1777-4F8A-B0FC-A5A7873B3A57} = {D1AEF003-632F-4A32-8281-32F22FD47EA6}
	EndGlobalSection
	GlobalSection(ExtensibilityGlobals) = postSolution
		SolutionGuid = {D974AA36-9622-4207-B11A-D2648ADC3DC9}
	EndGlobalSection
EndGlobal
