
Microsoft Visual Studio Solution File, Format Version 12.00
# Visual Studio 14
VisualStudioVersion = 14.0.25420.1
MinimumVisualStudioVersion = 10.0.40219.1
Project("{FAE04EC0-301F-11D3-BF4B-00C04F79EFBC}") = "XamarinApiToolkit.Android.Tests", "XamarinApiToolkit.Android.Tests\XamarinApiToolkit.Android.Tests.csproj", "{6D2F8B10-D363-4D86-BDF8-AB3010D45103}"
EndProject
Project("{2150E333-8FDC-42A3-9474-1A3956D46DE8}") = "Projects", "Projects", "{04A3C3B0-8C2C-4B1F-85B6-5D2C138867A2}"
EndProject
Project("{FAE04EC0-301F-11D3-BF4B-00C04F79EFBC}") = "XamarinApiToolkit", "XamarinApiToolkit\XamarinApiToolkit.csproj", "{C273353E-3E3A-4D04-99B0-90AD253C8623}"
EndProject
Project("{FAE04EC0-301F-11D3-BF4B-00C04F79EFBC}") = "XamarinApiToolkit.Android", "XamarinApiToolkit.Android\XamarinApiToolkit.Android.csproj", "{2A3E7AE0-421E-474B-9C72-268DD6FA1072}"
EndProject
Project("{FAE04EC0-301F-11D3-BF4B-00C04F79EFBC}") = "XamarinApiToolkit.Common", "XamarinApiToolkit.Common\XamarinApiToolkit.Common.csproj", "{184B7424-B553-4477-A5A4-03B23AC41C74}"
EndProject
Project("{FAE04EC0-301F-11D3-BF4B-00C04F79EFBC}") = "XamarinApiToolkit.iOS", "XamarinApiToolkit.iOS\XamarinApiToolkit.iOS.csproj", "{0D76C2A5-8755-4185-9AA3-4BE4D9D66EFC}"
EndProject
Project("{FAE04EC0-301F-11D3-BF4B-00C04F79EFBC}") = "XamarinApiToolkit.UWP", "XamarinApiToolkit.UWP\XamarinApiToolkit.UWP.csproj", "{147E6A1B-BE33-429D-9DF7-DEDD3073C7E2}"
EndProject
Project("{FAE04EC0-301F-11D3-BF4B-00C04F79EFBC}") = "XamarinApiToolkit.iOS.Tests", "XamarinApiToolkit.iOS.Tests\XamarinApiToolkit.iOS.Tests.csproj", "{CC76C8B4-9B90-4D53-8BDB-28E76A85FF01}"
EndProject
Project("{FAE04EC0-301F-11D3-BF4B-00C04F79EFBC}") = "XamarinApiToolkit.UWP.Tests", "XamarinApiToolkit.UWP.Tests\XamarinApiToolkit.UWP.Tests.csproj", "{B4AE3CAD-60A5-4D2A-9865-AE1C7CD506EC}"
EndProject
Project("{FAE04EC0-301F-11D3-BF4B-00C04F79EFBC}") = "XamarinApiToolkit.UWP.UITests", "XamarinApiToolkit.UWP.UITests\XamarinApiToolkit.UWP.UITests.csproj", "{EA0E5683-02D5-4E7C-867E-CE588274EBB5}"
EndProject
Global
	GlobalSection(SolutionConfigurationPlatforms) = preSolution
		Ad-Hoc|Any CPU = Ad-Hoc|Any CPU
		Ad-Hoc|ARM = Ad-Hoc|ARM
		Ad-Hoc|iPhone = Ad-Hoc|iPhone
		Ad-Hoc|iPhoneSimulator = Ad-Hoc|iPhoneSimulator
		Ad-Hoc|x64 = Ad-Hoc|x64
		Ad-Hoc|x86 = Ad-Hoc|x86
		AppStore|Any CPU = AppStore|Any CPU
		AppStore|ARM = AppStore|ARM
		AppStore|iPhone = AppStore|iPhone
		AppStore|iPhoneSimulator = AppStore|iPhoneSimulator
		AppStore|x64 = AppStore|x64
		AppStore|x86 = AppStore|x86
		Debug|Any CPU = Debug|Any CPU
		Debug|ARM = Debug|ARM
		Debug|iPhone = Debug|iPhone
		Debug|iPhoneSimulator = Debug|iPhoneSimulator
		Debug|x64 = Debug|x64
		Debug|x86 = Debug|x86
		Release|Any CPU = Release|Any CPU
		Release|ARM = Release|ARM
		Release|iPhone = Release|iPhone
		Release|iPhoneSimulator = Release|iPhoneSimulator
		Release|x64 = Release|x64
		Release|x86 = Release|x86
	EndGlobalSection
	GlobalSection(ProjectConfigurationPlatforms) = postSolution
		{6D2F8B10-D363-4D86-BDF8-AB3010D45103}.Ad-Hoc|Any CPU.ActiveCfg = Release|Any CPU
		{6D2F8B10-D363-4D86-BDF8-AB3010D45103}.Ad-Hoc|Any CPU.Build.0 = Release|Any CPU
		{6D2F8B10-D363-4D86-BDF8-AB3010D45103}.Ad-Hoc|Any CPU.Deploy.0 = Release|Any CPU
		{6D2F8B10-D363-4D86-BDF8-AB3010D45103}.Ad-Hoc|ARM.ActiveCfg = Release|Any CPU
		{6D2F8B10-D363-4D86-BDF8-AB3010D45103}.Ad-Hoc|ARM.Build.0 = Release|Any CPU
		{6D2F8B10-D363-4D86-BDF8-AB3010D45103}.Ad-Hoc|ARM.Deploy.0 = Release|Any CPU
		{6D2F8B10-D363-4D86-BDF8-AB3010D45103}.Ad-Hoc|iPhone.ActiveCfg = Release|Any CPU
		{6D2F8B10-D363-4D86-BDF8-AB3010D45103}.Ad-Hoc|iPhone.Build.0 = Release|Any CPU
		{6D2F8B10-D363-4D86-BDF8-AB3010D45103}.Ad-Hoc|iPhone.Deploy.0 = Release|Any CPU
		{6D2F8B10-D363-4D86-BDF8-AB3010D45103}.Ad-Hoc|iPhoneSimulator.ActiveCfg = Release|Any CPU
		{6D2F8B10-D363-4D86-BDF8-AB3010D45103}.Ad-Hoc|iPhoneSimulator.Build.0 = Release|Any CPU
		{6D2F8B10-D363-4D86-BDF8-AB3010D45103}.Ad-Hoc|iPhoneSimulator.Deploy.0 = Release|Any CPU
		{6D2F8B10-D363-4D86-BDF8-AB3010D45103}.Ad-Hoc|x64.ActiveCfg = Release|Any CPU
		{6D2F8B10-D363-4D86-BDF8-AB3010D45103}.Ad-Hoc|x64.Build.0 = Release|Any CPU
		{6D2F8B10-D363-4D86-BDF8-AB3010D45103}.Ad-Hoc|x64.Deploy.0 = Release|Any CPU
		{6D2F8B10-D363-4D86-BDF8-AB3010D45103}.Ad-Hoc|x86.ActiveCfg = Release|Any CPU
		{6D2F8B10-D363-4D86-BDF8-AB3010D45103}.Ad-Hoc|x86.Build.0 = Release|Any CPU
		{6D2F8B10-D363-4D86-BDF8-AB3010D45103}.Ad-Hoc|x86.Deploy.0 = Release|Any CPU
		{6D2F8B10-D363-4D86-BDF8-AB3010D45103}.AppStore|Any CPU.ActiveCfg = Release|Any CPU
		{6D2F8B10-D363-4D86-BDF8-AB3010D45103}.AppStore|Any CPU.Build.0 = Release|Any CPU
		{6D2F8B10-D363-4D86-BDF8-AB3010D45103}.AppStore|Any CPU.Deploy.0 = Release|Any CPU
		{6D2F8B10-D363-4D86-BDF8-AB3010D45103}.AppStore|ARM.ActiveCfg = Release|Any CPU
		{6D2F8B10-D363-4D86-BDF8-AB3010D45103}.AppStore|ARM.Build.0 = Release|Any CPU
		{6D2F8B10-D363-4D86-BDF8-AB3010D45103}.AppStore|ARM.Deploy.0 = Release|Any CPU
		{6D2F8B10-D363-4D86-BDF8-AB3010D45103}.AppStore|iPhone.ActiveCfg = Release|Any CPU
		{6D2F8B10-D363-4D86-BDF8-AB3010D45103}.AppStore|iPhone.Build.0 = Release|Any CPU
		{6D2F8B10-D363-4D86-BDF8-AB3010D45103}.AppStore|iPhone.Deploy.0 = Release|Any CPU
		{6D2F8B10-D363-4D86-BDF8-AB3010D45103}.AppStore|iPhoneSimulator.ActiveCfg = Release|Any CPU
		{6D2F8B10-D363-4D86-BDF8-AB3010D45103}.AppStore|iPhoneSimulator.Build.0 = Release|Any CPU
		{6D2F8B10-D363-4D86-BDF8-AB3010D45103}.AppStore|iPhoneSimulator.Deploy.0 = Release|Any CPU
		{6D2F8B10-D363-4D86-BDF8-AB3010D45103}.AppStore|x64.ActiveCfg = Release|Any CPU
		{6D2F8B10-D363-4D86-BDF8-AB3010D45103}.AppStore|x64.Build.0 = Release|Any CPU
		{6D2F8B10-D363-4D86-BDF8-AB3010D45103}.AppStore|x64.Deploy.0 = Release|Any CPU
		{6D2F8B10-D363-4D86-BDF8-AB3010D45103}.AppStore|x86.ActiveCfg = Release|Any CPU
		{6D2F8B10-D363-4D86-BDF8-AB3010D45103}.AppStore|x86.Build.0 = Release|Any CPU
		{6D2F8B10-D363-4D86-BDF8-AB3010D45103}.AppStore|x86.Deploy.0 = Release|Any CPU
		{6D2F8B10-D363-4D86-BDF8-AB3010D45103}.Debug|Any CPU.ActiveCfg = Debug|Any CPU
		{6D2F8B10-D363-4D86-BDF8-AB3010D45103}.Debug|Any CPU.Build.0 = Debug|Any CPU
		{6D2F8B10-D363-4D86-BDF8-AB3010D45103}.Debug|Any CPU.Deploy.0 = Debug|Any CPU
		{6D2F8B10-D363-4D86-BDF8-AB3010D45103}.Debug|ARM.ActiveCfg = Debug|Any CPU
		{6D2F8B10-D363-4D86-BDF8-AB3010D45103}.Debug|ARM.Build.0 = Debug|Any CPU
		{6D2F8B10-D363-4D86-BDF8-AB3010D45103}.Debug|ARM.Deploy.0 = Debug|Any CPU
		{6D2F8B10-D363-4D86-BDF8-AB3010D45103}.Debug|iPhone.ActiveCfg = Debug|Any CPU
		{6D2F8B10-D363-4D86-BDF8-AB3010D45103}.Debug|iPhone.Build.0 = Debug|Any CPU
		{6D2F8B10-D363-4D86-BDF8-AB3010D45103}.Debug|iPhone.Deploy.0 = Debug|Any CPU
		{6D2F8B10-D363-4D86-BDF8-AB3010D45103}.Debug|iPhoneSimulator.ActiveCfg = Debug|Any CPU
		{6D2F8B10-D363-4D86-BDF8-AB3010D45103}.Debug|iPhoneSimulator.Build.0 = Debug|Any CPU
		{6D2F8B10-D363-4D86-BDF8-AB3010D45103}.Debug|iPhoneSimulator.Deploy.0 = Debug|Any CPU
		{6D2F8B10-D363-4D86-BDF8-AB3010D45103}.Debug|x64.ActiveCfg = Debug|Any CPU
		{6D2F8B10-D363-4D86-BDF8-AB3010D45103}.Debug|x64.Build.0 = Debug|Any CPU
		{6D2F8B10-D363-4D86-BDF8-AB3010D45103}.Debug|x64.Deploy.0 = Debug|Any CPU
		{6D2F8B10-D363-4D86-BDF8-AB3010D45103}.Debug|x86.ActiveCfg = Debug|Any CPU
		{6D2F8B10-D363-4D86-BDF8-AB3010D45103}.Debug|x86.Build.0 = Debug|Any CPU
		{6D2F8B10-D363-4D86-BDF8-AB3010D45103}.Debug|x86.Deploy.0 = Debug|Any CPU
		{6D2F8B10-D363-4D86-BDF8-AB3010D45103}.Release|Any CPU.ActiveCfg = Release|Any CPU
		{6D2F8B10-D363-4D86-BDF8-AB3010D45103}.Release|Any CPU.Build.0 = Release|Any CPU
		{6D2F8B10-D363-4D86-BDF8-AB3010D45103}.Release|Any CPU.Deploy.0 = Release|Any CPU
		{6D2F8B10-D363-4D86-BDF8-AB3010D45103}.Release|ARM.ActiveCfg = Release|Any CPU
		{6D2F8B10-D363-4D86-BDF8-AB3010D45103}.Release|ARM.Build.0 = Release|Any CPU
		{6D2F8B10-D363-4D86-BDF8-AB3010D45103}.Release|ARM.Deploy.0 = Release|Any CPU
		{6D2F8B10-D363-4D86-BDF8-AB3010D45103}.Release|iPhone.ActiveCfg = Release|Any CPU
		{6D2F8B10-D363-4D86-BDF8-AB3010D45103}.Release|iPhone.Build.0 = Release|Any CPU
		{6D2F8B10-D363-4D86-BDF8-AB3010D45103}.Release|iPhone.Deploy.0 = Release|Any CPU
		{6D2F8B10-D363-4D86-BDF8-AB3010D45103}.Release|iPhoneSimulator.ActiveCfg = Release|Any CPU
		{6D2F8B10-D363-4D86-BDF8-AB3010D45103}.Release|iPhoneSimulator.Build.0 = Release|Any CPU
		{6D2F8B10-D363-4D86-BDF8-AB3010D45103}.Release|iPhoneSimulator.Deploy.0 = Release|Any CPU
		{6D2F8B10-D363-4D86-BDF8-AB3010D45103}.Release|x64.ActiveCfg = Release|Any CPU
		{6D2F8B10-D363-4D86-BDF8-AB3010D45103}.Release|x64.Build.0 = Release|Any CPU
		{6D2F8B10-D363-4D86-BDF8-AB3010D45103}.Release|x64.Deploy.0 = Release|Any CPU
		{6D2F8B10-D363-4D86-BDF8-AB3010D45103}.Release|x86.ActiveCfg = Release|Any CPU
		{6D2F8B10-D363-4D86-BDF8-AB3010D45103}.Release|x86.Build.0 = Release|Any CPU
		{6D2F8B10-D363-4D86-BDF8-AB3010D45103}.Release|x86.Deploy.0 = Release|Any CPU
		{C273353E-3E3A-4D04-99B0-90AD253C8623}.Ad-Hoc|Any CPU.ActiveCfg = Release|Any CPU
		{C273353E-3E3A-4D04-99B0-90AD253C8623}.Ad-Hoc|Any CPU.Build.0 = Release|Any CPU
		{C273353E-3E3A-4D04-99B0-90AD253C8623}.Ad-Hoc|ARM.ActiveCfg = Release|Any CPU
		{C273353E-3E3A-4D04-99B0-90AD253C8623}.Ad-Hoc|ARM.Build.0 = Release|Any CPU
		{C273353E-3E3A-4D04-99B0-90AD253C8623}.Ad-Hoc|iPhone.ActiveCfg = Release|Any CPU
		{C273353E-3E3A-4D04-99B0-90AD253C8623}.Ad-Hoc|iPhone.Build.0 = Release|Any CPU
		{C273353E-3E3A-4D04-99B0-90AD253C8623}.Ad-Hoc|iPhoneSimulator.ActiveCfg = Release|Any CPU
		{C273353E-3E3A-4D04-99B0-90AD253C8623}.Ad-Hoc|iPhoneSimulator.Build.0 = Release|Any CPU
		{C273353E-3E3A-4D04-99B0-90AD253C8623}.Ad-Hoc|x64.ActiveCfg = Release|Any CPU
		{C273353E-3E3A-4D04-99B0-90AD253C8623}.Ad-Hoc|x64.Build.0 = Release|Any CPU
		{C273353E-3E3A-4D04-99B0-90AD253C8623}.Ad-Hoc|x86.ActiveCfg = Release|Any CPU
		{C273353E-3E3A-4D04-99B0-90AD253C8623}.Ad-Hoc|x86.Build.0 = Release|Any CPU
		{C273353E-3E3A-4D04-99B0-90AD253C8623}.AppStore|Any CPU.ActiveCfg = Release|Any CPU
		{C273353E-3E3A-4D04-99B0-90AD253C8623}.AppStore|Any CPU.Build.0 = Release|Any CPU
		{C273353E-3E3A-4D04-99B0-90AD253C8623}.AppStore|ARM.ActiveCfg = Release|Any CPU
		{C273353E-3E3A-4D04-99B0-90AD253C8623}.AppStore|ARM.Build.0 = Release|Any CPU
		{C273353E-3E3A-4D04-99B0-90AD253C8623}.AppStore|iPhone.ActiveCfg = Release|Any CPU
		{C273353E-3E3A-4D04-99B0-90AD253C8623}.AppStore|iPhone.Build.0 = Release|Any CPU
		{C273353E-3E3A-4D04-99B0-90AD253C8623}.AppStore|iPhoneSimulator.ActiveCfg = Release|Any CPU
		{C273353E-3E3A-4D04-99B0-90AD253C8623}.AppStore|iPhoneSimulator.Build.0 = Release|Any CPU
		{C273353E-3E3A-4D04-99B0-90AD253C8623}.AppStore|x64.ActiveCfg = Release|Any CPU
		{C273353E-3E3A-4D04-99B0-90AD253C8623}.AppStore|x64.Build.0 = Release|Any CPU
		{C273353E-3E3A-4D04-99B0-90AD253C8623}.AppStore|x86.ActiveCfg = Release|Any CPU
		{C273353E-3E3A-4D04-99B0-90AD253C8623}.AppStore|x86.Build.0 = Release|Any CPU
		{C273353E-3E3A-4D04-99B0-90AD253C8623}.Debug|Any CPU.ActiveCfg = Debug|Any CPU
		{C273353E-3E3A-4D04-99B0-90AD253C8623}.Debug|Any CPU.Build.0 = Debug|Any CPU
		{C273353E-3E3A-4D04-99B0-90AD253C8623}.Debug|ARM.ActiveCfg = Debug|Any CPU
		{C273353E-3E3A-4D04-99B0-90AD253C8623}.Debug|ARM.Build.0 = Debug|Any CPU
		{C273353E-3E3A-4D04-99B0-90AD253C8623}.Debug|iPhone.ActiveCfg = Debug|Any CPU
		{C273353E-3E3A-4D04-99B0-90AD253C8623}.Debug|iPhone.Build.0 = Debug|Any CPU
		{C273353E-3E3A-4D04-99B0-90AD253C8623}.Debug|iPhoneSimulator.ActiveCfg = Debug|Any CPU
		{C273353E-3E3A-4D04-99B0-90AD253C8623}.Debug|iPhoneSimulator.Build.0 = Debug|Any CPU
		{C273353E-3E3A-4D04-99B0-90AD253C8623}.Debug|x64.ActiveCfg = Debug|Any CPU
		{C273353E-3E3A-4D04-99B0-90AD253C8623}.Debug|x64.Build.0 = Debug|Any CPU
		{C273353E-3E3A-4D04-99B0-90AD253C8623}.Debug|x86.ActiveCfg = Debug|Any CPU
		{C273353E-3E3A-4D04-99B0-90AD253C8623}.Debug|x86.Build.0 = Debug|Any CPU
		{C273353E-3E3A-4D04-99B0-90AD253C8623}.Release|Any CPU.ActiveCfg = Release|Any CPU
		{C273353E-3E3A-4D04-99B0-90AD253C8623}.Release|Any CPU.Build.0 = Release|Any CPU
		{C273353E-3E3A-4D04-99B0-90AD253C8623}.Release|ARM.ActiveCfg = Release|Any CPU
		{C273353E-3E3A-4D04-99B0-90AD253C8623}.Release|ARM.Build.0 = Release|Any CPU
		{C273353E-3E3A-4D04-99B0-90AD253C8623}.Release|iPhone.ActiveCfg = Release|Any CPU
		{C273353E-3E3A-4D04-99B0-90AD253C8623}.Release|iPhone.Build.0 = Release|Any CPU
		{C273353E-3E3A-4D04-99B0-90AD253C8623}.Release|iPhoneSimulator.ActiveCfg = Release|Any CPU
		{C273353E-3E3A-4D04-99B0-90AD253C8623}.Release|iPhoneSimulator.Build.0 = Release|Any CPU
		{C273353E-3E3A-4D04-99B0-90AD253C8623}.Release|x64.ActiveCfg = Release|Any CPU
		{C273353E-3E3A-4D04-99B0-90AD253C8623}.Release|x64.Build.0 = Release|Any CPU
		{C273353E-3E3A-4D04-99B0-90AD253C8623}.Release|x86.ActiveCfg = Release|Any CPU
		{C273353E-3E3A-4D04-99B0-90AD253C8623}.Release|x86.Build.0 = Release|Any CPU
		{2A3E7AE0-421E-474B-9C72-268DD6FA1072}.Ad-Hoc|Any CPU.ActiveCfg = Release|Any CPU
		{2A3E7AE0-421E-474B-9C72-268DD6FA1072}.Ad-Hoc|Any CPU.Build.0 = Release|Any CPU
		{2A3E7AE0-421E-474B-9C72-268DD6FA1072}.Ad-Hoc|ARM.ActiveCfg = Release|Any CPU
		{2A3E7AE0-421E-474B-9C72-268DD6FA1072}.Ad-Hoc|ARM.Build.0 = Release|Any CPU
		{2A3E7AE0-421E-474B-9C72-268DD6FA1072}.Ad-Hoc|iPhone.ActiveCfg = Release|Any CPU
		{2A3E7AE0-421E-474B-9C72-268DD6FA1072}.Ad-Hoc|iPhone.Build.0 = Release|Any CPU
		{2A3E7AE0-421E-474B-9C72-268DD6FA1072}.Ad-Hoc|iPhoneSimulator.ActiveCfg = Release|Any CPU
		{2A3E7AE0-421E-474B-9C72-268DD6FA1072}.Ad-Hoc|iPhoneSimulator.Build.0 = Release|Any CPU
		{2A3E7AE0-421E-474B-9C72-268DD6FA1072}.Ad-Hoc|x64.ActiveCfg = Release|Any CPU
		{2A3E7AE0-421E-474B-9C72-268DD6FA1072}.Ad-Hoc|x64.Build.0 = Release|Any CPU
		{2A3E7AE0-421E-474B-9C72-268DD6FA1072}.Ad-Hoc|x86.ActiveCfg = Release|Any CPU
		{2A3E7AE0-421E-474B-9C72-268DD6FA1072}.Ad-Hoc|x86.Build.0 = Release|Any CPU
		{2A3E7AE0-421E-474B-9C72-268DD6FA1072}.AppStore|Any CPU.ActiveCfg = Release|Any CPU
		{2A3E7AE0-421E-474B-9C72-268DD6FA1072}.AppStore|Any CPU.Build.0 = Release|Any CPU
		{2A3E7AE0-421E-474B-9C72-268DD6FA1072}.AppStore|ARM.ActiveCfg = Release|Any CPU
		{2A3E7AE0-421E-474B-9C72-268DD6FA1072}.AppStore|ARM.Build.0 = Release|Any CPU
		{2A3E7AE0-421E-474B-9C72-268DD6FA1072}.AppStore|iPhone.ActiveCfg = Release|Any CPU
		{2A3E7AE0-421E-474B-9C72-268DD6FA1072}.AppStore|iPhone.Build.0 = Release|Any CPU
		{2A3E7AE0-421E-474B-9C72-268DD6FA1072}.AppStore|iPhoneSimulator.ActiveCfg = Release|Any CPU
		{2A3E7AE0-421E-474B-9C72-268DD6FA1072}.AppStore|iPhoneSimulator.Build.0 = Release|Any CPU
		{2A3E7AE0-421E-474B-9C72-268DD6FA1072}.AppStore|x64.ActiveCfg = Release|Any CPU
		{2A3E7AE0-421E-474B-9C72-268DD6FA1072}.AppStore|x64.Build.0 = Release|Any CPU
		{2A3E7AE0-421E-474B-9C72-268DD6FA1072}.AppStore|x86.ActiveCfg = Release|Any CPU
		{2A3E7AE0-421E-474B-9C72-268DD6FA1072}.AppStore|x86.Build.0 = Release|Any CPU
		{2A3E7AE0-421E-474B-9C72-268DD6FA1072}.Debug|Any CPU.ActiveCfg = Debug|Any CPU
		{2A3E7AE0-421E-474B-9C72-268DD6FA1072}.Debug|Any CPU.Build.0 = Debug|Any CPU
		{2A3E7AE0-421E-474B-9C72-268DD6FA1072}.Debug|ARM.ActiveCfg = Debug|Any CPU
		{2A3E7AE0-421E-474B-9C72-268DD6FA1072}.Debug|ARM.Build.0 = Debug|Any CPU
		{2A3E7AE0-421E-474B-9C72-268DD6FA1072}.Debug|iPhone.ActiveCfg = Debug|Any CPU
		{2A3E7AE0-421E-474B-9C72-268DD6FA1072}.Debug|iPhone.Build.0 = Debug|Any CPU
		{2A3E7AE0-421E-474B-9C72-268DD6FA1072}.Debug|iPhoneSimulator.ActiveCfg = Debug|Any CPU
		{2A3E7AE0-421E-474B-9C72-268DD6FA1072}.Debug|iPhoneSimulator.Build.0 = Debug|Any CPU
		{2A3E7AE0-421E-474B-9C72-268DD6FA1072}.Debug|x64.ActiveCfg = Debug|Any CPU
		{2A3E7AE0-421E-474B-9C72-268DD6FA1072}.Debug|x64.Build.0 = Debug|Any CPU
		{2A3E7AE0-421E-474B-9C72-268DD6FA1072}.Debug|x86.ActiveCfg = Debug|Any CPU
		{2A3E7AE0-421E-474B-9C72-268DD6FA1072}.Debug|x86.Build.0 = Debug|Any CPU
		{2A3E7AE0-421E-474B-9C72-268DD6FA1072}.Release|Any CPU.ActiveCfg = Release|Any CPU
		{2A3E7AE0-421E-474B-9C72-268DD6FA1072}.Release|Any CPU.Build.0 = Release|Any CPU
		{2A3E7AE0-421E-474B-9C72-268DD6FA1072}.Release|ARM.ActiveCfg = Release|Any CPU
		{2A3E7AE0-421E-474B-9C72-268DD6FA1072}.Release|ARM.Build.0 = Release|Any CPU
		{2A3E7AE0-421E-474B-9C72-268DD6FA1072}.Release|iPhone.ActiveCfg = Release|Any CPU
		{2A3E7AE0-421E-474B-9C72-268DD6FA1072}.Release|iPhone.Build.0 = Release|Any CPU
		{2A3E7AE0-421E-474B-9C72-268DD6FA1072}.Release|iPhoneSimulator.ActiveCfg = Release|Any CPU
		{2A3E7AE0-421E-474B-9C72-268DD6FA1072}.Release|iPhoneSimulator.Build.0 = Release|Any CPU
		{2A3E7AE0-421E-474B-9C72-268DD6FA1072}.Release|x64.ActiveCfg = Release|Any CPU
		{2A3E7AE0-421E-474B-9C72-268DD6FA1072}.Release|x64.Build.0 = Release|Any CPU
		{2A3E7AE0-421E-474B-9C72-268DD6FA1072}.Release|x86.ActiveCfg = Release|Any CPU
		{2A3E7AE0-421E-474B-9C72-268DD6FA1072}.Release|x86.Build.0 = Release|Any CPU
		{184B7424-B553-4477-A5A4-03B23AC41C74}.Ad-Hoc|Any CPU.ActiveCfg = Release|Any CPU
		{184B7424-B553-4477-A5A4-03B23AC41C74}.Ad-Hoc|Any CPU.Build.0 = Release|Any CPU
		{184B7424-B553-4477-A5A4-03B23AC41C74}.Ad-Hoc|ARM.ActiveCfg = Release|Any CPU
		{184B7424-B553-4477-A5A4-03B23AC41C74}.Ad-Hoc|ARM.Build.0 = Release|Any CPU
		{184B7424-B553-4477-A5A4-03B23AC41C74}.Ad-Hoc|iPhone.ActiveCfg = Release|Any CPU
		{184B7424-B553-4477-A5A4-03B23AC41C74}.Ad-Hoc|iPhone.Build.0 = Release|Any CPU
		{184B7424-B553-4477-A5A4-03B23AC41C74}.Ad-Hoc|iPhoneSimulator.ActiveCfg = Release|Any CPU
		{184B7424-B553-4477-A5A4-03B23AC41C74}.Ad-Hoc|iPhoneSimulator.Build.0 = Release|Any CPU
		{184B7424-B553-4477-A5A4-03B23AC41C74}.Ad-Hoc|x64.ActiveCfg = Release|Any CPU
		{184B7424-B553-4477-A5A4-03B23AC41C74}.Ad-Hoc|x64.Build.0 = Release|Any CPU
		{184B7424-B553-4477-A5A4-03B23AC41C74}.Ad-Hoc|x86.ActiveCfg = Release|Any CPU
		{184B7424-B553-4477-A5A4-03B23AC41C74}.Ad-Hoc|x86.Build.0 = Release|Any CPU
		{184B7424-B553-4477-A5A4-03B23AC41C74}.AppStore|Any CPU.ActiveCfg = Release|Any CPU
		{184B7424-B553-4477-A5A4-03B23AC41C74}.AppStore|Any CPU.Build.0 = Release|Any CPU
		{184B7424-B553-4477-A5A4-03B23AC41C74}.AppStore|ARM.ActiveCfg = Release|Any CPU
		{184B7424-B553-4477-A5A4-03B23AC41C74}.AppStore|ARM.Build.0 = Release|Any CPU
		{184B7424-B553-4477-A5A4-03B23AC41C74}.AppStore|iPhone.ActiveCfg = Release|Any CPU
		{184B7424-B553-4477-A5A4-03B23AC41C74}.AppStore|iPhone.Build.0 = Release|Any CPU
		{184B7424-B553-4477-A5A4-03B23AC41C74}.AppStore|iPhoneSimulator.ActiveCfg = Release|Any CPU
		{184B7424-B553-4477-A5A4-03B23AC41C74}.AppStore|iPhoneSimulator.Build.0 = Release|Any CPU
		{184B7424-B553-4477-A5A4-03B23AC41C74}.AppStore|x64.ActiveCfg = Release|Any CPU
		{184B7424-B553-4477-A5A4-03B23AC41C74}.AppStore|x64.Build.0 = Release|Any CPU
		{184B7424-B553-4477-A5A4-03B23AC41C74}.AppStore|x86.ActiveCfg = Release|Any CPU
		{184B7424-B553-4477-A5A4-03B23AC41C74}.AppStore|x86.Build.0 = Release|Any CPU
		{184B7424-B553-4477-A5A4-03B23AC41C74}.Debug|Any CPU.ActiveCfg = Debug|Any CPU
		{184B7424-B553-4477-A5A4-03B23AC41C74}.Debug|Any CPU.Build.0 = Debug|Any CPU
		{184B7424-B553-4477-A5A4-03B23AC41C74}.Debug|ARM.ActiveCfg = Debug|Any CPU
		{184B7424-B553-4477-A5A4-03B23AC41C74}.Debug|ARM.Build.0 = Debug|Any CPU
		{184B7424-B553-4477-A5A4-03B23AC41C74}.Debug|iPhone.ActiveCfg = Debug|Any CPU
		{184B7424-B553-4477-A5A4-03B23AC41C74}.Debug|iPhone.Build.0 = Debug|Any CPU
		{184B7424-B553-4477-A5A4-03B23AC41C74}.Debug|iPhoneSimulator.ActiveCfg = Debug|Any CPU
		{184B7424-B553-4477-A5A4-03B23AC41C74}.Debug|iPhoneSimulator.Build.0 = Debug|Any CPU
		{184B7424-B553-4477-A5A4-03B23AC41C74}.Debug|x64.ActiveCfg = Debug|Any CPU
		{184B7424-B553-4477-A5A4-03B23AC41C74}.Debug|x64.Build.0 = Debug|Any CPU
		{184B7424-B553-4477-A5A4-03B23AC41C74}.Debug|x86.ActiveCfg = Debug|Any CPU
		{184B7424-B553-4477-A5A4-03B23AC41C74}.Debug|x86.Build.0 = Debug|Any CPU
		{184B7424-B553-4477-A5A4-03B23AC41C74}.Release|Any CPU.ActiveCfg = Release|Any CPU
		{184B7424-B553-4477-A5A4-03B23AC41C74}.Release|Any CPU.Build.0 = Release|Any CPU
		{184B7424-B553-4477-A5A4-03B23AC41C74}.Release|ARM.ActiveCfg = Release|Any CPU
		{184B7424-B553-4477-A5A4-03B23AC41C74}.Release|ARM.Build.0 = Release|Any CPU
		{184B7424-B553-4477-A5A4-03B23AC41C74}.Release|iPhone.ActiveCfg = Release|Any CPU
		{184B7424-B553-4477-A5A4-03B23AC41C74}.Release|iPhone.Build.0 = Release|Any CPU
		{184B7424-B553-4477-A5A4-03B23AC41C74}.Release|iPhoneSimulator.ActiveCfg = Release|Any CPU
		{184B7424-B553-4477-A5A4-03B23AC41C74}.Release|iPhoneSimulator.Build.0 = Release|Any CPU
		{184B7424-B553-4477-A5A4-03B23AC41C74}.Release|x64.ActiveCfg = Release|Any CPU
		{184B7424-B553-4477-A5A4-03B23AC41C74}.Release|x64.Build.0 = Release|Any CPU
		{184B7424-B553-4477-A5A4-03B23AC41C74}.Release|x86.ActiveCfg = Release|Any CPU
		{184B7424-B553-4477-A5A4-03B23AC41C74}.Release|x86.Build.0 = Release|Any CPU
		{0D76C2A5-8755-4185-9AA3-4BE4D9D66EFC}.Ad-Hoc|Any CPU.ActiveCfg = Release|Any CPU
		{0D76C2A5-8755-4185-9AA3-4BE4D9D66EFC}.Ad-Hoc|Any CPU.Build.0 = Release|Any CPU
		{0D76C2A5-8755-4185-9AA3-4BE4D9D66EFC}.Ad-Hoc|ARM.ActiveCfg = Release|Any CPU
		{0D76C2A5-8755-4185-9AA3-4BE4D9D66EFC}.Ad-Hoc|ARM.Build.0 = Release|Any CPU
		{0D76C2A5-8755-4185-9AA3-4BE4D9D66EFC}.Ad-Hoc|iPhone.ActiveCfg = Release|Any CPU
		{0D76C2A5-8755-4185-9AA3-4BE4D9D66EFC}.Ad-Hoc|iPhone.Build.0 = Release|Any CPU
		{0D76C2A5-8755-4185-9AA3-4BE4D9D66EFC}.Ad-Hoc|iPhoneSimulator.ActiveCfg = Release|Any CPU
		{0D76C2A5-8755-4185-9AA3-4BE4D9D66EFC}.Ad-Hoc|iPhoneSimulator.Build.0 = Release|Any CPU
		{0D76C2A5-8755-4185-9AA3-4BE4D9D66EFC}.Ad-Hoc|x64.ActiveCfg = Release|Any CPU
		{0D76C2A5-8755-4185-9AA3-4BE4D9D66EFC}.Ad-Hoc|x64.Build.0 = Release|Any CPU
		{0D76C2A5-8755-4185-9AA3-4BE4D9D66EFC}.Ad-Hoc|x86.ActiveCfg = Release|Any CPU
		{0D76C2A5-8755-4185-9AA3-4BE4D9D66EFC}.Ad-Hoc|x86.Build.0 = Release|Any CPU
		{0D76C2A5-8755-4185-9AA3-4BE4D9D66EFC}.AppStore|Any CPU.ActiveCfg = Release|Any CPU
		{0D76C2A5-8755-4185-9AA3-4BE4D9D66EFC}.AppStore|Any CPU.Build.0 = Release|Any CPU
		{0D76C2A5-8755-4185-9AA3-4BE4D9D66EFC}.AppStore|ARM.ActiveCfg = Release|Any CPU
		{0D76C2A5-8755-4185-9AA3-4BE4D9D66EFC}.AppStore|ARM.Build.0 = Release|Any CPU
		{0D76C2A5-8755-4185-9AA3-4BE4D9D66EFC}.AppStore|iPhone.ActiveCfg = Release|Any CPU
		{0D76C2A5-8755-4185-9AA3-4BE4D9D66EFC}.AppStore|iPhone.Build.0 = Release|Any CPU
		{0D76C2A5-8755-4185-9AA3-4BE4D9D66EFC}.AppStore|iPhoneSimulator.ActiveCfg = Release|Any CPU
		{0D76C2A5-8755-4185-9AA3-4BE4D9D66EFC}.AppStore|iPhoneSimulator.Build.0 = Release|Any CPU
		{0D76C2A5-8755-4185-9AA3-4BE4D9D66EFC}.AppStore|x64.ActiveCfg = Release|Any CPU
		{0D76C2A5-8755-4185-9AA3-4BE4D9D66EFC}.AppStore|x64.Build.0 = Release|Any CPU
		{0D76C2A5-8755-4185-9AA3-4BE4D9D66EFC}.AppStore|x86.ActiveCfg = Release|Any CPU
		{0D76C2A5-8755-4185-9AA3-4BE4D9D66EFC}.AppStore|x86.Build.0 = Release|Any CPU
		{0D76C2A5-8755-4185-9AA3-4BE4D9D66EFC}.Debug|Any CPU.ActiveCfg = Debug|Any CPU
		{0D76C2A5-8755-4185-9AA3-4BE4D9D66EFC}.Debug|Any CPU.Build.0 = Debug|Any CPU
		{0D76C2A5-8755-4185-9AA3-4BE4D9D66EFC}.Debug|ARM.ActiveCfg = Debug|Any CPU
		{0D76C2A5-8755-4185-9AA3-4BE4D9D66EFC}.Debug|ARM.Build.0 = Debug|Any CPU
		{0D76C2A5-8755-4185-9AA3-4BE4D9D66EFC}.Debug|iPhone.ActiveCfg = Debug|Any CPU
		{0D76C2A5-8755-4185-9AA3-4BE4D9D66EFC}.Debug|iPhone.Build.0 = Debug|Any CPU
		{0D76C2A5-8755-4185-9AA3-4BE4D9D66EFC}.Debug|iPhoneSimulator.ActiveCfg = Debug|Any CPU
		{0D76C2A5-8755-4185-9AA3-4BE4D9D66EFC}.Debug|iPhoneSimulator.Build.0 = Debug|Any CPU
		{0D76C2A5-8755-4185-9AA3-4BE4D9D66EFC}.Debug|x64.ActiveCfg = Debug|Any CPU
		{0D76C2A5-8755-4185-9AA3-4BE4D9D66EFC}.Debug|x64.Build.0 = Debug|Any CPU
		{0D76C2A5-8755-4185-9AA3-4BE4D9D66EFC}.Debug|x86.ActiveCfg = Debug|Any CPU
		{0D76C2A5-8755-4185-9AA3-4BE4D9D66EFC}.Debug|x86.Build.0 = Debug|Any CPU
		{0D76C2A5-8755-4185-9AA3-4BE4D9D66EFC}.Release|Any CPU.ActiveCfg = Release|Any CPU
		{0D76C2A5-8755-4185-9AA3-4BE4D9D66EFC}.Release|Any CPU.Build.0 = Release|Any CPU
		{0D76C2A5-8755-4185-9AA3-4BE4D9D66EFC}.Release|ARM.ActiveCfg = Release|Any CPU
		{0D76C2A5-8755-4185-9AA3-4BE4D9D66EFC}.Release|ARM.Build.0 = Release|Any CPU
		{0D76C2A5-8755-4185-9AA3-4BE4D9D66EFC}.Release|iPhone.ActiveCfg = Release|Any CPU
		{0D76C2A5-8755-4185-9AA3-4BE4D9D66EFC}.Release|iPhone.Build.0 = Release|Any CPU
		{0D76C2A5-8755-4185-9AA3-4BE4D9D66EFC}.Release|iPhoneSimulator.ActiveCfg = Release|Any CPU
		{0D76C2A5-8755-4185-9AA3-4BE4D9D66EFC}.Release|iPhoneSimulator.Build.0 = Release|Any CPU
		{0D76C2A5-8755-4185-9AA3-4BE4D9D66EFC}.Release|x64.ActiveCfg = Release|Any CPU
		{0D76C2A5-8755-4185-9AA3-4BE4D9D66EFC}.Release|x64.Build.0 = Release|Any CPU
		{0D76C2A5-8755-4185-9AA3-4BE4D9D66EFC}.Release|x86.ActiveCfg = Release|Any CPU
		{0D76C2A5-8755-4185-9AA3-4BE4D9D66EFC}.Release|x86.Build.0 = Release|Any CPU
		{147E6A1B-BE33-429D-9DF7-DEDD3073C7E2}.Ad-Hoc|Any CPU.ActiveCfg = Release|Any CPU
		{147E6A1B-BE33-429D-9DF7-DEDD3073C7E2}.Ad-Hoc|Any CPU.Build.0 = Release|Any CPU
		{147E6A1B-BE33-429D-9DF7-DEDD3073C7E2}.Ad-Hoc|ARM.ActiveCfg = Release|ARM
		{147E6A1B-BE33-429D-9DF7-DEDD3073C7E2}.Ad-Hoc|ARM.Build.0 = Release|ARM
		{147E6A1B-BE33-429D-9DF7-DEDD3073C7E2}.Ad-Hoc|iPhone.ActiveCfg = Release|Any CPU
		{147E6A1B-BE33-429D-9DF7-DEDD3073C7E2}.Ad-Hoc|iPhone.Build.0 = Release|Any CPU
		{147E6A1B-BE33-429D-9DF7-DEDD3073C7E2}.Ad-Hoc|iPhoneSimulator.ActiveCfg = Release|Any CPU
		{147E6A1B-BE33-429D-9DF7-DEDD3073C7E2}.Ad-Hoc|iPhoneSimulator.Build.0 = Release|Any CPU
		{147E6A1B-BE33-429D-9DF7-DEDD3073C7E2}.Ad-Hoc|x64.ActiveCfg = Release|x64
		{147E6A1B-BE33-429D-9DF7-DEDD3073C7E2}.Ad-Hoc|x64.Build.0 = Release|x64
		{147E6A1B-BE33-429D-9DF7-DEDD3073C7E2}.Ad-Hoc|x86.ActiveCfg = Release|x86
		{147E6A1B-BE33-429D-9DF7-DEDD3073C7E2}.Ad-Hoc|x86.Build.0 = Release|x86
		{147E6A1B-BE33-429D-9DF7-DEDD3073C7E2}.AppStore|Any CPU.ActiveCfg = Release|Any CPU
		{147E6A1B-BE33-429D-9DF7-DEDD3073C7E2}.AppStore|Any CPU.Build.0 = Release|Any CPU
		{147E6A1B-BE33-429D-9DF7-DEDD3073C7E2}.AppStore|ARM.ActiveCfg = Release|ARM
		{147E6A1B-BE33-429D-9DF7-DEDD3073C7E2}.AppStore|ARM.Build.0 = Release|ARM
		{147E6A1B-BE33-429D-9DF7-DEDD3073C7E2}.AppStore|iPhone.ActiveCfg = Release|Any CPU
		{147E6A1B-BE33-429D-9DF7-DEDD3073C7E2}.AppStore|iPhone.Build.0 = Release|Any CPU
		{147E6A1B-BE33-429D-9DF7-DEDD3073C7E2}.AppStore|iPhoneSimulator.ActiveCfg = Release|Any CPU
		{147E6A1B-BE33-429D-9DF7-DEDD3073C7E2}.AppStore|iPhoneSimulator.Build.0 = Release|Any CPU
		{147E6A1B-BE33-429D-9DF7-DEDD3073C7E2}.AppStore|x64.ActiveCfg = Release|x64
		{147E6A1B-BE33-429D-9DF7-DEDD3073C7E2}.AppStore|x64.Build.0 = Release|x64
		{147E6A1B-BE33-429D-9DF7-DEDD3073C7E2}.AppStore|x86.ActiveCfg = Release|x86
		{147E6A1B-BE33-429D-9DF7-DEDD3073C7E2}.AppStore|x86.Build.0 = Release|x86
		{147E6A1B-BE33-429D-9DF7-DEDD3073C7E2}.Debug|Any CPU.ActiveCfg = Debug|Any CPU
		{147E6A1B-BE33-429D-9DF7-DEDD3073C7E2}.Debug|Any CPU.Build.0 = Debug|Any CPU
		{147E6A1B-BE33-429D-9DF7-DEDD3073C7E2}.Debug|ARM.ActiveCfg = Debug|ARM
		{147E6A1B-BE33-429D-9DF7-DEDD3073C7E2}.Debug|ARM.Build.0 = Debug|ARM
		{147E6A1B-BE33-429D-9DF7-DEDD3073C7E2}.Debug|iPhone.ActiveCfg = Debug|Any CPU
		{147E6A1B-BE33-429D-9DF7-DEDD3073C7E2}.Debug|iPhone.Build.0 = Debug|Any CPU
		{147E6A1B-BE33-429D-9DF7-DEDD3073C7E2}.Debug|iPhoneSimulator.ActiveCfg = Debug|Any CPU
		{147E6A1B-BE33-429D-9DF7-DEDD3073C7E2}.Debug|iPhoneSimulator.Build.0 = Debug|Any CPU
		{147E6A1B-BE33-429D-9DF7-DEDD3073C7E2}.Debug|x64.ActiveCfg = Debug|x64
		{147E6A1B-BE33-429D-9DF7-DEDD3073C7E2}.Debug|x64.Build.0 = Debug|x64
		{147E6A1B-BE33-429D-9DF7-DEDD3073C7E2}.Debug|x86.ActiveCfg = Debug|x86
		{147E6A1B-BE33-429D-9DF7-DEDD3073C7E2}.Debug|x86.Build.0 = Debug|x86
		{147E6A1B-BE33-429D-9DF7-DEDD3073C7E2}.Release|Any CPU.ActiveCfg = Release|Any CPU
		{147E6A1B-BE33-429D-9DF7-DEDD3073C7E2}.Release|Any CPU.Build.0 = Release|Any CPU
		{147E6A1B-BE33-429D-9DF7-DEDD3073C7E2}.Release|ARM.ActiveCfg = Release|ARM
		{147E6A1B-BE33-429D-9DF7-DEDD3073C7E2}.Release|ARM.Build.0 = Release|ARM
		{147E6A1B-BE33-429D-9DF7-DEDD3073C7E2}.Release|iPhone.ActiveCfg = Release|Any CPU
		{147E6A1B-BE33-429D-9DF7-DEDD3073C7E2}.Release|iPhone.Build.0 = Release|Any CPU
		{147E6A1B-BE33-429D-9DF7-DEDD3073C7E2}.Release|iPhoneSimulator.ActiveCfg = Release|Any CPU
		{147E6A1B-BE33-429D-9DF7-DEDD3073C7E2}.Release|iPhoneSimulator.Build.0 = Release|Any CPU
		{147E6A1B-BE33-429D-9DF7-DEDD3073C7E2}.Release|x64.ActiveCfg = Release|x64
		{147E6A1B-BE33-429D-9DF7-DEDD3073C7E2}.Release|x64.Build.0 = Release|x64
		{147E6A1B-BE33-429D-9DF7-DEDD3073C7E2}.Release|x86.ActiveCfg = Release|x86
		{147E6A1B-BE33-429D-9DF7-DEDD3073C7E2}.Release|x86.Build.0 = Release|x86
		{CC76C8B4-9B90-4D53-8BDB-28E76A85FF01}.Ad-Hoc|Any CPU.ActiveCfg = Ad-Hoc|iPhone
		{CC76C8B4-9B90-4D53-8BDB-28E76A85FF01}.Ad-Hoc|ARM.ActiveCfg = Ad-Hoc|iPhone
		{CC76C8B4-9B90-4D53-8BDB-28E76A85FF01}.Ad-Hoc|iPhone.ActiveCfg = Ad-Hoc|iPhone
		{CC76C8B4-9B90-4D53-8BDB-28E76A85FF01}.Ad-Hoc|iPhone.Build.0 = Ad-Hoc|iPhone
		{CC76C8B4-9B90-4D53-8BDB-28E76A85FF01}.Ad-Hoc|iPhoneSimulator.ActiveCfg = Ad-Hoc|iPhoneSimulator
		{CC76C8B4-9B90-4D53-8BDB-28E76A85FF01}.Ad-Hoc|iPhoneSimulator.Build.0 = Ad-Hoc|iPhoneSimulator
		{CC76C8B4-9B90-4D53-8BDB-28E76A85FF01}.Ad-Hoc|x64.ActiveCfg = Ad-Hoc|iPhone
		{CC76C8B4-9B90-4D53-8BDB-28E76A85FF01}.Ad-Hoc|x86.ActiveCfg = Ad-Hoc|iPhone
		{CC76C8B4-9B90-4D53-8BDB-28E76A85FF01}.AppStore|Any CPU.ActiveCfg = AppStore|iPhone
		{CC76C8B4-9B90-4D53-8BDB-28E76A85FF01}.AppStore|ARM.ActiveCfg = AppStore|iPhone
		{CC76C8B4-9B90-4D53-8BDB-28E76A85FF01}.AppStore|iPhone.ActiveCfg = AppStore|iPhone
		{CC76C8B4-9B90-4D53-8BDB-28E76A85FF01}.AppStore|iPhone.Build.0 = AppStore|iPhone
		{CC76C8B4-9B90-4D53-8BDB-28E76A85FF01}.AppStore|iPhoneSimulator.ActiveCfg = AppStore|iPhoneSimulator
		{CC76C8B4-9B90-4D53-8BDB-28E76A85FF01}.AppStore|iPhoneSimulator.Build.0 = AppStore|iPhoneSimulator
		{CC76C8B4-9B90-4D53-8BDB-28E76A85FF01}.AppStore|x64.ActiveCfg = AppStore|iPhone
		{CC76C8B4-9B90-4D53-8BDB-28E76A85FF01}.AppStore|x86.ActiveCfg = AppStore|iPhone
		{CC76C8B4-9B90-4D53-8BDB-28E76A85FF01}.Debug|Any CPU.ActiveCfg = Debug|iPhone
		{CC76C8B4-9B90-4D53-8BDB-28E76A85FF01}.Debug|ARM.ActiveCfg = Debug|iPhone
		{CC76C8B4-9B90-4D53-8BDB-28E76A85FF01}.Debug|iPhone.ActiveCfg = Debug|iPhone
		{CC76C8B4-9B90-4D53-8BDB-28E76A85FF01}.Debug|iPhone.Build.0 = Debug|iPhone
		{CC76C8B4-9B90-4D53-8BDB-28E76A85FF01}.Debug|iPhoneSimulator.ActiveCfg = Debug|iPhoneSimulator
		{CC76C8B4-9B90-4D53-8BDB-28E76A85FF01}.Debug|iPhoneSimulator.Build.0 = Debug|iPhoneSimulator
		{CC76C8B4-9B90-4D53-8BDB-28E76A85FF01}.Debug|x64.ActiveCfg = Debug|iPhone
		{CC76C8B4-9B90-4D53-8BDB-28E76A85FF01}.Debug|x86.ActiveCfg = Debug|iPhone
		{CC76C8B4-9B90-4D53-8BDB-28E76A85FF01}.Release|Any CPU.ActiveCfg = Release|iPhone
		{CC76C8B4-9B90-4D53-8BDB-28E76A85FF01}.Release|ARM.ActiveCfg = Release|iPhone
		{CC76C8B4-9B90-4D53-8BDB-28E76A85FF01}.Release|iPhone.ActiveCfg = Release|iPhone
		{CC76C8B4-9B90-4D53-8BDB-28E76A85FF01}.Release|iPhone.Build.0 = Release|iPhone
		{CC76C8B4-9B90-4D53-8BDB-28E76A85FF01}.Release|iPhoneSimulator.ActiveCfg = Release|iPhoneSimulator
		{CC76C8B4-9B90-4D53-8BDB-28E76A85FF01}.Release|iPhoneSimulator.Build.0 = Release|iPhoneSimulator
		{CC76C8B4-9B90-4D53-8BDB-28E76A85FF01}.Release|x64.ActiveCfg = Release|iPhone
		{CC76C8B4-9B90-4D53-8BDB-28E76A85FF01}.Release|x86.ActiveCfg = Release|iPhone
		{B4AE3CAD-60A5-4D2A-9865-AE1C7CD506EC}.Ad-Hoc|Any CPU.ActiveCfg = Release|x64
		{B4AE3CAD-60A5-4D2A-9865-AE1C7CD506EC}.Ad-Hoc|Any CPU.Build.0 = Release|x64
		{B4AE3CAD-60A5-4D2A-9865-AE1C7CD506EC}.Ad-Hoc|Any CPU.Deploy.0 = Release|x64
		{B4AE3CAD-60A5-4D2A-9865-AE1C7CD506EC}.Ad-Hoc|ARM.ActiveCfg = Release|ARM
		{B4AE3CAD-60A5-4D2A-9865-AE1C7CD506EC}.Ad-Hoc|ARM.Build.0 = Release|ARM
		{B4AE3CAD-60A5-4D2A-9865-AE1C7CD506EC}.Ad-Hoc|ARM.Deploy.0 = Release|ARM
		{B4AE3CAD-60A5-4D2A-9865-AE1C7CD506EC}.Ad-Hoc|iPhone.ActiveCfg = Release|x64
		{B4AE3CAD-60A5-4D2A-9865-AE1C7CD506EC}.Ad-Hoc|iPhone.Build.0 = Release|x64
		{B4AE3CAD-60A5-4D2A-9865-AE1C7CD506EC}.Ad-Hoc|iPhone.Deploy.0 = Release|x64
		{B4AE3CAD-60A5-4D2A-9865-AE1C7CD506EC}.Ad-Hoc|iPhoneSimulator.ActiveCfg = Release|x64
		{B4AE3CAD-60A5-4D2A-9865-AE1C7CD506EC}.Ad-Hoc|iPhoneSimulator.Build.0 = Release|x64
		{B4AE3CAD-60A5-4D2A-9865-AE1C7CD506EC}.Ad-Hoc|iPhoneSimulator.Deploy.0 = Release|x64
		{B4AE3CAD-60A5-4D2A-9865-AE1C7CD506EC}.Ad-Hoc|x64.ActiveCfg = Release|x64
		{B4AE3CAD-60A5-4D2A-9865-AE1C7CD506EC}.Ad-Hoc|x64.Build.0 = Release|x64
		{B4AE3CAD-60A5-4D2A-9865-AE1C7CD506EC}.Ad-Hoc|x64.Deploy.0 = Release|x64
		{B4AE3CAD-60A5-4D2A-9865-AE1C7CD506EC}.Ad-Hoc|x86.ActiveCfg = Release|x86
		{B4AE3CAD-60A5-4D2A-9865-AE1C7CD506EC}.Ad-Hoc|x86.Build.0 = Release|x86
		{B4AE3CAD-60A5-4D2A-9865-AE1C7CD506EC}.Ad-Hoc|x86.Deploy.0 = Release|x86
		{B4AE3CAD-60A5-4D2A-9865-AE1C7CD506EC}.AppStore|Any CPU.ActiveCfg = Release|x64
		{B4AE3CAD-60A5-4D2A-9865-AE1C7CD506EC}.AppStore|Any CPU.Build.0 = Release|x64
		{B4AE3CAD-60A5-4D2A-9865-AE1C7CD506EC}.AppStore|Any CPU.Deploy.0 = Release|x64
		{B4AE3CAD-60A5-4D2A-9865-AE1C7CD506EC}.AppStore|ARM.ActiveCfg = Release|ARM
		{B4AE3CAD-60A5-4D2A-9865-AE1C7CD506EC}.AppStore|ARM.Build.0 = Release|ARM
		{B4AE3CAD-60A5-4D2A-9865-AE1C7CD506EC}.AppStore|ARM.Deploy.0 = Release|ARM
		{B4AE3CAD-60A5-4D2A-9865-AE1C7CD506EC}.AppStore|iPhone.ActiveCfg = Release|x64
		{B4AE3CAD-60A5-4D2A-9865-AE1C7CD506EC}.AppStore|iPhone.Build.0 = Release|x64
		{B4AE3CAD-60A5-4D2A-9865-AE1C7CD506EC}.AppStore|iPhone.Deploy.0 = Release|x64
		{B4AE3CAD-60A5-4D2A-9865-AE1C7CD506EC}.AppStore|iPhoneSimulator.ActiveCfg = Release|x64
		{B4AE3CAD-60A5-4D2A-9865-AE1C7CD506EC}.AppStore|iPhoneSimulator.Build.0 = Release|x64
		{B4AE3CAD-60A5-4D2A-9865-AE1C7CD506EC}.AppStore|iPhoneSimulator.Deploy.0 = Release|x64
		{B4AE3CAD-60A5-4D2A-9865-AE1C7CD506EC}.AppStore|x64.ActiveCfg = Release|x64
		{B4AE3CAD-60A5-4D2A-9865-AE1C7CD506EC}.AppStore|x64.Build.0 = Release|x64
		{B4AE3CAD-60A5-4D2A-9865-AE1C7CD506EC}.AppStore|x64.Deploy.0 = Release|x64
		{B4AE3CAD-60A5-4D2A-9865-AE1C7CD506EC}.AppStore|x86.ActiveCfg = Release|x86
		{B4AE3CAD-60A5-4D2A-9865-AE1C7CD506EC}.AppStore|x86.Build.0 = Release|x86
		{B4AE3CAD-60A5-4D2A-9865-AE1C7CD506EC}.AppStore|x86.Deploy.0 = Release|x86
		{B4AE3CAD-60A5-4D2A-9865-AE1C7CD506EC}.Debug|Any CPU.ActiveCfg = Debug|x86
		{B4AE3CAD-60A5-4D2A-9865-AE1C7CD506EC}.Debug|ARM.ActiveCfg = Debug|ARM
		{B4AE3CAD-60A5-4D2A-9865-AE1C7CD506EC}.Debug|ARM.Build.0 = Debug|ARM
		{B4AE3CAD-60A5-4D2A-9865-AE1C7CD506EC}.Debug|ARM.Deploy.0 = Debug|ARM
		{B4AE3CAD-60A5-4D2A-9865-AE1C7CD506EC}.Debug|iPhone.ActiveCfg = Debug|x86
		{B4AE3CAD-60A5-4D2A-9865-AE1C7CD506EC}.Debug|iPhoneSimulator.ActiveCfg = Debug|x86
		{B4AE3CAD-60A5-4D2A-9865-AE1C7CD506EC}.Debug|x64.ActiveCfg = Debug|x64
		{B4AE3CAD-60A5-4D2A-9865-AE1C7CD506EC}.Debug|x64.Build.0 = Debug|x64
		{B4AE3CAD-60A5-4D2A-9865-AE1C7CD506EC}.Debug|x64.Deploy.0 = Debug|x64
		{B4AE3CAD-60A5-4D2A-9865-AE1C7CD506EC}.Debug|x86.ActiveCfg = Debug|x86
		{B4AE3CAD-60A5-4D2A-9865-AE1C7CD506EC}.Debug|x86.Build.0 = Debug|x86
		{B4AE3CAD-60A5-4D2A-9865-AE1C7CD506EC}.Debug|x86.Deploy.0 = Debug|x86
		{B4AE3CAD-60A5-4D2A-9865-AE1C7CD506EC}.Release|Any CPU.ActiveCfg = Release|x86
		{B4AE3CAD-60A5-4D2A-9865-AE1C7CD506EC}.Release|ARM.ActiveCfg = Release|ARM
		{B4AE3CAD-60A5-4D2A-9865-AE1C7CD506EC}.Release|ARM.Build.0 = Release|ARM
		{B4AE3CAD-60A5-4D2A-9865-AE1C7CD506EC}.Release|ARM.Deploy.0 = Release|ARM
		{B4AE3CAD-60A5-4D2A-9865-AE1C7CD506EC}.Release|iPhone.ActiveCfg = Release|x86
		{B4AE3CAD-60A5-4D2A-9865-AE1C7CD506EC}.Release|iPhoneSimulator.ActiveCfg = Release|x86
		{B4AE3CAD-60A5-4D2A-9865-AE1C7CD506EC}.Release|x64.ActiveCfg = Release|x64
		{B4AE3CAD-60A5-4D2A-9865-AE1C7CD506EC}.Release|x64.Build.0 = Release|x64
		{B4AE3CAD-60A5-4D2A-9865-AE1C7CD506EC}.Release|x64.Deploy.0 = Release|x64
		{B4AE3CAD-60A5-4D2A-9865-AE1C7CD506EC}.Release|x86.ActiveCfg = Release|x86
		{B4AE3CAD-60A5-4D2A-9865-AE1C7CD506EC}.Release|x86.Build.0 = Release|x86
		{B4AE3CAD-60A5-4D2A-9865-AE1C7CD506EC}.Release|x86.Deploy.0 = Release|x86
		{EA0E5683-02D5-4E7C-867E-CE588274EBB5}.Ad-Hoc|Any CPU.ActiveCfg = Release|x64
		{EA0E5683-02D5-4E7C-867E-CE588274EBB5}.Ad-Hoc|Any CPU.Build.0 = Release|x64
		{EA0E5683-02D5-4E7C-867E-CE588274EBB5}.Ad-Hoc|Any CPU.Deploy.0 = Release|x64
		{EA0E5683-02D5-4E7C-867E-CE588274EBB5}.Ad-Hoc|ARM.ActiveCfg = Release|ARM
		{EA0E5683-02D5-4E7C-867E-CE588274EBB5}.Ad-Hoc|ARM.Build.0 = Release|ARM
		{EA0E5683-02D5-4E7C-867E-CE588274EBB5}.Ad-Hoc|ARM.Deploy.0 = Release|ARM
		{EA0E5683-02D5-4E7C-867E-CE588274EBB5}.Ad-Hoc|iPhone.ActiveCfg = Release|x64
		{EA0E5683-02D5-4E7C-867E-CE588274EBB5}.Ad-Hoc|iPhone.Build.0 = Release|x64
		{EA0E5683-02D5-4E7C-867E-CE588274EBB5}.Ad-Hoc|iPhone.Deploy.0 = Release|x64
		{EA0E5683-02D5-4E7C-867E-CE588274EBB5}.Ad-Hoc|iPhoneSimulator.ActiveCfg = Release|x64
		{EA0E5683-02D5-4E7C-867E-CE588274EBB5}.Ad-Hoc|iPhoneSimulator.Build.0 = Release|x64
		{EA0E5683-02D5-4E7C-867E-CE588274EBB5}.Ad-Hoc|iPhoneSimulator.Deploy.0 = Release|x64
		{EA0E5683-02D5-4E7C-867E-CE588274EBB5}.Ad-Hoc|x64.ActiveCfg = Release|x64
		{EA0E5683-02D5-4E7C-867E-CE588274EBB5}.Ad-Hoc|x64.Build.0 = Release|x64
		{EA0E5683-02D5-4E7C-867E-CE588274EBB5}.Ad-Hoc|x64.Deploy.0 = Release|x64
		{EA0E5683-02D5-4E7C-867E-CE588274EBB5}.Ad-Hoc|x86.ActiveCfg = Release|x86
		{EA0E5683-02D5-4E7C-867E-CE588274EBB5}.Ad-Hoc|x86.Build.0 = Release|x86
		{EA0E5683-02D5-4E7C-867E-CE588274EBB5}.Ad-Hoc|x86.Deploy.0 = Release|x86
		{EA0E5683-02D5-4E7C-867E-CE588274EBB5}.AppStore|Any CPU.ActiveCfg = Release|x64
		{EA0E5683-02D5-4E7C-867E-CE588274EBB5}.AppStore|Any CPU.Build.0 = Release|x64
		{EA0E5683-02D5-4E7C-867E-CE588274EBB5}.AppStore|Any CPU.Deploy.0 = Release|x64
		{EA0E5683-02D5-4E7C-867E-CE588274EBB5}.AppStore|ARM.ActiveCfg = Release|ARM
		{EA0E5683-02D5-4E7C-867E-CE588274EBB5}.AppStore|ARM.Build.0 = Release|ARM
		{EA0E5683-02D5-4E7C-867E-CE588274EBB5}.AppStore|ARM.Deploy.0 = Release|ARM
		{EA0E5683-02D5-4E7C-867E-CE588274EBB5}.AppStore|iPhone.ActiveCfg = Release|x64
		{EA0E5683-02D5-4E7C-867E-CE588274EBB5}.AppStore|iPhone.Build.0 = Release|x64
		{EA0E5683-02D5-4E7C-867E-CE588274EBB5}.AppStore|iPhone.Deploy.0 = Release|x64
		{EA0E5683-02D5-4E7C-867E-CE588274EBB5}.AppStore|iPhoneSimulator.ActiveCfg = Release|x64
		{EA0E5683-02D5-4E7C-867E-CE588274EBB5}.AppStore|iPhoneSimulator.Build.0 = Release|x64
		{EA0E5683-02D5-4E7C-867E-CE588274EBB5}.AppStore|iPhoneSimulator.Deploy.0 = Release|x64
		{EA0E5683-02D5-4E7C-867E-CE588274EBB5}.AppStore|x64.ActiveCfg = Release|x64
		{EA0E5683-02D5-4E7C-867E-CE588274EBB5}.AppStore|x64.Build.0 = Release|x64
		{EA0E5683-02D5-4E7C-867E-CE588274EBB5}.AppStore|x64.Deploy.0 = Release|x64
		{EA0E5683-02D5-4E7C-867E-CE588274EBB5}.AppStore|x86.ActiveCfg = Release|x86
		{EA0E5683-02D5-4E7C-867E-CE588274EBB5}.AppStore|x86.Build.0 = Release|x86
		{EA0E5683-02D5-4E7C-867E-CE588274EBB5}.AppStore|x86.Deploy.0 = Release|x86
		{EA0E5683-02D5-4E7C-867E-CE588274EBB5}.Debug|Any CPU.ActiveCfg = Debug|x86
		{EA0E5683-02D5-4E7C-867E-CE588274EBB5}.Debug|ARM.ActiveCfg = Debug|ARM
		{EA0E5683-02D5-4E7C-867E-CE588274EBB5}.Debug|ARM.Build.0 = Debug|ARM
		{EA0E5683-02D5-4E7C-867E-CE588274EBB5}.Debug|ARM.Deploy.0 = Debug|ARM
		{EA0E5683-02D5-4E7C-867E-CE588274EBB5}.Debug|iPhone.ActiveCfg = Debug|x86
		{EA0E5683-02D5-4E7C-867E-CE588274EBB5}.Debug|iPhoneSimulator.ActiveCfg = Debug|x86
		{EA0E5683-02D5-4E7C-867E-CE588274EBB5}.Debug|x64.ActiveCfg = Debug|x64
		{EA0E5683-02D5-4E7C-867E-CE588274EBB5}.Debug|x64.Build.0 = Debug|x64
		{EA0E5683-02D5-4E7C-867E-CE588274EBB5}.Debug|x64.Deploy.0 = Debug|x64
		{EA0E5683-02D5-4E7C-867E-CE588274EBB5}.Debug|x86.ActiveCfg = Debug|x86
		{EA0E5683-02D5-4E7C-867E-CE588274EBB5}.Debug|x86.Build.0 = Debug|x86
		{EA0E5683-02D5-4E7C-867E-CE588274EBB5}.Debug|x86.Deploy.0 = Debug|x86
		{EA0E5683-02D5-4E7C-867E-CE588274EBB5}.Release|Any CPU.ActiveCfg = Release|x86
		{EA0E5683-02D5-4E7C-867E-CE588274EBB5}.Release|ARM.ActiveCfg = Release|ARM
		{EA0E5683-02D5-4E7C-867E-CE588274EBB5}.Release|ARM.Build.0 = Release|ARM
		{EA0E5683-02D5-4E7C-867E-CE588274EBB5}.Release|ARM.Deploy.0 = Release|ARM
		{EA0E5683-02D5-4E7C-867E-CE588274EBB5}.Release|iPhone.ActiveCfg = Release|x86
		{EA0E5683-02D5-4E7C-867E-CE588274EBB5}.Release|iPhoneSimulator.ActiveCfg = Release|x86
		{EA0E5683-02D5-4E7C-867E-CE588274EBB5}.Release|x64.ActiveCfg = Release|x64
		{EA0E5683-02D5-4E7C-867E-CE588274EBB5}.Release|x64.Build.0 = Release|x64
		{EA0E5683-02D5-4E7C-867E-CE588274EBB5}.Release|x64.Deploy.0 = Release|x64
		{EA0E5683-02D5-4E7C-867E-CE588274EBB5}.Release|x86.ActiveCfg = Release|x86
		{EA0E5683-02D5-4E7C-867E-CE588274EBB5}.Release|x86.Build.0 = Release|x86
		{EA0E5683-02D5-4E7C-867E-CE588274EBB5}.Release|x86.Deploy.0 = Release|x86
	EndGlobalSection
	GlobalSection(SolutionProperties) = preSolution
		HideSolutionNode = FALSE
	EndGlobalSection
	GlobalSection(NestedProjects) = preSolution
		{C273353E-3E3A-4D04-99B0-90AD253C8623} = {04A3C3B0-8C2C-4B1F-85B6-5D2C138867A2}
		{2A3E7AE0-421E-474B-9C72-268DD6FA1072} = {04A3C3B0-8C2C-4B1F-85B6-5D2C138867A2}
		{184B7424-B553-4477-A5A4-03B23AC41C74} = {04A3C3B0-8C2C-4B1F-85B6-5D2C138867A2}
		{0D76C2A5-8755-4185-9AA3-4BE4D9D66EFC} = {04A3C3B0-8C2C-4B1F-85B6-5D2C138867A2}
		{147E6A1B-BE33-429D-9DF7-DEDD3073C7E2} = {04A3C3B0-8C2C-4B1F-85B6-5D2C138867A2}
	EndGlobalSection
EndGlobal
