
Microsoft Visual Studio Solution File, Format Version 12.00
# Visual Studio 14
VisualStudioVersion = 14.0.25420.1
MinimumVisualStudioVersion = 10.0.40219.1
Project("{FAE04EC0-301F-11D3-BF4B-00C04F79EFBC}") = "XamarinApiToolkit", "XamarinApiToolkit\XamarinApiToolkit.csproj", "{C273353E-3E3A-4D04-99B0-90AD253C8623}"
EndProject
Project("{FAE04EC0-301F-11D3-BF4B-00C04F79EFBC}") = "XamarinApiToolkit.Common", "XamarinApiToolkit.Common\XamarinApiToolkit.Common.csproj", "{184B7424-B553-4477-A5A4-03B23AC41C74}"
EndProject
Project("{FAE04EC0-301F-11D3-BF4B-00C04F79EFBC}") = "XamarinApiToolkit.UWP", "XamarinApiToolkit.UWP\XamarinApiToolkit.UWP.csproj", "{147E6A1B-BE33-429D-9DF7-DEDD3073C7E2}"
EndProject
Project("{FAE04EC0-301F-11D3-BF4B-00C04F79EFBC}") = "XamarinApiToolkit.Android", "XamarinApiToolkit.Android\XamarinApiToolkit.Android.csproj", "{2A3E7AE0-421E-474B-9C72-268DD6FA1072}"
EndProject
Project("{FAE04EC0-301F-11D3-BF4B-00C04F79EFBC}") = "XamarinApiToolkit.iOS", "XamarinApiToolkit.iOS\XamarinApiToolkit.iOS.csproj", "{0D76C2A5-8755-4185-9AA3-4BE4D9D66EFC}"
EndProject
Global
	GlobalSection(SolutionConfigurationPlatforms) = preSolution
		Ad-Hoc|Any CPU = Ad-Hoc|Any CPU
		Ad-Hoc|ARM = Ad-Hoc|ARM
		Ad-Hoc|iPhone = Ad-Hoc|iPhone
		Ad-Hoc|iPhoneSimulator = Ad-Hoc|iPhoneSimulator
		Ad-Hoc|x64 = Ad-Hoc|x64
		Ad-Hoc|x86 = Ad-Hoc|x86
		AppStore|Any CPU = AppStore|Any CPU
		AppStore|ARM = AppStore|ARM
		AppStore|iPhone = AppStore|iPhone
		AppStore|iPhoneSimulator = AppStore|iPhoneSimulator
		AppStore|x64 = AppStore|x64
		AppStore|x86 = AppStore|x86
		Debug|Any CPU = Debug|Any CPU
		Debug|ARM = Debug|ARM
		Debug|iPhone = Debug|iPhone
		Debug|iPhoneSimulator = Debug|iPhoneSimulator
		Debug|x64 = Debug|x64
		Debug|x86 = Debug|x86
		Release|Any CPU = Release|Any CPU
		Release|ARM = Release|ARM
		Release|iPhone = Release|iPhone
		Release|iPhoneSimulator = Release|iPhoneSimulator
		Release|x64 = Release|x64
		Release|x86 = Release|x86
	EndGlobalSection
	GlobalSection(ProjectConfigurationPlatforms) = postSolution
		{C273353E-3E3A-4D04-99B0-90AD253C8623}.Ad-Hoc|Any CPU.ActiveCfg = Release|Any CPU
		{C273353E-3E3A-4D04-99B0-90AD253C8623}.Ad-Hoc|Any CPU.Build.0 = Release|Any CPU
		{C273353E-3E3A-4D04-99B0-90AD253C8623}.Ad-Hoc|ARM.ActiveCfg = Release|Any CPU
		{C273353E-3E3A-4D04-99B0-90AD253C8623}.Ad-Hoc|ARM.Build.0 = Release|Any CPU
		{C273353E-3E3A-4D04-99B0-90AD253C8623}.Ad-Hoc|iPhone.ActiveCfg = Release|Any CPU
		{C273353E-3E3A-4D04-99B0-90AD253C8623}.Ad-Hoc|iPhone.Build.0 = Release|Any CPU
		{C273353E-3E3A-4D04-99B0-90AD253C8623}.Ad-Hoc|iPhoneSimulator.ActiveCfg = Release|Any CPU
		{C273353E-3E3A-4D04-99B0-90AD253C8623}.Ad-Hoc|iPhoneSimulator.Build.0 = Release|Any CPU
		{C273353E-3E3A-4D04-99B0-90AD253C8623}.Ad-Hoc|x64.ActiveCfg = Release|Any CPU
		{C273353E-3E3A-4D04-99B0-90AD253C8623}.Ad-Hoc|x64.Build.0 = Release|Any CPU
		{C273353E-3E3A-4D04-99B0-90AD253C8623}.Ad-Hoc|x86.ActiveCfg = Release|Any CPU
		{C273353E-3E3A-4D04-99B0-90AD253C8623}.Ad-Hoc|x86.Build.0 = Release|Any CPU
		{C273353E-3E3A-4D04-99B0-90AD253C8623}.AppStore|Any CPU.ActiveCfg = Release|Any CPU
		{C273353E-3E3A-4D04-99B0-90AD253C8623}.AppStore|Any CPU.Build.0 = Release|Any CPU
		{C273353E-3E3A-4D04-99B0-90AD253C8623}.AppStore|ARM.ActiveCfg = Release|Any CPU
		{C273353E-3E3A-4D04-99B0-90AD253C8623}.AppStore|ARM.Build.0 = Release|Any CPU
		{C273353E-3E3A-4D04-99B0-90AD253C8623}.AppStore|iPhone.ActiveCfg = Release|Any CPU
		{C273353E-3E3A-4D04-99B0-90AD253C8623}.AppStore|iPhone.Build.0 = Release|Any CPU
		{C273353E-3E3A-4D04-99B0-90AD253C8623}.AppStore|iPhoneSimulator.ActiveCfg = Release|Any CPU
		{C273353E-3E3A-4D04-99B0-90AD253C8623}.AppStore|iPhoneSimulator.Build.0 = Release|Any CPU
		{C273353E-3E3A-4D04-99B0-90AD253C8623}.AppStore|x64.ActiveCfg = Release|Any CPU
		{C273353E-3E3A-4D04-99B0-90AD253C8623}.AppStore|x64.Build.0 = Release|Any CPU
		{C273353E-3E3A-4D04-99B0-90AD253C8623}.AppStore|x86.ActiveCfg = Release|Any CPU
		{C273353E-3E3A-4D04-99B0-90AD253C8623}.AppStore|x86.Build.0 = Release|Any CPU
		{C273353E-3E3A-4D04-99B0-90AD253C8623}.Debug|Any CPU.ActiveCfg = Debug|Any CPU
		{C273353E-3E3A-4D04-99B0-90AD253C8623}.Debug|Any CPU.Build.0 = Debug|Any CPU
		{C273353E-3E3A-4D04-99B0-90AD253C8623}.Debug|ARM.ActiveCfg = Debug|Any CPU
		{C273353E-3E3A-4D04-99B0-90AD253C8623}.Debug|ARM.Build.0 = Debug|Any CPU
		{C273353E-3E3A-4D04-99B0-90AD253C8623}.Debug|iPhone.ActiveCfg = Debug|Any CPU
		{C273353E-3E3A-4D04-99B0-90AD253C8623}.Debug|iPhone.Build.0 = Debug|Any CPU
		{C273353E-3E3A-4D04-99B0-90AD253C8623}.Debug|iPhoneSimulator.ActiveCfg = Debug|Any CPU
		{C273353E-3E3A-4D04-99B0-90AD253C8623}.Debug|iPhoneSimulator.Build.0 = Debug|Any CPU
		{C273353E-3E3A-4D04-99B0-90AD253C8623}.Debug|x64.ActiveCfg = Debug|Any CPU
		{C273353E-3E3A-4D04-99B0-90AD253C8623}.Debug|x64.Build.0 = Debug|Any CPU
		{C273353E-3E3A-4D04-99B0-90AD253C8623}.Debug|x86.ActiveCfg = Debug|Any CPU
		{C273353E-3E3A-4D04-99B0-90AD253C8623}.Debug|x86.Build.0 = Debug|Any CPU
		{C273353E-3E3A-4D04-99B0-90AD253C8623}.Release|Any CPU.ActiveCfg = Release|Any CPU
		{C273353E-3E3A-4D04-99B0-90AD253C8623}.Release|Any CPU.Build.0 = Release|Any CPU
		{C273353E-3E3A-4D04-99B0-90AD253C8623}.Release|ARM.ActiveCfg = Release|Any CPU
		{C273353E-3E3A-4D04-99B0-90AD253C8623}.Release|ARM.Build.0 = Release|Any CPU
		{C273353E-3E3A-4D04-99B0-90AD253C8623}.Release|iPhone.ActiveCfg = Release|Any CPU
		{C273353E-3E3A-4D04-99B0-90AD253C8623}.Release|iPhone.Build.0 = Release|Any CPU
		{C273353E-3E3A-4D04-99B0-90AD253C8623}.Release|iPhoneSimulator.ActiveCfg = Release|Any CPU
		{C273353E-3E3A-4D04-99B0-90AD253C8623}.Release|iPhoneSimulator.Build.0 = Release|Any CPU
		{C273353E-3E3A-4D04-99B0-90AD253C8623}.Release|x64.ActiveCfg = Release|Any CPU
		{C273353E-3E3A-4D04-99B0-90AD253C8623}.Release|x64.Build.0 = Release|Any CPU
		{C273353E-3E3A-4D04-99B0-90AD253C8623}.Release|x86.ActiveCfg = Release|Any CPU
		{C273353E-3E3A-4D04-99B0-90AD253C8623}.Release|x86.Build.0 = Release|Any CPU
		{184B7424-B553-4477-A5A4-03B23AC41C74}.Ad-Hoc|Any CPU.ActiveCfg = Release|Any CPU
		{184B7424-B553-4477-A5A4-03B23AC41C74}.Ad-Hoc|Any CPU.Build.0 = Release|Any CPU
		{184B7424-B553-4477-A5A4-03B23AC41C74}.Ad-Hoc|ARM.ActiveCfg = Release|Any CPU
		{184B7424-B553-4477-A5A4-03B23AC41C74}.Ad-Hoc|ARM.Build.0 = Release|Any CPU
		{184B7424-B553-4477-A5A4-03B23AC41C74}.Ad-Hoc|iPhone.ActiveCfg = Release|Any CPU
		{184B7424-B553-4477-A5A4-03B23AC41C74}.Ad-Hoc|iPhone.Build.0 = Release|Any CPU
		{184B7424-B553-4477-A5A4-03B23AC41C74}.Ad-Hoc|iPhoneSimulator.ActiveCfg = Release|Any CPU
		{184B7424-B553-4477-A5A4-03B23AC41C74}.Ad-Hoc|iPhoneSimulator.Build.0 = Release|Any CPU
		{184B7424-B553-4477-A5A4-03B23AC41C74}.Ad-Hoc|x64.ActiveCfg = Release|Any CPU
		{184B7424-B553-4477-A5A4-03B23AC41C74}.Ad-Hoc|x64.Build.0 = Release|Any CPU
		{184B7424-B553-4477-A5A4-03B23AC41C74}.Ad-Hoc|x86.ActiveCfg = Release|Any CPU
		{184B7424-B553-4477-A5A4-03B23AC41C74}.Ad-Hoc|x86.Build.0 = Release|Any CPU
		{184B7424-B553-4477-A5A4-03B23AC41C74}.AppStore|Any CPU.ActiveCfg = Release|Any CPU
		{184B7424-B553-4477-A5A4-03B23AC41C74}.AppStore|Any CPU.Build.0 = Release|Any CPU
		{184B7424-B553-4477-A5A4-03B23AC41C74}.AppStore|ARM.ActiveCfg = Release|Any CPU
		{184B7424-B553-4477-A5A4-03B23AC41C74}.AppStore|ARM.Build.0 = Release|Any CPU
		{184B7424-B553-4477-A5A4-03B23AC41C74}.AppStore|iPhone.ActiveCfg = Release|Any CPU
		{184B7424-B553-4477-A5A4-03B23AC41C74}.AppStore|iPhone.Build.0 = Release|Any CPU
		{184B7424-B553-4477-A5A4-03B23AC41C74}.AppStore|iPhoneSimulator.ActiveCfg = Release|Any CPU
		{184B7424-B553-4477-A5A4-03B23AC41C74}.AppStore|iPhoneSimulator.Build.0 = Release|Any CPU
		{184B7424-B553-4477-A5A4-03B23AC41C74}.AppStore|x64.ActiveCfg = Release|Any CPU
		{184B7424-B553-4477-A5A4-03B23AC41C74}.AppStore|x64.Build.0 = Release|Any CPU
		{184B7424-B553-4477-A5A4-03B23AC41C74}.AppStore|x86.ActiveCfg = Release|Any CPU
		{184B7424-B553-4477-A5A4-03B23AC41C74}.AppStore|x86.Build.0 = Release|Any CPU
		{184B7424-B553-4477-A5A4-03B23AC41C74}.Debug|Any CPU.ActiveCfg = Debug|Any CPU
		{184B7424-B553-4477-A5A4-03B23AC41C74}.Debug|Any CPU.Build.0 = Debug|Any CPU
		{184B7424-B553-4477-A5A4-03B23AC41C74}.Debug|ARM.ActiveCfg = Debug|Any CPU
		{184B7424-B553-4477-A5A4-03B23AC41C74}.Debug|ARM.Build.0 = Debug|Any CPU
		{184B7424-B553-4477-A5A4-03B23AC41C74}.Debug|iPhone.ActiveCfg = Debug|Any CPU
		{184B7424-B553-4477-A5A4-03B23AC41C74}.Debug|iPhone.Build.0 = Debug|Any CPU
		{184B7424-B553-4477-A5A4-03B23AC41C74}.Debug|iPhoneSimulator.ActiveCfg = Debug|Any CPU
		{184B7424-B553-4477-A5A4-03B23AC41C74}.Debug|iPhoneSimulator.Build.0 = Debug|Any CPU
		{184B7424-B553-4477-A5A4-03B23AC41C74}.Debug|x64.ActiveCfg = Debug|Any CPU
		{184B7424-B553-4477-A5A4-03B23AC41C74}.Debug|x64.Build.0 = Debug|Any CPU
		{184B7424-B553-4477-A5A4-03B23AC41C74}.Debug|x86.ActiveCfg = Debug|Any CPU
		{184B7424-B553-4477-A5A4-03B23AC41C74}.Debug|x86.Build.0 = Debug|Any CPU
		{184B7424-B553-4477-A5A4-03B23AC41C74}.Release|Any CPU.ActiveCfg = Release|Any CPU
		{184B7424-B553-4477-A5A4-03B23AC41C74}.Release|Any CPU.Build.0 = Release|Any CPU
		{184B7424-B553-4477-A5A4-03B23AC41C74}.Release|ARM.ActiveCfg = Release|Any CPU
		{184B7424-B553-4477-A5A4-03B23AC41C74}.Release|ARM.Build.0 = Release|Any CPU
		{184B7424-B553-4477-A5A4-03B23AC41C74}.Release|iPhone.ActiveCfg = Release|Any CPU
		{184B7424-B553-4477-A5A4-03B23AC41C74}.Release|iPhone.Build.0 = Release|Any CPU
		{184B7424-B553-4477-A5A4-03B23AC41C74}.Release|iPhoneSimulator.ActiveCfg = Release|Any CPU
		{184B7424-B553-4477-A5A4-03B23AC41C74}.Release|iPhoneSimulator.Build.0 = Release|Any CPU
		{184B7424-B553-4477-A5A4-03B23AC41C74}.Release|x64.ActiveCfg = Release|Any CPU
		{184B7424-B553-4477-A5A4-03B23AC41C74}.Release|x64.Build.0 = Release|Any CPU
		{184B7424-B553-4477-A5A4-03B23AC41C74}.Release|x86.ActiveCfg = Release|Any CPU
		{184B7424-B553-4477-A5A4-03B23AC41C74}.Release|x86.Build.0 = Release|Any CPU
		{147E6A1B-BE33-429D-9DF7-DEDD3073C7E2}.Ad-Hoc|Any CPU.ActiveCfg = Release|Any CPU
		{147E6A1B-BE33-429D-9DF7-DEDD3073C7E2}.Ad-Hoc|Any CPU.Build.0 = Release|Any CPU
		{147E6A1B-BE33-429D-9DF7-DEDD3073C7E2}.Ad-Hoc|ARM.ActiveCfg = Release|ARM
		{147E6A1B-BE33-429D-9DF7-DEDD3073C7E2}.Ad-Hoc|ARM.Build.0 = Release|ARM
		{147E6A1B-BE33-429D-9DF7-DEDD3073C7E2}.Ad-Hoc|iPhone.ActiveCfg = Release|Any CPU
		{147E6A1B-BE33-429D-9DF7-DEDD3073C7E2}.Ad-Hoc|iPhone.Build.0 = Release|Any CPU
		{147E6A1B-BE33-429D-9DF7-DEDD3073C7E2}.Ad-Hoc|iPhoneSimulator.ActiveCfg = Release|Any CPU
		{147E6A1B-BE33-429D-9DF7-DEDD3073C7E2}.Ad-Hoc|iPhoneSimulator.Build.0 = Release|Any CPU
		{147E6A1B-BE33-429D-9DF7-DEDD3073C7E2}.Ad-Hoc|x64.ActiveCfg = Release|x64
		{147E6A1B-BE33-429D-9DF7-DEDD3073C7E2}.Ad-Hoc|x64.Build.0 = Release|x64
		{147E6A1B-BE33-429D-9DF7-DEDD3073C7E2}.Ad-Hoc|x86.ActiveCfg = Release|x86
		{147E6A1B-BE33-429D-9DF7-DEDD3073C7E2}.Ad-Hoc|x86.Build.0 = Release|x86
		{147E6A1B-BE33-429D-9DF7-DEDD3073C7E2}.AppStore|Any CPU.ActiveCfg = Release|Any CPU
		{147E6A1B-BE33-429D-9DF7-DEDD3073C7E2}.AppStore|Any CPU.Build.0 = Release|Any CPU
		{147E6A1B-BE33-429D-9DF7-DEDD3073C7E2}.AppStore|ARM.ActiveCfg = Release|ARM
		{147E6A1B-BE33-429D-9DF7-DEDD3073C7E2}.AppStore|ARM.Build.0 = Release|ARM
		{147E6A1B-BE33-429D-9DF7-DEDD3073C7E2}.AppStore|iPhone.ActiveCfg = Release|Any CPU
		{147E6A1B-BE33-429D-9DF7-DEDD3073C7E2}.AppStore|iPhone.Build.0 = Release|Any CPU
		{147E6A1B-BE33-429D-9DF7-DEDD3073C7E2}.AppStore|iPhoneSimulator.ActiveCfg = Release|Any CPU
		{147E6A1B-BE33-429D-9DF7-DEDD3073C7E2}.AppStore|iPhoneSimulator.Build.0 = Release|Any CPU
		{147E6A1B-BE33-429D-9DF7-DEDD3073C7E2}.AppStore|x64.ActiveCfg = Release|x64
		{147E6A1B-BE33-429D-9DF7-DEDD3073C7E2}.AppStore|x64.Build.0 = Release|x64
		{147E6A1B-BE33-429D-9DF7-DEDD3073C7E2}.AppStore|x86.ActiveCfg = Release|x86
		{147E6A1B-BE33-429D-9DF7-DEDD3073C7E2}.AppStore|x86.Build.0 = Release|x86
		{147E6A1B-BE33-429D-9DF7-DEDD3073C7E2}.Debug|Any CPU.ActiveCfg = Debug|Any CPU
		{147E6A1B-BE33-429D-9DF7-DEDD3073C7E2}.Debug|Any CPU.Build.0 = Debug|Any CPU
		{147E6A1B-BE33-429D-9DF7-DEDD3073C7E2}.Debug|ARM.ActiveCfg = Debug|ARM
		{147E6A1B-BE33-429D-9DF7-DEDD3073C7E2}.Debug|ARM.Build.0 = Debug|ARM
		{147E6A1B-BE33-429D-9DF7-DEDD3073C7E2}.Debug|iPhone.ActiveCfg = Debug|Any CPU
		{147E6A1B-BE33-429D-9DF7-DEDD3073C7E2}.Debug|iPhone.Build.0 = Debug|Any CPU
		{147E6A1B-BE33-429D-9DF7-DEDD3073C7E2}.Debug|iPhoneSimulator.ActiveCfg = Debug|Any CPU
		{147E6A1B-BE33-429D-9DF7-DEDD3073C7E2}.Debug|iPhoneSimulator.Build.0 = Debug|Any CPU
		{147E6A1B-BE33-429D-9DF7-DEDD3073C7E2}.Debug|x64.ActiveCfg = Debug|x64
		{147E6A1B-BE33-429D-9DF7-DEDD3073C7E2}.Debug|x64.Build.0 = Debug|x64
		{147E6A1B-BE33-429D-9DF7-DEDD3073C7E2}.Debug|x86.ActiveCfg = Debug|x86
		{147E6A1B-BE33-429D-9DF7-DEDD3073C7E2}.Debug|x86.Build.0 = Debug|x86
		{147E6A1B-BE33-429D-9DF7-DEDD3073C7E2}.Release|Any CPU.ActiveCfg = Release|Any CPU
		{147E6A1B-BE33-429D-9DF7-DEDD3073C7E2}.Release|Any CPU.Build.0 = Release|Any CPU
		{147E6A1B-BE33-429D-9DF7-DEDD3073C7E2}.Release|ARM.ActiveCfg = Release|ARM
		{147E6A1B-BE33-429D-9DF7-DEDD3073C7E2}.Release|ARM.Build.0 = Release|ARM
		{147E6A1B-BE33-429D-9DF7-DEDD3073C7E2}.Release|iPhone.ActiveCfg = Release|Any CPU
		{147E6A1B-BE33-429D-9DF7-DEDD3073C7E2}.Release|iPhone.Build.0 = Release|Any CPU
		{147E6A1B-BE33-429D-9DF7-DEDD3073C7E2}.Release|iPhoneSimulator.ActiveCfg = Release|Any CPU
		{147E6A1B-BE33-429D-9DF7-DEDD3073C7E2}.Release|iPhoneSimulator.Build.0 = Release|Any CPU
		{147E6A1B-BE33-429D-9DF7-DEDD3073C7E2}.Release|x64.ActiveCfg = Release|x64
		{147E6A1B-BE33-429D-9DF7-DEDD3073C7E2}.Release|x64.Build.0 = Release|x64
		{147E6A1B-BE33-429D-9DF7-DEDD3073C7E2}.Release|x86.ActiveCfg = Release|x86
		{147E6A1B-BE33-429D-9DF7-DEDD3073C7E2}.Release|x86.Build.0 = Release|x86
		{2A3E7AE0-421E-474B-9C72-268DD6FA1072}.Ad-Hoc|Any CPU.ActiveCfg = Release|Any CPU
		{2A3E7AE0-421E-474B-9C72-268DD6FA1072}.Ad-Hoc|Any CPU.Build.0 = Release|Any CPU
		{2A3E7AE0-421E-474B-9C72-268DD6FA1072}.Ad-Hoc|ARM.ActiveCfg = Release|Any CPU
		{2A3E7AE0-421E-474B-9C72-268DD6FA1072}.Ad-Hoc|ARM.Build.0 = Release|Any CPU
		{2A3E7AE0-421E-474B-9C72-268DD6FA1072}.Ad-Hoc|iPhone.ActiveCfg = Release|Any CPU
		{2A3E7AE0-421E-474B-9C72-268DD6FA1072}.Ad-Hoc|iPhone.Build.0 = Release|Any CPU
		{2A3E7AE0-421E-474B-9C72-268DD6FA1072}.Ad-Hoc|iPhoneSimulator.ActiveCfg = Release|Any CPU
		{2A3E7AE0-421E-474B-9C72-268DD6FA1072}.Ad-Hoc|iPhoneSimulator.Build.0 = Release|Any CPU
		{2A3E7AE0-421E-474B-9C72-268DD6FA1072}.Ad-Hoc|x64.ActiveCfg = Release|Any CPU
		{2A3E7AE0-421E-474B-9C72-268DD6FA1072}.Ad-Hoc|x64.Build.0 = Release|Any CPU
		{2A3E7AE0-421E-474B-9C72-268DD6FA1072}.Ad-Hoc|x86.ActiveCfg = Release|Any CPU
		{2A3E7AE0-421E-474B-9C72-268DD6FA1072}.Ad-Hoc|x86.Build.0 = Release|Any CPU
		{2A3E7AE0-421E-474B-9C72-268DD6FA1072}.AppStore|Any CPU.ActiveCfg = Release|Any CPU
		{2A3E7AE0-421E-474B-9C72-268DD6FA1072}.AppStore|Any CPU.Build.0 = Release|Any CPU
		{2A3E7AE0-421E-474B-9C72-268DD6FA1072}.AppStore|ARM.ActiveCfg = Release|Any CPU
		{2A3E7AE0-421E-474B-9C72-268DD6FA1072}.AppStore|ARM.Build.0 = Release|Any CPU
		{2A3E7AE0-421E-474B-9C72-268DD6FA1072}.AppStore|iPhone.ActiveCfg = Release|Any CPU
		{2A3E7AE0-421E-474B-9C72-268DD6FA1072}.AppStore|iPhone.Build.0 = Release|Any CPU
		{2A3E7AE0-421E-474B-9C72-268DD6FA1072}.AppStore|iPhoneSimulator.ActiveCfg = Release|Any CPU
		{2A3E7AE0-421E-474B-9C72-268DD6FA1072}.AppStore|iPhoneSimulator.Build.0 = Release|Any CPU
		{2A3E7AE0-421E-474B-9C72-268DD6FA1072}.AppStore|x64.ActiveCfg = Release|Any CPU
		{2A3E7AE0-421E-474B-9C72-268DD6FA1072}.AppStore|x64.Build.0 = Release|Any CPU
		{2A3E7AE0-421E-474B-9C72-268DD6FA1072}.AppStore|x86.ActiveCfg = Release|Any CPU
		{2A3E7AE0-421E-474B-9C72-268DD6FA1072}.AppStore|x86.Build.0 = Release|Any CPU
		{2A3E7AE0-421E-474B-9C72-268DD6FA1072}.Debug|Any CPU.ActiveCfg = Debug|Any CPU
		{2A3E7AE0-421E-474B-9C72-268DD6FA1072}.Debug|Any CPU.Build.0 = Debug|Any CPU
		{2A3E7AE0-421E-474B-9C72-268DD6FA1072}.Debug|ARM.ActiveCfg = Debug|Any CPU
		{2A3E7AE0-421E-474B-9C72-268DD6FA1072}.Debug|ARM.Build.0 = Debug|Any CPU
		{2A3E7AE0-421E-474B-9C72-268DD6FA1072}.Debug|iPhone.ActiveCfg = Debug|Any CPU
		{2A3E7AE0-421E-474B-9C72-268DD6FA1072}.Debug|iPhone.Build.0 = Debug|Any CPU
		{2A3E7AE0-421E-474B-9C72-268DD6FA1072}.Debug|iPhoneSimulator.ActiveCfg = Debug|Any CPU
		{2A3E7AE0-421E-474B-9C72-268DD6FA1072}.Debug|iPhoneSimulator.Build.0 = Debug|Any CPU
		{2A3E7AE0-421E-474B-9C72-268DD6FA1072}.Debug|x64.ActiveCfg = Debug|Any CPU
		{2A3E7AE0-421E-474B-9C72-268DD6FA1072}.Debug|x64.Build.0 = Debug|Any CPU
		{2A3E7AE0-421E-474B-9C72-268DD6FA1072}.Debug|x86.ActiveCfg = Debug|Any CPU
		{2A3E7AE0-421E-474B-9C72-268DD6FA1072}.Debug|x86.Build.0 = Debug|Any CPU
		{2A3E7AE0-421E-474B-9C72-268DD6FA1072}.Release|Any CPU.ActiveCfg = Release|Any CPU
		{2A3E7AE0-421E-474B-9C72-268DD6FA1072}.Release|Any CPU.Build.0 = Release|Any CPU
		{2A3E7AE0-421E-474B-9C72-268DD6FA1072}.Release|ARM.ActiveCfg = Release|Any CPU
		{2A3E7AE0-421E-474B-9C72-268DD6FA1072}.Release|ARM.Build.0 = Release|Any CPU
		{2A3E7AE0-421E-474B-9C72-268DD6FA1072}.Release|iPhone.ActiveCfg = Release|Any CPU
		{2A3E7AE0-421E-474B-9C72-268DD6FA1072}.Release|iPhone.Build.0 = Release|Any CPU
		{2A3E7AE0-421E-474B-9C72-268DD6FA1072}.Release|iPhoneSimulator.ActiveCfg = Release|Any CPU
		{2A3E7AE0-421E-474B-9C72-268DD6FA1072}.Release|iPhoneSimulator.Build.0 = Release|Any CPU
		{2A3E7AE0-421E-474B-9C72-268DD6FA1072}.Release|x64.ActiveCfg = Release|Any CPU
		{2A3E7AE0-421E-474B-9C72-268DD6FA1072}.Release|x64.Build.0 = Release|Any CPU
		{2A3E7AE0-421E-474B-9C72-268DD6FA1072}.Release|x86.ActiveCfg = Release|Any CPU
		{2A3E7AE0-421E-474B-9C72-268DD6FA1072}.Release|x86.Build.0 = Release|Any CPU
		{0D76C2A5-8755-4185-9AA3-4BE4D9D66EFC}.Ad-Hoc|Any CPU.ActiveCfg = Release|Any CPU
		{0D76C2A5-8755-4185-9AA3-4BE4D9D66EFC}.Ad-Hoc|Any CPU.Build.0 = Release|Any CPU
		{0D76C2A5-8755-4185-9AA3-4BE4D9D66EFC}.Ad-Hoc|ARM.ActiveCfg = Release|Any CPU
		{0D76C2A5-8755-4185-9AA3-4BE4D9D66EFC}.Ad-Hoc|ARM.Build.0 = Release|Any CPU
		{0D76C2A5-8755-4185-9AA3-4BE4D9D66EFC}.Ad-Hoc|iPhone.ActiveCfg = Release|Any CPU
		{0D76C2A5-8755-4185-9AA3-4BE4D9D66EFC}.Ad-Hoc|iPhone.Build.0 = Release|Any CPU
		{0D76C2A5-8755-4185-9AA3-4BE4D9D66EFC}.Ad-Hoc|iPhoneSimulator.ActiveCfg = Release|Any CPU
		{0D76C2A5-8755-4185-9AA3-4BE4D9D66EFC}.Ad-Hoc|iPhoneSimulator.Build.0 = Release|Any CPU
		{0D76C2A5-8755-4185-9AA3-4BE4D9D66EFC}.Ad-Hoc|x64.ActiveCfg = Release|Any CPU
		{0D76C2A5-8755-4185-9AA3-4BE4D9D66EFC}.Ad-Hoc|x64.Build.0 = Release|Any CPU
		{0D76C2A5-8755-4185-9AA3-4BE4D9D66EFC}.Ad-Hoc|x86.ActiveCfg = Release|Any CPU
		{0D76C2A5-8755-4185-9AA3-4BE4D9D66EFC}.Ad-Hoc|x86.Build.0 = Release|Any CPU
		{0D76C2A5-8755-4185-9AA3-4BE4D9D66EFC}.AppStore|Any CPU.ActiveCfg = Release|Any CPU
		{0D76C2A5-8755-4185-9AA3-4BE4D9D66EFC}.AppStore|Any CPU.Build.0 = Release|Any CPU
		{0D76C2A5-8755-4185-9AA3-4BE4D9D66EFC}.AppStore|ARM.ActiveCfg = Release|Any CPU
		{0D76C2A5-8755-4185-9AA3-4BE4D9D66EFC}.AppStore|ARM.Build.0 = Release|Any CPU
		{0D76C2A5-8755-4185-9AA3-4BE4D9D66EFC}.AppStore|iPhone.ActiveCfg = Release|Any CPU
		{0D76C2A5-8755-4185-9AA3-4BE4D9D66EFC}.AppStore|iPhone.Build.0 = Release|Any CPU
		{0D76C2A5-8755-4185-9AA3-4BE4D9D66EFC}.AppStore|iPhoneSimulator.ActiveCfg = Release|Any CPU
		{0D76C2A5-8755-4185-9AA3-4BE4D9D66EFC}.AppStore|iPhoneSimulator.Build.0 = Release|Any CPU
		{0D76C2A5-8755-4185-9AA3-4BE4D9D66EFC}.AppStore|x64.ActiveCfg = Release|Any CPU
		{0D76C2A5-8755-4185-9AA3-4BE4D9D66EFC}.AppStore|x64.Build.0 = Release|Any CPU
		{0D76C2A5-8755-4185-9AA3-4BE4D9D66EFC}.AppStore|x86.ActiveCfg = Release|Any CPU
		{0D76C2A5-8755-4185-9AA3-4BE4D9D66EFC}.AppStore|x86.Build.0 = Release|Any CPU
		{0D76C2A5-8755-4185-9AA3-4BE4D9D66EFC}.Debug|Any CPU.ActiveCfg = Debug|Any CPU
		{0D76C2A5-8755-4185-9AA3-4BE4D9D66EFC}.Debug|Any CPU.Build.0 = Debug|Any CPU
		{0D76C2A5-8755-4185-9AA3-4BE4D9D66EFC}.Debug|ARM.ActiveCfg = Debug|Any CPU
		{0D76C2A5-8755-4185-9AA3-4BE4D9D66EFC}.Debug|ARM.Build.0 = Debug|Any CPU
		{0D76C2A5-8755-4185-9AA3-4BE4D9D66EFC}.Debug|iPhone.ActiveCfg = Debug|Any CPU
		{0D76C2A5-8755-4185-9AA3-4BE4D9D66EFC}.Debug|iPhone.Build.0 = Debug|Any CPU
		{0D76C2A5-8755-4185-9AA3-4BE4D9D66EFC}.Debug|iPhoneSimulator.ActiveCfg = Debug|Any CPU
		{0D76C2A5-8755-4185-9AA3-4BE4D9D66EFC}.Debug|iPhoneSimulator.Build.0 = Debug|Any CPU
		{0D76C2A5-8755-4185-9AA3-4BE4D9D66EFC}.Debug|x64.ActiveCfg = Debug|Any CPU
		{0D76C2A5-8755-4185-9AA3-4BE4D9D66EFC}.Debug|x64.Build.0 = Debug|Any CPU
		{0D76C2A5-8755-4185-9AA3-4BE4D9D66EFC}.Debug|x86.ActiveCfg = Debug|Any CPU
		{0D76C2A5-8755-4185-9AA3-4BE4D9D66EFC}.Debug|x86.Build.0 = Debug|Any CPU
		{0D76C2A5-8755-4185-9AA3-4BE4D9D66EFC}.Release|Any CPU.ActiveCfg = Release|Any CPU
		{0D76C2A5-8755-4185-9AA3-4BE4D9D66EFC}.Release|Any CPU.Build.0 = Release|Any CPU
		{0D76C2A5-8755-4185-9AA3-4BE4D9D66EFC}.Release|ARM.ActiveCfg = Release|Any CPU
		{0D76C2A5-8755-4185-9AA3-4BE4D9D66EFC}.Release|ARM.Build.0 = Release|Any CPU
		{0D76C2A5-8755-4185-9AA3-4BE4D9D66EFC}.Release|iPhone.ActiveCfg = Release|Any CPU
		{0D76C2A5-8755-4185-9AA3-4BE4D9D66EFC}.Release|iPhone.Build.0 = Release|Any CPU
		{0D76C2A5-8755-4185-9AA3-4BE4D9D66EFC}.Release|iPhoneSimulator.ActiveCfg = Release|Any CPU
		{0D76C2A5-8755-4185-9AA3-4BE4D9D66EFC}.Release|iPhoneSimulator.Build.0 = Release|Any CPU
		{0D76C2A5-8755-4185-9AA3-4BE4D9D66EFC}.Release|x64.ActiveCfg = Release|Any CPU
		{0D76C2A5-8755-4185-9AA3-4BE4D9D66EFC}.Release|x64.Build.0 = Release|Any CPU
		{0D76C2A5-8755-4185-9AA3-4BE4D9D66EFC}.Release|x86.ActiveCfg = Release|Any CPU
		{0D76C2A5-8755-4185-9AA3-4BE4D9D66EFC}.Release|x86.Build.0 = Release|Any CPU
	EndGlobalSection
	GlobalSection(SolutionProperties) = preSolution
		HideSolutionNode = FALSE
	EndGlobalSection
EndGlobal
