
Microsoft Visual Studio Solution File, Format Version 12.00
# Visual Studio 14
VisualStudioVersion = 14.0.25123.0
MinimumVisualStudioVersion = 10.0.40219.1
Project("{FAE04EC0-301F-11D3-BF4B-00C04F79EFBC}") = "XamKit.Core", "XamKit.Core\XamKit.Core.csproj", "{092AEB8A-3EF2-4EAE-BFF5-29A273622AB6}"
EndProject
Project("{2150E333-8FDC-42A3-9474-1A3956D46DE8}") = "Core", "Core", "{B97A9028-24B6-49F7-8066-7175FA3346A8}"
EndProject
Project("{FAE04EC0-301F-11D3-BF4B-00C04F79EFBC}") = "XamKit.Core.iOS", "XamKit.Core.iOS\XamKit.Core.iOS.csproj", "{F925D0F9-A634-4A02-9E9E-5976E8776A8B}"
EndProject
Project("{FAE04EC0-301F-11D3-BF4B-00C04F79EFBC}") = "XamKit.Core.Common", "XamKit.Core.Common\XamKit.Core.Common.csproj", "{9F3AE615-97C0-4E68-81D4-473EB2108BEE}"
EndProject
Project("{FAE04EC0-301F-11D3-BF4B-00C04F79EFBC}") = "XamKit.Core.Android", "XamKit.Core.Android\XamKit.Core.Android.csproj", "{B5DE783E-F6A8-4699-856E-5BD77E3065CD}"
EndProject
Project("{FAE04EC0-301F-11D3-BF4B-00C04F79EFBC}") = "XamKit.Core.UWP", "XamKit.Core.UWP\XamKit.Core.UWP.csproj", "{B8E42A6B-3169-47C8-8D99-0C6C4C5420BF}"
EndProject
Project("{FAE04EC0-301F-11D3-BF4B-00C04F79EFBC}") = "XamKit.Common", "XamKit.Common\XamKit.Common.csproj", "{67C82173-A3AE-4A61-A17B-86CBA412A918}"
EndProject
Project("{2150E333-8FDC-42A3-9474-1A3956D46DE8}") = "Testing", "Testing", "{FA02E506-EE64-4410-8B30-CA51F5BF519A}"
EndProject
Project("{FAE04EC0-301F-11D3-BF4B-00C04F79EFBC}") = "XamKit.Testing.UWP", "XamKit.Testing.UWP\XamKit.Testing.UWP.csproj", "{428B6784-5958-4498-8901-411DF80EC74B}"
EndProject
Project("{FAE04EC0-301F-11D3-BF4B-00C04F79EFBC}") = "XamKit.Testing.Android", "XamKit.Testing.Android\XamKit.Testing.Android.csproj", "{EC0A37C7-E7C4-4958-9BE9-9812E84BA187}"
EndProject
Project("{FAE04EC0-301F-11D3-BF4B-00C04F79EFBC}") = "XamKit.Testing.iOS", "XamKit.Testing.iOS\XamKit.Testing.iOS.csproj", "{8934223B-EBEF-4966-8B6F-1A4719A55217}"
EndProject
Global
	GlobalSection(SolutionConfigurationPlatforms) = preSolution
		Ad-Hoc|Any CPU = Ad-Hoc|Any CPU
		Ad-Hoc|ARM = Ad-Hoc|ARM
		Ad-Hoc|iPhone = Ad-Hoc|iPhone
		Ad-Hoc|iPhoneSimulator = Ad-Hoc|iPhoneSimulator
		Ad-Hoc|Mixed Platforms = Ad-Hoc|Mixed Platforms
		Ad-Hoc|x64 = Ad-Hoc|x64
		Ad-Hoc|x86 = Ad-Hoc|x86
		AppStore|Any CPU = AppStore|Any CPU
		AppStore|ARM = AppStore|ARM
		AppStore|iPhone = AppStore|iPhone
		AppStore|iPhoneSimulator = AppStore|iPhoneSimulator
		AppStore|Mixed Platforms = AppStore|Mixed Platforms
		AppStore|x64 = AppStore|x64
		AppStore|x86 = AppStore|x86
		Debug|Any CPU = Debug|Any CPU
		Debug|ARM = Debug|ARM
		Debug|iPhone = Debug|iPhone
		Debug|iPhoneSimulator = Debug|iPhoneSimulator
		Debug|Mixed Platforms = Debug|Mixed Platforms
		Debug|x64 = Debug|x64
		Debug|x86 = Debug|x86
		Release|Any CPU = Release|Any CPU
		Release|ARM = Release|ARM
		Release|iPhone = Release|iPhone
		Release|iPhoneSimulator = Release|iPhoneSimulator
		Release|Mixed Platforms = Release|Mixed Platforms
		Release|x64 = Release|x64
		Release|x86 = Release|x86
	EndGlobalSection
	GlobalSection(ProjectConfigurationPlatforms) = postSolution
		{092AEB8A-3EF2-4EAE-BFF5-29A273622AB6}.Ad-Hoc|Any CPU.ActiveCfg = Release|Any CPU
		{092AEB8A-3EF2-4EAE-BFF5-29A273622AB6}.Ad-Hoc|Any CPU.Build.0 = Release|Any CPU
		{092AEB8A-3EF2-4EAE-BFF5-29A273622AB6}.Ad-Hoc|ARM.ActiveCfg = Release|Any CPU
		{092AEB8A-3EF2-4EAE-BFF5-29A273622AB6}.Ad-Hoc|ARM.Build.0 = Release|Any CPU
		{092AEB8A-3EF2-4EAE-BFF5-29A273622AB6}.Ad-Hoc|iPhone.ActiveCfg = Release|Any CPU
		{092AEB8A-3EF2-4EAE-BFF5-29A273622AB6}.Ad-Hoc|iPhone.Build.0 = Release|Any CPU
		{092AEB8A-3EF2-4EAE-BFF5-29A273622AB6}.Ad-Hoc|iPhoneSimulator.ActiveCfg = Release|Any CPU
		{092AEB8A-3EF2-4EAE-BFF5-29A273622AB6}.Ad-Hoc|iPhoneSimulator.Build.0 = Release|Any CPU
		{092AEB8A-3EF2-4EAE-BFF5-29A273622AB6}.Ad-Hoc|Mixed Platforms.ActiveCfg = Release|Any CPU
		{092AEB8A-3EF2-4EAE-BFF5-29A273622AB6}.Ad-Hoc|Mixed Platforms.Build.0 = Release|Any CPU
		{092AEB8A-3EF2-4EAE-BFF5-29A273622AB6}.Ad-Hoc|x64.ActiveCfg = Release|Any CPU
		{092AEB8A-3EF2-4EAE-BFF5-29A273622AB6}.Ad-Hoc|x64.Build.0 = Release|Any CPU
		{092AEB8A-3EF2-4EAE-BFF5-29A273622AB6}.Ad-Hoc|x86.ActiveCfg = Release|Any CPU
		{092AEB8A-3EF2-4EAE-BFF5-29A273622AB6}.Ad-Hoc|x86.Build.0 = Release|Any CPU
		{092AEB8A-3EF2-4EAE-BFF5-29A273622AB6}.AppStore|Any CPU.ActiveCfg = Release|Any CPU
		{092AEB8A-3EF2-4EAE-BFF5-29A273622AB6}.AppStore|Any CPU.Build.0 = Release|Any CPU
		{092AEB8A-3EF2-4EAE-BFF5-29A273622AB6}.AppStore|ARM.ActiveCfg = Release|Any CPU
		{092AEB8A-3EF2-4EAE-BFF5-29A273622AB6}.AppStore|ARM.Build.0 = Release|Any CPU
		{092AEB8A-3EF2-4EAE-BFF5-29A273622AB6}.AppStore|iPhone.ActiveCfg = Release|Any CPU
		{092AEB8A-3EF2-4EAE-BFF5-29A273622AB6}.AppStore|iPhone.Build.0 = Release|Any CPU
		{092AEB8A-3EF2-4EAE-BFF5-29A273622AB6}.AppStore|iPhoneSimulator.ActiveCfg = Release|Any CPU
		{092AEB8A-3EF2-4EAE-BFF5-29A273622AB6}.AppStore|iPhoneSimulator.Build.0 = Release|Any CPU
		{092AEB8A-3EF2-4EAE-BFF5-29A273622AB6}.AppStore|Mixed Platforms.ActiveCfg = Release|Any CPU
		{092AEB8A-3EF2-4EAE-BFF5-29A273622AB6}.AppStore|Mixed Platforms.Build.0 = Release|Any CPU
		{092AEB8A-3EF2-4EAE-BFF5-29A273622AB6}.AppStore|x64.ActiveCfg = Release|Any CPU
		{092AEB8A-3EF2-4EAE-BFF5-29A273622AB6}.AppStore|x64.Build.0 = Release|Any CPU
		{092AEB8A-3EF2-4EAE-BFF5-29A273622AB6}.AppStore|x86.ActiveCfg = Release|Any CPU
		{092AEB8A-3EF2-4EAE-BFF5-29A273622AB6}.AppStore|x86.Build.0 = Release|Any CPU
		{092AEB8A-3EF2-4EAE-BFF5-29A273622AB6}.Debug|Any CPU.ActiveCfg = Debug|Any CPU
		{092AEB8A-3EF2-4EAE-BFF5-29A273622AB6}.Debug|Any CPU.Build.0 = Debug|Any CPU
		{092AEB8A-3EF2-4EAE-BFF5-29A273622AB6}.Debug|ARM.ActiveCfg = Debug|Any CPU
		{092AEB8A-3EF2-4EAE-BFF5-29A273622AB6}.Debug|ARM.Build.0 = Debug|Any CPU
		{092AEB8A-3EF2-4EAE-BFF5-29A273622AB6}.Debug|iPhone.ActiveCfg = Debug|Any CPU
		{092AEB8A-3EF2-4EAE-BFF5-29A273622AB6}.Debug|iPhone.Build.0 = Debug|Any CPU
		{092AEB8A-3EF2-4EAE-BFF5-29A273622AB6}.Debug|iPhoneSimulator.ActiveCfg = Debug|Any CPU
		{092AEB8A-3EF2-4EAE-BFF5-29A273622AB6}.Debug|iPhoneSimulator.Build.0 = Debug|Any CPU
		{092AEB8A-3EF2-4EAE-BFF5-29A273622AB6}.Debug|Mixed Platforms.ActiveCfg = Debug|Any CPU
		{092AEB8A-3EF2-4EAE-BFF5-29A273622AB6}.Debug|Mixed Platforms.Build.0 = Debug|Any CPU
		{092AEB8A-3EF2-4EAE-BFF5-29A273622AB6}.Debug|x64.ActiveCfg = Debug|Any CPU
		{092AEB8A-3EF2-4EAE-BFF5-29A273622AB6}.Debug|x64.Build.0 = Debug|Any CPU
		{092AEB8A-3EF2-4EAE-BFF5-29A273622AB6}.Debug|x86.ActiveCfg = Debug|Any CPU
		{092AEB8A-3EF2-4EAE-BFF5-29A273622AB6}.Debug|x86.Build.0 = Debug|Any CPU
		{092AEB8A-3EF2-4EAE-BFF5-29A273622AB6}.Release|Any CPU.ActiveCfg = Release|Any CPU
		{092AEB8A-3EF2-4EAE-BFF5-29A273622AB6}.Release|Any CPU.Build.0 = Release|Any CPU
		{092AEB8A-3EF2-4EAE-BFF5-29A273622AB6}.Release|ARM.ActiveCfg = Release|Any CPU
		{092AEB8A-3EF2-4EAE-BFF5-29A273622AB6}.Release|ARM.Build.0 = Release|Any CPU
		{092AEB8A-3EF2-4EAE-BFF5-29A273622AB6}.Release|iPhone.ActiveCfg = Release|Any CPU
		{092AEB8A-3EF2-4EAE-BFF5-29A273622AB6}.Release|iPhone.Build.0 = Release|Any CPU
		{092AEB8A-3EF2-4EAE-BFF5-29A273622AB6}.Release|iPhoneSimulator.ActiveCfg = Release|Any CPU
		{092AEB8A-3EF2-4EAE-BFF5-29A273622AB6}.Release|iPhoneSimulator.Build.0 = Release|Any CPU
		{092AEB8A-3EF2-4EAE-BFF5-29A273622AB6}.Release|Mixed Platforms.ActiveCfg = Release|Any CPU
		{092AEB8A-3EF2-4EAE-BFF5-29A273622AB6}.Release|Mixed Platforms.Build.0 = Release|Any CPU
		{092AEB8A-3EF2-4EAE-BFF5-29A273622AB6}.Release|x64.ActiveCfg = Release|Any CPU
		{092AEB8A-3EF2-4EAE-BFF5-29A273622AB6}.Release|x64.Build.0 = Release|Any CPU
		{092AEB8A-3EF2-4EAE-BFF5-29A273622AB6}.Release|x86.ActiveCfg = Release|Any CPU
		{092AEB8A-3EF2-4EAE-BFF5-29A273622AB6}.Release|x86.Build.0 = Release|Any CPU
		{F925D0F9-A634-4A02-9E9E-5976E8776A8B}.Ad-Hoc|Any CPU.ActiveCfg = Debug|Any CPU
		{F925D0F9-A634-4A02-9E9E-5976E8776A8B}.Ad-Hoc|Any CPU.Build.0 = Debug|Any CPU
		{F925D0F9-A634-4A02-9E9E-5976E8776A8B}.Ad-Hoc|ARM.ActiveCfg = Debug|Any CPU
		{F925D0F9-A634-4A02-9E9E-5976E8776A8B}.Ad-Hoc|ARM.Build.0 = Debug|Any CPU
		{F925D0F9-A634-4A02-9E9E-5976E8776A8B}.Ad-Hoc|iPhone.ActiveCfg = Debug|Any CPU
		{F925D0F9-A634-4A02-9E9E-5976E8776A8B}.Ad-Hoc|iPhone.Build.0 = Debug|Any CPU
		{F925D0F9-A634-4A02-9E9E-5976E8776A8B}.Ad-Hoc|iPhoneSimulator.ActiveCfg = Debug|Any CPU
		{F925D0F9-A634-4A02-9E9E-5976E8776A8B}.Ad-Hoc|iPhoneSimulator.Build.0 = Debug|Any CPU
		{F925D0F9-A634-4A02-9E9E-5976E8776A8B}.Ad-Hoc|Mixed Platforms.ActiveCfg = Debug|Any CPU
		{F925D0F9-A634-4A02-9E9E-5976E8776A8B}.Ad-Hoc|Mixed Platforms.Build.0 = Debug|Any CPU
		{F925D0F9-A634-4A02-9E9E-5976E8776A8B}.Ad-Hoc|x64.ActiveCfg = Debug|Any CPU
		{F925D0F9-A634-4A02-9E9E-5976E8776A8B}.Ad-Hoc|x64.Build.0 = Debug|Any CPU
		{F925D0F9-A634-4A02-9E9E-5976E8776A8B}.Ad-Hoc|x86.ActiveCfg = Debug|Any CPU
		{F925D0F9-A634-4A02-9E9E-5976E8776A8B}.Ad-Hoc|x86.Build.0 = Debug|Any CPU
		{F925D0F9-A634-4A02-9E9E-5976E8776A8B}.AppStore|Any CPU.ActiveCfg = Debug|Any CPU
		{F925D0F9-A634-4A02-9E9E-5976E8776A8B}.AppStore|Any CPU.Build.0 = Debug|Any CPU
		{F925D0F9-A634-4A02-9E9E-5976E8776A8B}.AppStore|ARM.ActiveCfg = Debug|Any CPU
		{F925D0F9-A634-4A02-9E9E-5976E8776A8B}.AppStore|ARM.Build.0 = Debug|Any CPU
		{F925D0F9-A634-4A02-9E9E-5976E8776A8B}.AppStore|iPhone.ActiveCfg = Debug|Any CPU
		{F925D0F9-A634-4A02-9E9E-5976E8776A8B}.AppStore|iPhone.Build.0 = Debug|Any CPU
		{F925D0F9-A634-4A02-9E9E-5976E8776A8B}.AppStore|iPhoneSimulator.ActiveCfg = Debug|Any CPU
		{F925D0F9-A634-4A02-9E9E-5976E8776A8B}.AppStore|iPhoneSimulator.Build.0 = Debug|Any CPU
		{F925D0F9-A634-4A02-9E9E-5976E8776A8B}.AppStore|Mixed Platforms.ActiveCfg = Release|Any CPU
		{F925D0F9-A634-4A02-9E9E-5976E8776A8B}.AppStore|Mixed Platforms.Build.0 = Release|Any CPU
		{F925D0F9-A634-4A02-9E9E-5976E8776A8B}.AppStore|x64.ActiveCfg = Debug|Any CPU
		{F925D0F9-A634-4A02-9E9E-5976E8776A8B}.AppStore|x64.Build.0 = Debug|Any CPU
		{F925D0F9-A634-4A02-9E9E-5976E8776A8B}.AppStore|x86.ActiveCfg = Debug|Any CPU
		{F925D0F9-A634-4A02-9E9E-5976E8776A8B}.AppStore|x86.Build.0 = Debug|Any CPU
		{F925D0F9-A634-4A02-9E9E-5976E8776A8B}.Debug|Any CPU.ActiveCfg = Debug|Any CPU
		{F925D0F9-A634-4A02-9E9E-5976E8776A8B}.Debug|Any CPU.Build.0 = Debug|Any CPU
		{F925D0F9-A634-4A02-9E9E-5976E8776A8B}.Debug|ARM.ActiveCfg = Debug|Any CPU
		{F925D0F9-A634-4A02-9E9E-5976E8776A8B}.Debug|ARM.Build.0 = Debug|Any CPU
		{F925D0F9-A634-4A02-9E9E-5976E8776A8B}.Debug|iPhone.ActiveCfg = Debug|Any CPU
		{F925D0F9-A634-4A02-9E9E-5976E8776A8B}.Debug|iPhone.Build.0 = Debug|Any CPU
		{F925D0F9-A634-4A02-9E9E-5976E8776A8B}.Debug|iPhoneSimulator.ActiveCfg = Debug|Any CPU
		{F925D0F9-A634-4A02-9E9E-5976E8776A8B}.Debug|iPhoneSimulator.Build.0 = Debug|Any CPU
		{F925D0F9-A634-4A02-9E9E-5976E8776A8B}.Debug|Mixed Platforms.ActiveCfg = Debug|Any CPU
		{F925D0F9-A634-4A02-9E9E-5976E8776A8B}.Debug|Mixed Platforms.Build.0 = Debug|Any CPU
		{F925D0F9-A634-4A02-9E9E-5976E8776A8B}.Debug|x64.ActiveCfg = Debug|Any CPU
		{F925D0F9-A634-4A02-9E9E-5976E8776A8B}.Debug|x64.Build.0 = Debug|Any CPU
		{F925D0F9-A634-4A02-9E9E-5976E8776A8B}.Debug|x86.ActiveCfg = Debug|Any CPU
		{F925D0F9-A634-4A02-9E9E-5976E8776A8B}.Debug|x86.Build.0 = Debug|Any CPU
		{F925D0F9-A634-4A02-9E9E-5976E8776A8B}.Release|Any CPU.ActiveCfg = Release|Any CPU
		{F925D0F9-A634-4A02-9E9E-5976E8776A8B}.Release|Any CPU.Build.0 = Release|Any CPU
		{F925D0F9-A634-4A02-9E9E-5976E8776A8B}.Release|ARM.ActiveCfg = Release|Any CPU
		{F925D0F9-A634-4A02-9E9E-5976E8776A8B}.Release|ARM.Build.0 = Release|Any CPU
		{F925D0F9-A634-4A02-9E9E-5976E8776A8B}.Release|iPhone.ActiveCfg = Release|Any CPU
		{F925D0F9-A634-4A02-9E9E-5976E8776A8B}.Release|iPhone.Build.0 = Release|Any CPU
		{F925D0F9-A634-4A02-9E9E-5976E8776A8B}.Release|iPhoneSimulator.ActiveCfg = Release|Any CPU
		{F925D0F9-A634-4A02-9E9E-5976E8776A8B}.Release|iPhoneSimulator.Build.0 = Release|Any CPU
		{F925D0F9-A634-4A02-9E9E-5976E8776A8B}.Release|Mixed Platforms.ActiveCfg = Release|Any CPU
		{F925D0F9-A634-4A02-9E9E-5976E8776A8B}.Release|Mixed Platforms.Build.0 = Release|Any CPU
		{F925D0F9-A634-4A02-9E9E-5976E8776A8B}.Release|x64.ActiveCfg = Release|Any CPU
		{F925D0F9-A634-4A02-9E9E-5976E8776A8B}.Release|x64.Build.0 = Release|Any CPU
		{F925D0F9-A634-4A02-9E9E-5976E8776A8B}.Release|x86.ActiveCfg = Release|Any CPU
		{F925D0F9-A634-4A02-9E9E-5976E8776A8B}.Release|x86.Build.0 = Release|Any CPU
		{9F3AE615-97C0-4E68-81D4-473EB2108BEE}.Ad-Hoc|Any CPU.ActiveCfg = Release|Any CPU
		{9F3AE615-97C0-4E68-81D4-473EB2108BEE}.Ad-Hoc|Any CPU.Build.0 = Release|Any CPU
		{9F3AE615-97C0-4E68-81D4-473EB2108BEE}.Ad-Hoc|ARM.ActiveCfg = Release|Any CPU
		{9F3AE615-97C0-4E68-81D4-473EB2108BEE}.Ad-Hoc|ARM.Build.0 = Release|Any CPU
		{9F3AE615-97C0-4E68-81D4-473EB2108BEE}.Ad-Hoc|iPhone.ActiveCfg = Release|Any CPU
		{9F3AE615-97C0-4E68-81D4-473EB2108BEE}.Ad-Hoc|iPhone.Build.0 = Release|Any CPU
		{9F3AE615-97C0-4E68-81D4-473EB2108BEE}.Ad-Hoc|iPhoneSimulator.ActiveCfg = Release|Any CPU
		{9F3AE615-97C0-4E68-81D4-473EB2108BEE}.Ad-Hoc|iPhoneSimulator.Build.0 = Release|Any CPU
		{9F3AE615-97C0-4E68-81D4-473EB2108BEE}.Ad-Hoc|Mixed Platforms.ActiveCfg = Release|Any CPU
		{9F3AE615-97C0-4E68-81D4-473EB2108BEE}.Ad-Hoc|Mixed Platforms.Build.0 = Release|Any CPU
		{9F3AE615-97C0-4E68-81D4-473EB2108BEE}.Ad-Hoc|x64.ActiveCfg = Release|Any CPU
		{9F3AE615-97C0-4E68-81D4-473EB2108BEE}.Ad-Hoc|x64.Build.0 = Release|Any CPU
		{9F3AE615-97C0-4E68-81D4-473EB2108BEE}.Ad-Hoc|x86.ActiveCfg = Release|Any CPU
		{9F3AE615-97C0-4E68-81D4-473EB2108BEE}.Ad-Hoc|x86.Build.0 = Release|Any CPU
		{9F3AE615-97C0-4E68-81D4-473EB2108BEE}.AppStore|Any CPU.ActiveCfg = Release|Any CPU
		{9F3AE615-97C0-4E68-81D4-473EB2108BEE}.AppStore|Any CPU.Build.0 = Release|Any CPU
		{9F3AE615-97C0-4E68-81D4-473EB2108BEE}.AppStore|ARM.ActiveCfg = Release|Any CPU
		{9F3AE615-97C0-4E68-81D4-473EB2108BEE}.AppStore|ARM.Build.0 = Release|Any CPU
		{9F3AE615-97C0-4E68-81D4-473EB2108BEE}.AppStore|iPhone.ActiveCfg = Release|Any CPU
		{9F3AE615-97C0-4E68-81D4-473EB2108BEE}.AppStore|iPhone.Build.0 = Release|Any CPU
		{9F3AE615-97C0-4E68-81D4-473EB2108BEE}.AppStore|iPhoneSimulator.ActiveCfg = Release|Any CPU
		{9F3AE615-97C0-4E68-81D4-473EB2108BEE}.AppStore|iPhoneSimulator.Build.0 = Release|Any CPU
		{9F3AE615-97C0-4E68-81D4-473EB2108BEE}.AppStore|Mixed Platforms.ActiveCfg = Release|Any CPU
		{9F3AE615-97C0-4E68-81D4-473EB2108BEE}.AppStore|Mixed Platforms.Build.0 = Release|Any CPU
		{9F3AE615-97C0-4E68-81D4-473EB2108BEE}.AppStore|x64.ActiveCfg = Release|Any CPU
		{9F3AE615-97C0-4E68-81D4-473EB2108BEE}.AppStore|x64.Build.0 = Release|Any CPU
		{9F3AE615-97C0-4E68-81D4-473EB2108BEE}.AppStore|x86.ActiveCfg = Release|Any CPU
		{9F3AE615-97C0-4E68-81D4-473EB2108BEE}.AppStore|x86.Build.0 = Release|Any CPU
		{9F3AE615-97C0-4E68-81D4-473EB2108BEE}.Debug|Any CPU.ActiveCfg = Debug|Any CPU
		{9F3AE615-97C0-4E68-81D4-473EB2108BEE}.Debug|Any CPU.Build.0 = Debug|Any CPU
		{9F3AE615-97C0-4E68-81D4-473EB2108BEE}.Debug|ARM.ActiveCfg = Debug|Any CPU
		{9F3AE615-97C0-4E68-81D4-473EB2108BEE}.Debug|ARM.Build.0 = Debug|Any CPU
		{9F3AE615-97C0-4E68-81D4-473EB2108BEE}.Debug|iPhone.ActiveCfg = Debug|Any CPU
		{9F3AE615-97C0-4E68-81D4-473EB2108BEE}.Debug|iPhone.Build.0 = Debug|Any CPU
		{9F3AE615-97C0-4E68-81D4-473EB2108BEE}.Debug|iPhoneSimulator.ActiveCfg = Debug|Any CPU
		{9F3AE615-97C0-4E68-81D4-473EB2108BEE}.Debug|iPhoneSimulator.Build.0 = Debug|Any CPU
		{9F3AE615-97C0-4E68-81D4-473EB2108BEE}.Debug|Mixed Platforms.ActiveCfg = Debug|Any CPU
		{9F3AE615-97C0-4E68-81D4-473EB2108BEE}.Debug|Mixed Platforms.Build.0 = Debug|Any CPU
		{9F3AE615-97C0-4E68-81D4-473EB2108BEE}.Debug|x64.ActiveCfg = Debug|Any CPU
		{9F3AE615-97C0-4E68-81D4-473EB2108BEE}.Debug|x64.Build.0 = Debug|Any CPU
		{9F3AE615-97C0-4E68-81D4-473EB2108BEE}.Debug|x86.ActiveCfg = Debug|Any CPU
		{9F3AE615-97C0-4E68-81D4-473EB2108BEE}.Debug|x86.Build.0 = Debug|Any CPU
		{9F3AE615-97C0-4E68-81D4-473EB2108BEE}.Release|Any CPU.ActiveCfg = Release|Any CPU
		{9F3AE615-97C0-4E68-81D4-473EB2108BEE}.Release|Any CPU.Build.0 = Release|Any CPU
		{9F3AE615-97C0-4E68-81D4-473EB2108BEE}.Release|ARM.ActiveCfg = Release|Any CPU
		{9F3AE615-97C0-4E68-81D4-473EB2108BEE}.Release|ARM.Build.0 = Release|Any CPU
		{9F3AE615-97C0-4E68-81D4-473EB2108BEE}.Release|iPhone.ActiveCfg = Release|Any CPU
		{9F3AE615-97C0-4E68-81D4-473EB2108BEE}.Release|iPhone.Build.0 = Release|Any CPU
		{9F3AE615-97C0-4E68-81D4-473EB2108BEE}.Release|iPhoneSimulator.ActiveCfg = Release|Any CPU
		{9F3AE615-97C0-4E68-81D4-473EB2108BEE}.Release|iPhoneSimulator.Build.0 = Release|Any CPU
		{9F3AE615-97C0-4E68-81D4-473EB2108BEE}.Release|Mixed Platforms.ActiveCfg = Release|Any CPU
		{9F3AE615-97C0-4E68-81D4-473EB2108BEE}.Release|Mixed Platforms.Build.0 = Release|Any CPU
		{9F3AE615-97C0-4E68-81D4-473EB2108BEE}.Release|x64.ActiveCfg = Release|Any CPU
		{9F3AE615-97C0-4E68-81D4-473EB2108BEE}.Release|x64.Build.0 = Release|Any CPU
		{9F3AE615-97C0-4E68-81D4-473EB2108BEE}.Release|x86.ActiveCfg = Release|Any CPU
		{9F3AE615-97C0-4E68-81D4-473EB2108BEE}.Release|x86.Build.0 = Release|Any CPU
		{B5DE783E-F6A8-4699-856E-5BD77E3065CD}.Ad-Hoc|Any CPU.ActiveCfg = Release|Any CPU
		{B5DE783E-F6A8-4699-856E-5BD77E3065CD}.Ad-Hoc|Any CPU.Build.0 = Release|Any CPU
		{B5DE783E-F6A8-4699-856E-5BD77E3065CD}.Ad-Hoc|ARM.ActiveCfg = Release|Any CPU
		{B5DE783E-F6A8-4699-856E-5BD77E3065CD}.Ad-Hoc|ARM.Build.0 = Release|Any CPU
		{B5DE783E-F6A8-4699-856E-5BD77E3065CD}.Ad-Hoc|iPhone.ActiveCfg = Release|Any CPU
		{B5DE783E-F6A8-4699-856E-5BD77E3065CD}.Ad-Hoc|iPhone.Build.0 = Release|Any CPU
		{B5DE783E-F6A8-4699-856E-5BD77E3065CD}.Ad-Hoc|iPhoneSimulator.ActiveCfg = Release|Any CPU
		{B5DE783E-F6A8-4699-856E-5BD77E3065CD}.Ad-Hoc|iPhoneSimulator.Build.0 = Release|Any CPU
		{B5DE783E-F6A8-4699-856E-5BD77E3065CD}.Ad-Hoc|Mixed Platforms.ActiveCfg = Release|Any CPU
		{B5DE783E-F6A8-4699-856E-5BD77E3065CD}.Ad-Hoc|Mixed Platforms.Build.0 = Release|Any CPU
		{B5DE783E-F6A8-4699-856E-5BD77E3065CD}.Ad-Hoc|x64.ActiveCfg = Release|Any CPU
		{B5DE783E-F6A8-4699-856E-5BD77E3065CD}.Ad-Hoc|x64.Build.0 = Release|Any CPU
		{B5DE783E-F6A8-4699-856E-5BD77E3065CD}.Ad-Hoc|x86.ActiveCfg = Release|Any CPU
		{B5DE783E-F6A8-4699-856E-5BD77E3065CD}.Ad-Hoc|x86.Build.0 = Release|Any CPU
		{B5DE783E-F6A8-4699-856E-5BD77E3065CD}.AppStore|Any CPU.ActiveCfg = Release|Any CPU
		{B5DE783E-F6A8-4699-856E-5BD77E3065CD}.AppStore|Any CPU.Build.0 = Release|Any CPU
		{B5DE783E-F6A8-4699-856E-5BD77E3065CD}.AppStore|ARM.ActiveCfg = Release|Any CPU
		{B5DE783E-F6A8-4699-856E-5BD77E3065CD}.AppStore|ARM.Build.0 = Release|Any CPU
		{B5DE783E-F6A8-4699-856E-5BD77E3065CD}.AppStore|iPhone.ActiveCfg = Release|Any CPU
		{B5DE783E-F6A8-4699-856E-5BD77E3065CD}.AppStore|iPhone.Build.0 = Release|Any CPU
		{B5DE783E-F6A8-4699-856E-5BD77E3065CD}.AppStore|iPhoneSimulator.ActiveCfg = Release|Any CPU
		{B5DE783E-F6A8-4699-856E-5BD77E3065CD}.AppStore|iPhoneSimulator.Build.0 = Release|Any CPU
		{B5DE783E-F6A8-4699-856E-5BD77E3065CD}.AppStore|Mixed Platforms.ActiveCfg = Release|Any CPU
		{B5DE783E-F6A8-4699-856E-5BD77E3065CD}.AppStore|Mixed Platforms.Build.0 = Release|Any CPU
		{B5DE783E-F6A8-4699-856E-5BD77E3065CD}.AppStore|x64.ActiveCfg = Release|Any CPU
		{B5DE783E-F6A8-4699-856E-5BD77E3065CD}.AppStore|x64.Build.0 = Release|Any CPU
		{B5DE783E-F6A8-4699-856E-5BD77E3065CD}.AppStore|x86.ActiveCfg = Release|Any CPU
		{B5DE783E-F6A8-4699-856E-5BD77E3065CD}.AppStore|x86.Build.0 = Release|Any CPU
		{B5DE783E-F6A8-4699-856E-5BD77E3065CD}.Debug|Any CPU.ActiveCfg = Debug|Any CPU
		{B5DE783E-F6A8-4699-856E-5BD77E3065CD}.Debug|Any CPU.Build.0 = Debug|Any CPU
		{B5DE783E-F6A8-4699-856E-5BD77E3065CD}.Debug|ARM.ActiveCfg = Debug|Any CPU
		{B5DE783E-F6A8-4699-856E-5BD77E3065CD}.Debug|ARM.Build.0 = Debug|Any CPU
		{B5DE783E-F6A8-4699-856E-5BD77E3065CD}.Debug|iPhone.ActiveCfg = Debug|Any CPU
		{B5DE783E-F6A8-4699-856E-5BD77E3065CD}.Debug|iPhone.Build.0 = Debug|Any CPU
		{B5DE783E-F6A8-4699-856E-5BD77E3065CD}.Debug|iPhoneSimulator.ActiveCfg = Debug|Any CPU
		{B5DE783E-F6A8-4699-856E-5BD77E3065CD}.Debug|iPhoneSimulator.Build.0 = Debug|Any CPU
		{B5DE783E-F6A8-4699-856E-5BD77E3065CD}.Debug|Mixed Platforms.ActiveCfg = Debug|Any CPU
		{B5DE783E-F6A8-4699-856E-5BD77E3065CD}.Debug|Mixed Platforms.Build.0 = Debug|Any CPU
		{B5DE783E-F6A8-4699-856E-5BD77E3065CD}.Debug|x64.ActiveCfg = Debug|Any CPU
		{B5DE783E-F6A8-4699-856E-5BD77E3065CD}.Debug|x64.Build.0 = Debug|Any CPU
		{B5DE783E-F6A8-4699-856E-5BD77E3065CD}.Debug|x86.ActiveCfg = Debug|Any CPU
		{B5DE783E-F6A8-4699-856E-5BD77E3065CD}.Debug|x86.Build.0 = Debug|Any CPU
		{B5DE783E-F6A8-4699-856E-5BD77E3065CD}.Release|Any CPU.ActiveCfg = Release|Any CPU
		{B5DE783E-F6A8-4699-856E-5BD77E3065CD}.Release|Any CPU.Build.0 = Release|Any CPU
		{B5DE783E-F6A8-4699-856E-5BD77E3065CD}.Release|ARM.ActiveCfg = Release|Any CPU
		{B5DE783E-F6A8-4699-856E-5BD77E3065CD}.Release|ARM.Build.0 = Release|Any CPU
		{B5DE783E-F6A8-4699-856E-5BD77E3065CD}.Release|iPhone.ActiveCfg = Release|Any CPU
		{B5DE783E-F6A8-4699-856E-5BD77E3065CD}.Release|iPhone.Build.0 = Release|Any CPU
		{B5DE783E-F6A8-4699-856E-5BD77E3065CD}.Release|iPhoneSimulator.ActiveCfg = Release|Any CPU
		{B5DE783E-F6A8-4699-856E-5BD77E3065CD}.Release|iPhoneSimulator.Build.0 = Release|Any CPU
		{B5DE783E-F6A8-4699-856E-5BD77E3065CD}.Release|Mixed Platforms.ActiveCfg = Release|Any CPU
		{B5DE783E-F6A8-4699-856E-5BD77E3065CD}.Release|Mixed Platforms.Build.0 = Release|Any CPU
		{B5DE783E-F6A8-4699-856E-5BD77E3065CD}.Release|x64.ActiveCfg = Release|Any CPU
		{B5DE783E-F6A8-4699-856E-5BD77E3065CD}.Release|x64.Build.0 = Release|Any CPU
		{B5DE783E-F6A8-4699-856E-5BD77E3065CD}.Release|x86.ActiveCfg = Release|Any CPU
		{B5DE783E-F6A8-4699-856E-5BD77E3065CD}.Release|x86.Build.0 = Release|Any CPU
		{B8E42A6B-3169-47C8-8D99-0C6C4C5420BF}.Ad-Hoc|Any CPU.ActiveCfg = Release|Any CPU
		{B8E42A6B-3169-47C8-8D99-0C6C4C5420BF}.Ad-Hoc|Any CPU.Build.0 = Release|Any CPU
		{B8E42A6B-3169-47C8-8D99-0C6C4C5420BF}.Ad-Hoc|ARM.ActiveCfg = Release|ARM
		{B8E42A6B-3169-47C8-8D99-0C6C4C5420BF}.Ad-Hoc|ARM.Build.0 = Release|ARM
		{B8E42A6B-3169-47C8-8D99-0C6C4C5420BF}.Ad-Hoc|iPhone.ActiveCfg = Release|Any CPU
		{B8E42A6B-3169-47C8-8D99-0C6C4C5420BF}.Ad-Hoc|iPhone.Build.0 = Release|Any CPU
		{B8E42A6B-3169-47C8-8D99-0C6C4C5420BF}.Ad-Hoc|iPhoneSimulator.ActiveCfg = Release|Any CPU
		{B8E42A6B-3169-47C8-8D99-0C6C4C5420BF}.Ad-Hoc|iPhoneSimulator.Build.0 = Release|Any CPU
		{B8E42A6B-3169-47C8-8D99-0C6C4C5420BF}.Ad-Hoc|Mixed Platforms.ActiveCfg = Release|x86
		{B8E42A6B-3169-47C8-8D99-0C6C4C5420BF}.Ad-Hoc|Mixed Platforms.Build.0 = Release|x86
		{B8E42A6B-3169-47C8-8D99-0C6C4C5420BF}.Ad-Hoc|x64.ActiveCfg = Release|x64
		{B8E42A6B-3169-47C8-8D99-0C6C4C5420BF}.Ad-Hoc|x64.Build.0 = Release|x64
		{B8E42A6B-3169-47C8-8D99-0C6C4C5420BF}.Ad-Hoc|x86.ActiveCfg = Release|x86
		{B8E42A6B-3169-47C8-8D99-0C6C4C5420BF}.Ad-Hoc|x86.Build.0 = Release|x86
		{B8E42A6B-3169-47C8-8D99-0C6C4C5420BF}.AppStore|Any CPU.ActiveCfg = Release|Any CPU
		{B8E42A6B-3169-47C8-8D99-0C6C4C5420BF}.AppStore|Any CPU.Build.0 = Release|Any CPU
		{B8E42A6B-3169-47C8-8D99-0C6C4C5420BF}.AppStore|ARM.ActiveCfg = Release|ARM
		{B8E42A6B-3169-47C8-8D99-0C6C4C5420BF}.AppStore|ARM.Build.0 = Release|ARM
		{B8E42A6B-3169-47C8-8D99-0C6C4C5420BF}.AppStore|iPhone.ActiveCfg = Release|Any CPU
		{B8E42A6B-3169-47C8-8D99-0C6C4C5420BF}.AppStore|iPhone.Build.0 = Release|Any CPU
		{B8E42A6B-3169-47C8-8D99-0C6C4C5420BF}.AppStore|iPhoneSimulator.ActiveCfg = Release|Any CPU
		{B8E42A6B-3169-47C8-8D99-0C6C4C5420BF}.AppStore|iPhoneSimulator.Build.0 = Release|Any CPU
		{B8E42A6B-3169-47C8-8D99-0C6C4C5420BF}.AppStore|Mixed Platforms.ActiveCfg = Release|x86
		{B8E42A6B-3169-47C8-8D99-0C6C4C5420BF}.AppStore|Mixed Platforms.Build.0 = Release|x86
		{B8E42A6B-3169-47C8-8D99-0C6C4C5420BF}.AppStore|x64.ActiveCfg = Release|x64
		{B8E42A6B-3169-47C8-8D99-0C6C4C5420BF}.AppStore|x64.Build.0 = Release|x64
		{B8E42A6B-3169-47C8-8D99-0C6C4C5420BF}.AppStore|x86.ActiveCfg = Release|x86
		{B8E42A6B-3169-47C8-8D99-0C6C4C5420BF}.AppStore|x86.Build.0 = Release|x86
		{B8E42A6B-3169-47C8-8D99-0C6C4C5420BF}.Debug|Any CPU.ActiveCfg = Debug|Any CPU
		{B8E42A6B-3169-47C8-8D99-0C6C4C5420BF}.Debug|Any CPU.Build.0 = Debug|Any CPU
		{B8E42A6B-3169-47C8-8D99-0C6C4C5420BF}.Debug|ARM.ActiveCfg = Debug|ARM
		{B8E42A6B-3169-47C8-8D99-0C6C4C5420BF}.Debug|ARM.Build.0 = Debug|ARM
		{B8E42A6B-3169-47C8-8D99-0C6C4C5420BF}.Debug|iPhone.ActiveCfg = Debug|Any CPU
		{B8E42A6B-3169-47C8-8D99-0C6C4C5420BF}.Debug|iPhone.Build.0 = Debug|Any CPU
		{B8E42A6B-3169-47C8-8D99-0C6C4C5420BF}.Debug|iPhoneSimulator.ActiveCfg = Debug|Any CPU
		{B8E42A6B-3169-47C8-8D99-0C6C4C5420BF}.Debug|iPhoneSimulator.Build.0 = Debug|Any CPU
		{B8E42A6B-3169-47C8-8D99-0C6C4C5420BF}.Debug|Mixed Platforms.ActiveCfg = Debug|x86
		{B8E42A6B-3169-47C8-8D99-0C6C4C5420BF}.Debug|Mixed Platforms.Build.0 = Debug|x86
		{B8E42A6B-3169-47C8-8D99-0C6C4C5420BF}.Debug|x64.ActiveCfg = Debug|x64
		{B8E42A6B-3169-47C8-8D99-0C6C4C5420BF}.Debug|x64.Build.0 = Debug|x64
		{B8E42A6B-3169-47C8-8D99-0C6C4C5420BF}.Debug|x86.ActiveCfg = Debug|x86
		{B8E42A6B-3169-47C8-8D99-0C6C4C5420BF}.Debug|x86.Build.0 = Debug|x86
		{B8E42A6B-3169-47C8-8D99-0C6C4C5420BF}.Release|Any CPU.ActiveCfg = Release|Any CPU
		{B8E42A6B-3169-47C8-8D99-0C6C4C5420BF}.Release|Any CPU.Build.0 = Release|Any CPU
		{B8E42A6B-3169-47C8-8D99-0C6C4C5420BF}.Release|ARM.ActiveCfg = Release|ARM
		{B8E42A6B-3169-47C8-8D99-0C6C4C5420BF}.Release|ARM.Build.0 = Release|ARM
		{B8E42A6B-3169-47C8-8D99-0C6C4C5420BF}.Release|iPhone.ActiveCfg = Release|Any CPU
		{B8E42A6B-3169-47C8-8D99-0C6C4C5420BF}.Release|iPhone.Build.0 = Release|Any CPU
		{B8E42A6B-3169-47C8-8D99-0C6C4C5420BF}.Release|iPhoneSimulator.ActiveCfg = Release|Any CPU
		{B8E42A6B-3169-47C8-8D99-0C6C4C5420BF}.Release|iPhoneSimulator.Build.0 = Release|Any CPU
		{B8E42A6B-3169-47C8-8D99-0C6C4C5420BF}.Release|Mixed Platforms.ActiveCfg = Release|x86
		{B8E42A6B-3169-47C8-8D99-0C6C4C5420BF}.Release|Mixed Platforms.Build.0 = Release|x86
		{B8E42A6B-3169-47C8-8D99-0C6C4C5420BF}.Release|x64.ActiveCfg = Release|x64
		{B8E42A6B-3169-47C8-8D99-0C6C4C5420BF}.Release|x64.Build.0 = Release|x64
		{B8E42A6B-3169-47C8-8D99-0C6C4C5420BF}.Release|x86.ActiveCfg = Release|x86
		{B8E42A6B-3169-47C8-8D99-0C6C4C5420BF}.Release|x86.Build.0 = Release|x86
		{67C82173-A3AE-4A61-A17B-86CBA412A918}.Ad-Hoc|Any CPU.ActiveCfg = Release|Any CPU
		{67C82173-A3AE-4A61-A17B-86CBA412A918}.Ad-Hoc|Any CPU.Build.0 = Release|Any CPU
		{67C82173-A3AE-4A61-A17B-86CBA412A918}.Ad-Hoc|ARM.ActiveCfg = Release|Any CPU
		{67C82173-A3AE-4A61-A17B-86CBA412A918}.Ad-Hoc|ARM.Build.0 = Release|Any CPU
		{67C82173-A3AE-4A61-A17B-86CBA412A918}.Ad-Hoc|iPhone.ActiveCfg = Release|Any CPU
		{67C82173-A3AE-4A61-A17B-86CBA412A918}.Ad-Hoc|iPhone.Build.0 = Release|Any CPU
		{67C82173-A3AE-4A61-A17B-86CBA412A918}.Ad-Hoc|iPhoneSimulator.ActiveCfg = Release|Any CPU
		{67C82173-A3AE-4A61-A17B-86CBA412A918}.Ad-Hoc|iPhoneSimulator.Build.0 = Release|Any CPU
		{67C82173-A3AE-4A61-A17B-86CBA412A918}.Ad-Hoc|Mixed Platforms.ActiveCfg = Release|Any CPU
		{67C82173-A3AE-4A61-A17B-86CBA412A918}.Ad-Hoc|Mixed Platforms.Build.0 = Release|Any CPU
		{67C82173-A3AE-4A61-A17B-86CBA412A918}.Ad-Hoc|x64.ActiveCfg = Release|Any CPU
		{67C82173-A3AE-4A61-A17B-86CBA412A918}.Ad-Hoc|x64.Build.0 = Release|Any CPU
		{67C82173-A3AE-4A61-A17B-86CBA412A918}.Ad-Hoc|x86.ActiveCfg = Release|Any CPU
		{67C82173-A3AE-4A61-A17B-86CBA412A918}.Ad-Hoc|x86.Build.0 = Release|Any CPU
		{67C82173-A3AE-4A61-A17B-86CBA412A918}.AppStore|Any CPU.ActiveCfg = Release|Any CPU
		{67C82173-A3AE-4A61-A17B-86CBA412A918}.AppStore|Any CPU.Build.0 = Release|Any CPU
		{67C82173-A3AE-4A61-A17B-86CBA412A918}.AppStore|ARM.ActiveCfg = Release|Any CPU
		{67C82173-A3AE-4A61-A17B-86CBA412A918}.AppStore|ARM.Build.0 = Release|Any CPU
		{67C82173-A3AE-4A61-A17B-86CBA412A918}.AppStore|iPhone.ActiveCfg = Release|Any CPU
		{67C82173-A3AE-4A61-A17B-86CBA412A918}.AppStore|iPhone.Build.0 = Release|Any CPU
		{67C82173-A3AE-4A61-A17B-86CBA412A918}.AppStore|iPhoneSimulator.ActiveCfg = Release|Any CPU
		{67C82173-A3AE-4A61-A17B-86CBA412A918}.AppStore|iPhoneSimulator.Build.0 = Release|Any CPU
		{67C82173-A3AE-4A61-A17B-86CBA412A918}.AppStore|Mixed Platforms.ActiveCfg = Release|Any CPU
		{67C82173-A3AE-4A61-A17B-86CBA412A918}.AppStore|Mixed Platforms.Build.0 = Release|Any CPU
		{67C82173-A3AE-4A61-A17B-86CBA412A918}.AppStore|x64.ActiveCfg = Release|Any CPU
		{67C82173-A3AE-4A61-A17B-86CBA412A918}.AppStore|x64.Build.0 = Release|Any CPU
		{67C82173-A3AE-4A61-A17B-86CBA412A918}.AppStore|x86.ActiveCfg = Release|Any CPU
		{67C82173-A3AE-4A61-A17B-86CBA412A918}.AppStore|x86.Build.0 = Release|Any CPU
		{67C82173-A3AE-4A61-A17B-86CBA412A918}.Debug|Any CPU.ActiveCfg = Debug|Any CPU
		{67C82173-A3AE-4A61-A17B-86CBA412A918}.Debug|Any CPU.Build.0 = Debug|Any CPU
		{67C82173-A3AE-4A61-A17B-86CBA412A918}.Debug|ARM.ActiveCfg = Debug|Any CPU
		{67C82173-A3AE-4A61-A17B-86CBA412A918}.Debug|ARM.Build.0 = Debug|Any CPU
		{67C82173-A3AE-4A61-A17B-86CBA412A918}.Debug|iPhone.ActiveCfg = Debug|Any CPU
		{67C82173-A3AE-4A61-A17B-86CBA412A918}.Debug|iPhone.Build.0 = Debug|Any CPU
		{67C82173-A3AE-4A61-A17B-86CBA412A918}.Debug|iPhoneSimulator.ActiveCfg = Debug|Any CPU
		{67C82173-A3AE-4A61-A17B-86CBA412A918}.Debug|iPhoneSimulator.Build.0 = Debug|Any CPU
		{67C82173-A3AE-4A61-A17B-86CBA412A918}.Debug|Mixed Platforms.ActiveCfg = Debug|Any CPU
		{67C82173-A3AE-4A61-A17B-86CBA412A918}.Debug|Mixed Platforms.Build.0 = Debug|Any CPU
		{67C82173-A3AE-4A61-A17B-86CBA412A918}.Debug|x64.ActiveCfg = Debug|Any CPU
		{67C82173-A3AE-4A61-A17B-86CBA412A918}.Debug|x64.Build.0 = Debug|Any CPU
		{67C82173-A3AE-4A61-A17B-86CBA412A918}.Debug|x86.ActiveCfg = Debug|Any CPU
		{67C82173-A3AE-4A61-A17B-86CBA412A918}.Debug|x86.Build.0 = Debug|Any CPU
		{67C82173-A3AE-4A61-A17B-86CBA412A918}.Release|Any CPU.ActiveCfg = Release|Any CPU
		{67C82173-A3AE-4A61-A17B-86CBA412A918}.Release|Any CPU.Build.0 = Release|Any CPU
		{67C82173-A3AE-4A61-A17B-86CBA412A918}.Release|ARM.ActiveCfg = Release|Any CPU
		{67C82173-A3AE-4A61-A17B-86CBA412A918}.Release|ARM.Build.0 = Release|Any CPU
		{67C82173-A3AE-4A61-A17B-86CBA412A918}.Release|iPhone.ActiveCfg = Release|Any CPU
		{67C82173-A3AE-4A61-A17B-86CBA412A918}.Release|iPhone.Build.0 = Release|Any CPU
		{67C82173-A3AE-4A61-A17B-86CBA412A918}.Release|iPhoneSimulator.ActiveCfg = Release|Any CPU
		{67C82173-A3AE-4A61-A17B-86CBA412A918}.Release|iPhoneSimulator.Build.0 = Release|Any CPU
		{67C82173-A3AE-4A61-A17B-86CBA412A918}.Release|Mixed Platforms.ActiveCfg = Release|Any CPU
		{67C82173-A3AE-4A61-A17B-86CBA412A918}.Release|Mixed Platforms.Build.0 = Release|Any CPU
		{67C82173-A3AE-4A61-A17B-86CBA412A918}.Release|x64.ActiveCfg = Release|Any CPU
		{67C82173-A3AE-4A61-A17B-86CBA412A918}.Release|x64.Build.0 = Release|Any CPU
		{67C82173-A3AE-4A61-A17B-86CBA412A918}.Release|x86.ActiveCfg = Release|Any CPU
		{67C82173-A3AE-4A61-A17B-86CBA412A918}.Release|x86.Build.0 = Release|Any CPU
		{428B6784-5958-4498-8901-411DF80EC74B}.Ad-Hoc|Any CPU.ActiveCfg = Release|x64
		{428B6784-5958-4498-8901-411DF80EC74B}.Ad-Hoc|Any CPU.Build.0 = Release|x64
		{428B6784-5958-4498-8901-411DF80EC74B}.Ad-Hoc|Any CPU.Deploy.0 = Release|x64
		{428B6784-5958-4498-8901-411DF80EC74B}.Ad-Hoc|ARM.ActiveCfg = Release|ARM
		{428B6784-5958-4498-8901-411DF80EC74B}.Ad-Hoc|ARM.Build.0 = Release|ARM
		{428B6784-5958-4498-8901-411DF80EC74B}.Ad-Hoc|ARM.Deploy.0 = Release|ARM
		{428B6784-5958-4498-8901-411DF80EC74B}.Ad-Hoc|iPhone.ActiveCfg = Release|x64
		{428B6784-5958-4498-8901-411DF80EC74B}.Ad-Hoc|iPhone.Build.0 = Release|x64
		{428B6784-5958-4498-8901-411DF80EC74B}.Ad-Hoc|iPhone.Deploy.0 = Release|x64
		{428B6784-5958-4498-8901-411DF80EC74B}.Ad-Hoc|iPhoneSimulator.ActiveCfg = Release|x64
		{428B6784-5958-4498-8901-411DF80EC74B}.Ad-Hoc|iPhoneSimulator.Build.0 = Release|x64
		{428B6784-5958-4498-8901-411DF80EC74B}.Ad-Hoc|iPhoneSimulator.Deploy.0 = Release|x64
		{428B6784-5958-4498-8901-411DF80EC74B}.Ad-Hoc|Mixed Platforms.ActiveCfg = Release|x86
		{428B6784-5958-4498-8901-411DF80EC74B}.Ad-Hoc|Mixed Platforms.Build.0 = Release|x86
		{428B6784-5958-4498-8901-411DF80EC74B}.Ad-Hoc|Mixed Platforms.Deploy.0 = Release|x86
		{428B6784-5958-4498-8901-411DF80EC74B}.Ad-Hoc|x64.ActiveCfg = Release|x64
		{428B6784-5958-4498-8901-411DF80EC74B}.Ad-Hoc|x64.Build.0 = Release|x64
		{428B6784-5958-4498-8901-411DF80EC74B}.Ad-Hoc|x64.Deploy.0 = Release|x64
		{428B6784-5958-4498-8901-411DF80EC74B}.Ad-Hoc|x86.ActiveCfg = Release|x86
		{428B6784-5958-4498-8901-411DF80EC74B}.Ad-Hoc|x86.Build.0 = Release|x86
		{428B6784-5958-4498-8901-411DF80EC74B}.Ad-Hoc|x86.Deploy.0 = Release|x86
		{428B6784-5958-4498-8901-411DF80EC74B}.AppStore|Any CPU.ActiveCfg = Release|x64
		{428B6784-5958-4498-8901-411DF80EC74B}.AppStore|Any CPU.Build.0 = Release|x64
		{428B6784-5958-4498-8901-411DF80EC74B}.AppStore|Any CPU.Deploy.0 = Release|x64
		{428B6784-5958-4498-8901-411DF80EC74B}.AppStore|ARM.ActiveCfg = Release|ARM
		{428B6784-5958-4498-8901-411DF80EC74B}.AppStore|ARM.Build.0 = Release|ARM
		{428B6784-5958-4498-8901-411DF80EC74B}.AppStore|ARM.Deploy.0 = Release|ARM
		{428B6784-5958-4498-8901-411DF80EC74B}.AppStore|iPhone.ActiveCfg = Release|x64
		{428B6784-5958-4498-8901-411DF80EC74B}.AppStore|iPhone.Build.0 = Release|x64
		{428B6784-5958-4498-8901-411DF80EC74B}.AppStore|iPhone.Deploy.0 = Release|x64
		{428B6784-5958-4498-8901-411DF80EC74B}.AppStore|iPhoneSimulator.ActiveCfg = Release|x64
		{428B6784-5958-4498-8901-411DF80EC74B}.AppStore|iPhoneSimulator.Build.0 = Release|x64
		{428B6784-5958-4498-8901-411DF80EC74B}.AppStore|iPhoneSimulator.Deploy.0 = Release|x64
		{428B6784-5958-4498-8901-411DF80EC74B}.AppStore|Mixed Platforms.ActiveCfg = Release|x86
		{428B6784-5958-4498-8901-411DF80EC74B}.AppStore|Mixed Platforms.Build.0 = Release|x86
		{428B6784-5958-4498-8901-411DF80EC74B}.AppStore|Mixed Platforms.Deploy.0 = Release|x86
		{428B6784-5958-4498-8901-411DF80EC74B}.AppStore|x64.ActiveCfg = Release|x64
		{428B6784-5958-4498-8901-411DF80EC74B}.AppStore|x64.Build.0 = Release|x64
		{428B6784-5958-4498-8901-411DF80EC74B}.AppStore|x64.Deploy.0 = Release|x64
		{428B6784-5958-4498-8901-411DF80EC74B}.AppStore|x86.ActiveCfg = Release|x86
		{428B6784-5958-4498-8901-411DF80EC74B}.AppStore|x86.Build.0 = Release|x86
		{428B6784-5958-4498-8901-411DF80EC74B}.AppStore|x86.Deploy.0 = Release|x86
		{428B6784-5958-4498-8901-411DF80EC74B}.Debug|Any CPU.ActiveCfg = Debug|x86
		{428B6784-5958-4498-8901-411DF80EC74B}.Debug|ARM.ActiveCfg = Debug|ARM
		{428B6784-5958-4498-8901-411DF80EC74B}.Debug|ARM.Build.0 = Debug|ARM
		{428B6784-5958-4498-8901-411DF80EC74B}.Debug|ARM.Deploy.0 = Debug|ARM
		{428B6784-5958-4498-8901-411DF80EC74B}.Debug|iPhone.ActiveCfg = Debug|x86
		{428B6784-5958-4498-8901-411DF80EC74B}.Debug|iPhoneSimulator.ActiveCfg = Debug|x86
		{428B6784-5958-4498-8901-411DF80EC74B}.Debug|Mixed Platforms.ActiveCfg = Debug|x86
		{428B6784-5958-4498-8901-411DF80EC74B}.Debug|Mixed Platforms.Build.0 = Debug|x86
		{428B6784-5958-4498-8901-411DF80EC74B}.Debug|Mixed Platforms.Deploy.0 = Debug|x86
		{428B6784-5958-4498-8901-411DF80EC74B}.Debug|x64.ActiveCfg = Debug|x64
		{428B6784-5958-4498-8901-411DF80EC74B}.Debug|x64.Build.0 = Debug|x64
		{428B6784-5958-4498-8901-411DF80EC74B}.Debug|x64.Deploy.0 = Debug|x64
		{428B6784-5958-4498-8901-411DF80EC74B}.Debug|x86.ActiveCfg = Debug|x86
		{428B6784-5958-4498-8901-411DF80EC74B}.Debug|x86.Build.0 = Debug|x86
		{428B6784-5958-4498-8901-411DF80EC74B}.Debug|x86.Deploy.0 = Debug|x86
		{428B6784-5958-4498-8901-411DF80EC74B}.Release|Any CPU.ActiveCfg = Release|x86
		{428B6784-5958-4498-8901-411DF80EC74B}.Release|ARM.ActiveCfg = Release|ARM
		{428B6784-5958-4498-8901-411DF80EC74B}.Release|ARM.Build.0 = Release|ARM
		{428B6784-5958-4498-8901-411DF80EC74B}.Release|ARM.Deploy.0 = Release|ARM
		{428B6784-5958-4498-8901-411DF80EC74B}.Release|iPhone.ActiveCfg = Release|x86
		{428B6784-5958-4498-8901-411DF80EC74B}.Release|iPhoneSimulator.ActiveCfg = Release|x86
		{428B6784-5958-4498-8901-411DF80EC74B}.Release|Mixed Platforms.ActiveCfg = Release|x86
		{428B6784-5958-4498-8901-411DF80EC74B}.Release|Mixed Platforms.Build.0 = Release|x86
		{428B6784-5958-4498-8901-411DF80EC74B}.Release|Mixed Platforms.Deploy.0 = Release|x86
		{428B6784-5958-4498-8901-411DF80EC74B}.Release|x64.ActiveCfg = Release|x64
		{428B6784-5958-4498-8901-411DF80EC74B}.Release|x64.Build.0 = Release|x64
		{428B6784-5958-4498-8901-411DF80EC74B}.Release|x64.Deploy.0 = Release|x64
		{428B6784-5958-4498-8901-411DF80EC74B}.Release|x86.ActiveCfg = Release|x86
		{428B6784-5958-4498-8901-411DF80EC74B}.Release|x86.Build.0 = Release|x86
		{428B6784-5958-4498-8901-411DF80EC74B}.Release|x86.Deploy.0 = Release|x86
		{EC0A37C7-E7C4-4958-9BE9-9812E84BA187}.Ad-Hoc|Any CPU.ActiveCfg = Release|Any CPU
		{EC0A37C7-E7C4-4958-9BE9-9812E84BA187}.Ad-Hoc|Any CPU.Build.0 = Release|Any CPU
		{EC0A37C7-E7C4-4958-9BE9-9812E84BA187}.Ad-Hoc|Any CPU.Deploy.0 = Release|Any CPU
		{EC0A37C7-E7C4-4958-9BE9-9812E84BA187}.Ad-Hoc|ARM.ActiveCfg = Release|Any CPU
		{EC0A37C7-E7C4-4958-9BE9-9812E84BA187}.Ad-Hoc|ARM.Build.0 = Release|Any CPU
		{EC0A37C7-E7C4-4958-9BE9-9812E84BA187}.Ad-Hoc|ARM.Deploy.0 = Release|Any CPU
		{EC0A37C7-E7C4-4958-9BE9-9812E84BA187}.Ad-Hoc|iPhone.ActiveCfg = Release|Any CPU
		{EC0A37C7-E7C4-4958-9BE9-9812E84BA187}.Ad-Hoc|iPhone.Build.0 = Release|Any CPU
		{EC0A37C7-E7C4-4958-9BE9-9812E84BA187}.Ad-Hoc|iPhone.Deploy.0 = Release|Any CPU
		{EC0A37C7-E7C4-4958-9BE9-9812E84BA187}.Ad-Hoc|iPhoneSimulator.ActiveCfg = Release|Any CPU
		{EC0A37C7-E7C4-4958-9BE9-9812E84BA187}.Ad-Hoc|iPhoneSimulator.Build.0 = Release|Any CPU
		{EC0A37C7-E7C4-4958-9BE9-9812E84BA187}.Ad-Hoc|iPhoneSimulator.Deploy.0 = Release|Any CPU
		{EC0A37C7-E7C4-4958-9BE9-9812E84BA187}.Ad-Hoc|Mixed Platforms.ActiveCfg = Release|Any CPU
		{EC0A37C7-E7C4-4958-9BE9-9812E84BA187}.Ad-Hoc|Mixed Platforms.Build.0 = Release|Any CPU
		{EC0A37C7-E7C4-4958-9BE9-9812E84BA187}.Ad-Hoc|Mixed Platforms.Deploy.0 = Release|Any CPU
		{EC0A37C7-E7C4-4958-9BE9-9812E84BA187}.Ad-Hoc|x64.ActiveCfg = Release|Any CPU
		{EC0A37C7-E7C4-4958-9BE9-9812E84BA187}.Ad-Hoc|x64.Build.0 = Release|Any CPU
		{EC0A37C7-E7C4-4958-9BE9-9812E84BA187}.Ad-Hoc|x64.Deploy.0 = Release|Any CPU
		{EC0A37C7-E7C4-4958-9BE9-9812E84BA187}.Ad-Hoc|x86.ActiveCfg = Release|Any CPU
		{EC0A37C7-E7C4-4958-9BE9-9812E84BA187}.Ad-Hoc|x86.Build.0 = Release|Any CPU
		{EC0A37C7-E7C4-4958-9BE9-9812E84BA187}.Ad-Hoc|x86.Deploy.0 = Release|Any CPU
		{EC0A37C7-E7C4-4958-9BE9-9812E84BA187}.AppStore|Any CPU.ActiveCfg = Release|Any CPU
		{EC0A37C7-E7C4-4958-9BE9-9812E84BA187}.AppStore|Any CPU.Build.0 = Release|Any CPU
		{EC0A37C7-E7C4-4958-9BE9-9812E84BA187}.AppStore|Any CPU.Deploy.0 = Release|Any CPU
		{EC0A37C7-E7C4-4958-9BE9-9812E84BA187}.AppStore|ARM.ActiveCfg = Release|Any CPU
		{EC0A37C7-E7C4-4958-9BE9-9812E84BA187}.AppStore|ARM.Build.0 = Release|Any CPU
		{EC0A37C7-E7C4-4958-9BE9-9812E84BA187}.AppStore|ARM.Deploy.0 = Release|Any CPU
		{EC0A37C7-E7C4-4958-9BE9-9812E84BA187}.AppStore|iPhone.ActiveCfg = Release|Any CPU
		{EC0A37C7-E7C4-4958-9BE9-9812E84BA187}.AppStore|iPhone.Build.0 = Release|Any CPU
		{EC0A37C7-E7C4-4958-9BE9-9812E84BA187}.AppStore|iPhone.Deploy.0 = Release|Any CPU
		{EC0A37C7-E7C4-4958-9BE9-9812E84BA187}.AppStore|iPhoneSimulator.ActiveCfg = Release|Any CPU
		{EC0A37C7-E7C4-4958-9BE9-9812E84BA187}.AppStore|iPhoneSimulator.Build.0 = Release|Any CPU
		{EC0A37C7-E7C4-4958-9BE9-9812E84BA187}.AppStore|iPhoneSimulator.Deploy.0 = Release|Any CPU
		{EC0A37C7-E7C4-4958-9BE9-9812E84BA187}.AppStore|Mixed Platforms.ActiveCfg = Release|Any CPU
		{EC0A37C7-E7C4-4958-9BE9-9812E84BA187}.AppStore|Mixed Platforms.Build.0 = Release|Any CPU
		{EC0A37C7-E7C4-4958-9BE9-9812E84BA187}.AppStore|Mixed Platforms.Deploy.0 = Release|Any CPU
		{EC0A37C7-E7C4-4958-9BE9-9812E84BA187}.AppStore|x64.ActiveCfg = Release|Any CPU
		{EC0A37C7-E7C4-4958-9BE9-9812E84BA187}.AppStore|x64.Build.0 = Release|Any CPU
		{EC0A37C7-E7C4-4958-9BE9-9812E84BA187}.AppStore|x64.Deploy.0 = Release|Any CPU
		{EC0A37C7-E7C4-4958-9BE9-9812E84BA187}.AppStore|x86.ActiveCfg = Release|Any CPU
		{EC0A37C7-E7C4-4958-9BE9-9812E84BA187}.AppStore|x86.Build.0 = Release|Any CPU
		{EC0A37C7-E7C4-4958-9BE9-9812E84BA187}.AppStore|x86.Deploy.0 = Release|Any CPU
		{EC0A37C7-E7C4-4958-9BE9-9812E84BA187}.Debug|Any CPU.ActiveCfg = Debug|Any CPU
		{EC0A37C7-E7C4-4958-9BE9-9812E84BA187}.Debug|Any CPU.Build.0 = Debug|Any CPU
		{EC0A37C7-E7C4-4958-9BE9-9812E84BA187}.Debug|Any CPU.Deploy.0 = Debug|Any CPU
		{EC0A37C7-E7C4-4958-9BE9-9812E84BA187}.Debug|ARM.ActiveCfg = Debug|Any CPU
		{EC0A37C7-E7C4-4958-9BE9-9812E84BA187}.Debug|ARM.Build.0 = Debug|Any CPU
		{EC0A37C7-E7C4-4958-9BE9-9812E84BA187}.Debug|ARM.Deploy.0 = Debug|Any CPU
		{EC0A37C7-E7C4-4958-9BE9-9812E84BA187}.Debug|iPhone.ActiveCfg = Debug|Any CPU
		{EC0A37C7-E7C4-4958-9BE9-9812E84BA187}.Debug|iPhone.Build.0 = Debug|Any CPU
		{EC0A37C7-E7C4-4958-9BE9-9812E84BA187}.Debug|iPhone.Deploy.0 = Debug|Any CPU
		{EC0A37C7-E7C4-4958-9BE9-9812E84BA187}.Debug|iPhoneSimulator.ActiveCfg = Debug|Any CPU
		{EC0A37C7-E7C4-4958-9BE9-9812E84BA187}.Debug|iPhoneSimulator.Build.0 = Debug|Any CPU
		{EC0A37C7-E7C4-4958-9BE9-9812E84BA187}.Debug|iPhoneSimulator.Deploy.0 = Debug|Any CPU
		{EC0A37C7-E7C4-4958-9BE9-9812E84BA187}.Debug|Mixed Platforms.ActiveCfg = Debug|Any CPU
		{EC0A37C7-E7C4-4958-9BE9-9812E84BA187}.Debug|Mixed Platforms.Build.0 = Debug|Any CPU
		{EC0A37C7-E7C4-4958-9BE9-9812E84BA187}.Debug|Mixed Platforms.Deploy.0 = Debug|Any CPU
		{EC0A37C7-E7C4-4958-9BE9-9812E84BA187}.Debug|x64.ActiveCfg = Debug|Any CPU
		{EC0A37C7-E7C4-4958-9BE9-9812E84BA187}.Debug|x64.Build.0 = Debug|Any CPU
		{EC0A37C7-E7C4-4958-9BE9-9812E84BA187}.Debug|x64.Deploy.0 = Debug|Any CPU
		{EC0A37C7-E7C4-4958-9BE9-9812E84BA187}.Debug|x86.ActiveCfg = Debug|Any CPU
		{EC0A37C7-E7C4-4958-9BE9-9812E84BA187}.Debug|x86.Build.0 = Debug|Any CPU
		{EC0A37C7-E7C4-4958-9BE9-9812E84BA187}.Debug|x86.Deploy.0 = Debug|Any CPU
		{EC0A37C7-E7C4-4958-9BE9-9812E84BA187}.Release|Any CPU.ActiveCfg = Release|Any CPU
		{EC0A37C7-E7C4-4958-9BE9-9812E84BA187}.Release|Any CPU.Build.0 = Release|Any CPU
		{EC0A37C7-E7C4-4958-9BE9-9812E84BA187}.Release|Any CPU.Deploy.0 = Release|Any CPU
		{EC0A37C7-E7C4-4958-9BE9-9812E84BA187}.Release|ARM.ActiveCfg = Release|Any CPU
		{EC0A37C7-E7C4-4958-9BE9-9812E84BA187}.Release|ARM.Build.0 = Release|Any CPU
		{EC0A37C7-E7C4-4958-9BE9-9812E84BA187}.Release|ARM.Deploy.0 = Release|Any CPU
		{EC0A37C7-E7C4-4958-9BE9-9812E84BA187}.Release|iPhone.ActiveCfg = Release|Any CPU
		{EC0A37C7-E7C4-4958-9BE9-9812E84BA187}.Release|iPhone.Build.0 = Release|Any CPU
		{EC0A37C7-E7C4-4958-9BE9-9812E84BA187}.Release|iPhone.Deploy.0 = Release|Any CPU
		{EC0A37C7-E7C4-4958-9BE9-9812E84BA187}.Release|iPhoneSimulator.ActiveCfg = Release|Any CPU
		{EC0A37C7-E7C4-4958-9BE9-9812E84BA187}.Release|iPhoneSimulator.Build.0 = Release|Any CPU
		{EC0A37C7-E7C4-4958-9BE9-9812E84BA187}.Release|iPhoneSimulator.Deploy.0 = Release|Any CPU
		{EC0A37C7-E7C4-4958-9BE9-9812E84BA187}.Release|Mixed Platforms.ActiveCfg = Release|Any CPU
		{EC0A37C7-E7C4-4958-9BE9-9812E84BA187}.Release|Mixed Platforms.Build.0 = Release|Any CPU
		{EC0A37C7-E7C4-4958-9BE9-9812E84BA187}.Release|Mixed Platforms.Deploy.0 = Release|Any CPU
		{EC0A37C7-E7C4-4958-9BE9-9812E84BA187}.Release|x64.ActiveCfg = Release|Any CPU
		{EC0A37C7-E7C4-4958-9BE9-9812E84BA187}.Release|x64.Build.0 = Release|Any CPU
		{EC0A37C7-E7C4-4958-9BE9-9812E84BA187}.Release|x64.Deploy.0 = Release|Any CPU
		{EC0A37C7-E7C4-4958-9BE9-9812E84BA187}.Release|x86.ActiveCfg = Release|Any CPU
		{EC0A37C7-E7C4-4958-9BE9-9812E84BA187}.Release|x86.Build.0 = Release|Any CPU
		{EC0A37C7-E7C4-4958-9BE9-9812E84BA187}.Release|x86.Deploy.0 = Release|Any CPU
		{8934223B-EBEF-4966-8B6F-1A4719A55217}.Ad-Hoc|Any CPU.ActiveCfg = Ad-Hoc|iPhone
		{8934223B-EBEF-4966-8B6F-1A4719A55217}.Ad-Hoc|ARM.ActiveCfg = Ad-Hoc|iPhone
		{8934223B-EBEF-4966-8B6F-1A4719A55217}.Ad-Hoc|iPhone.ActiveCfg = Ad-Hoc|iPhone
		{8934223B-EBEF-4966-8B6F-1A4719A55217}.Ad-Hoc|iPhone.Build.0 = Ad-Hoc|iPhone
		{8934223B-EBEF-4966-8B6F-1A4719A55217}.Ad-Hoc|iPhoneSimulator.ActiveCfg = Ad-Hoc|iPhoneSimulator
		{8934223B-EBEF-4966-8B6F-1A4719A55217}.Ad-Hoc|iPhoneSimulator.Build.0 = Ad-Hoc|iPhoneSimulator
		{8934223B-EBEF-4966-8B6F-1A4719A55217}.Ad-Hoc|Mixed Platforms.ActiveCfg = Ad-Hoc|iPhone
		{8934223B-EBEF-4966-8B6F-1A4719A55217}.Ad-Hoc|Mixed Platforms.Build.0 = Ad-Hoc|iPhone
		{8934223B-EBEF-4966-8B6F-1A4719A55217}.Ad-Hoc|x64.ActiveCfg = Ad-Hoc|iPhone
		{8934223B-EBEF-4966-8B6F-1A4719A55217}.Ad-Hoc|x86.ActiveCfg = Ad-Hoc|iPhone
		{8934223B-EBEF-4966-8B6F-1A4719A55217}.AppStore|Any CPU.ActiveCfg = AppStore|iPhone
		{8934223B-EBEF-4966-8B6F-1A4719A55217}.AppStore|ARM.ActiveCfg = AppStore|iPhone
		{8934223B-EBEF-4966-8B6F-1A4719A55217}.AppStore|iPhone.ActiveCfg = AppStore|iPhone
		{8934223B-EBEF-4966-8B6F-1A4719A55217}.AppStore|iPhone.Build.0 = AppStore|iPhone
		{8934223B-EBEF-4966-8B6F-1A4719A55217}.AppStore|iPhoneSimulator.ActiveCfg = AppStore|iPhoneSimulator
		{8934223B-EBEF-4966-8B6F-1A4719A55217}.AppStore|iPhoneSimulator.Build.0 = AppStore|iPhoneSimulator
		{8934223B-EBEF-4966-8B6F-1A4719A55217}.AppStore|Mixed Platforms.ActiveCfg = AppStore|iPhone
		{8934223B-EBEF-4966-8B6F-1A4719A55217}.AppStore|Mixed Platforms.Build.0 = AppStore|iPhone
		{8934223B-EBEF-4966-8B6F-1A4719A55217}.AppStore|x64.ActiveCfg = AppStore|iPhone
		{8934223B-EBEF-4966-8B6F-1A4719A55217}.AppStore|x86.ActiveCfg = AppStore|iPhone
		{8934223B-EBEF-4966-8B6F-1A4719A55217}.Debug|Any CPU.ActiveCfg = Debug|iPhone
		{8934223B-EBEF-4966-8B6F-1A4719A55217}.Debug|ARM.ActiveCfg = Debug|iPhone
		{8934223B-EBEF-4966-8B6F-1A4719A55217}.Debug|iPhone.ActiveCfg = Debug|iPhone
		{8934223B-EBEF-4966-8B6F-1A4719A55217}.Debug|iPhone.Build.0 = Debug|iPhone
		{8934223B-EBEF-4966-8B6F-1A4719A55217}.Debug|iPhoneSimulator.ActiveCfg = Debug|iPhoneSimulator
		{8934223B-EBEF-4966-8B6F-1A4719A55217}.Debug|iPhoneSimulator.Build.0 = Debug|iPhoneSimulator
		{8934223B-EBEF-4966-8B6F-1A4719A55217}.Debug|Mixed Platforms.ActiveCfg = Debug|iPhone
		{8934223B-EBEF-4966-8B6F-1A4719A55217}.Debug|Mixed Platforms.Build.0 = Debug|iPhone
		{8934223B-EBEF-4966-8B6F-1A4719A55217}.Debug|x64.ActiveCfg = Debug|iPhone
		{8934223B-EBEF-4966-8B6F-1A4719A55217}.Debug|x86.ActiveCfg = Debug|iPhone
		{8934223B-EBEF-4966-8B6F-1A4719A55217}.Release|Any CPU.ActiveCfg = Release|iPhone
		{8934223B-EBEF-4966-8B6F-1A4719A55217}.Release|ARM.ActiveCfg = Release|iPhone
		{8934223B-EBEF-4966-8B6F-1A4719A55217}.Release|iPhone.ActiveCfg = Release|iPhone
		{8934223B-EBEF-4966-8B6F-1A4719A55217}.Release|iPhone.Build.0 = Release|iPhone
		{8934223B-EBEF-4966-8B6F-1A4719A55217}.Release|iPhoneSimulator.ActiveCfg = Release|iPhoneSimulator
		{8934223B-EBEF-4966-8B6F-1A4719A55217}.Release|iPhoneSimulator.Build.0 = Release|iPhoneSimulator
		{8934223B-EBEF-4966-8B6F-1A4719A55217}.Release|Mixed Platforms.ActiveCfg = Release|iPhone
		{8934223B-EBEF-4966-8B6F-1A4719A55217}.Release|Mixed Platforms.Build.0 = Release|iPhone
		{8934223B-EBEF-4966-8B6F-1A4719A55217}.Release|x64.ActiveCfg = Release|iPhone
		{8934223B-EBEF-4966-8B6F-1A4719A55217}.Release|x86.ActiveCfg = Release|iPhone
	EndGlobalSection
	GlobalSection(SolutionProperties) = preSolution
		HideSolutionNode = FALSE
	EndGlobalSection
	GlobalSection(NestedProjects) = preSolution
		{092AEB8A-3EF2-4EAE-BFF5-29A273622AB6} = {B97A9028-24B6-49F7-8066-7175FA3346A8}
		{F925D0F9-A634-4A02-9E9E-5976E8776A8B} = {B97A9028-24B6-49F7-8066-7175FA3346A8}
		{9F3AE615-97C0-4E68-81D4-473EB2108BEE} = {B97A9028-24B6-49F7-8066-7175FA3346A8}
		{B5DE783E-F6A8-4699-856E-5BD77E3065CD} = {B97A9028-24B6-49F7-8066-7175FA3346A8}
		{B8E42A6B-3169-47C8-8D99-0C6C4C5420BF} = {B97A9028-24B6-49F7-8066-7175FA3346A8}
		{428B6784-5958-4498-8901-411DF80EC74B} = {FA02E506-EE64-4410-8B30-CA51F5BF519A}
		{EC0A37C7-E7C4-4958-9BE9-9812E84BA187} = {FA02E506-EE64-4410-8B30-CA51F5BF519A}
		{8934223B-EBEF-4966-8B6F-1A4719A55217} = {FA02E506-EE64-4410-8B30-CA51F5BF519A}
	EndGlobalSection
EndGlobal
